// !$*UTF8*$!
{
	archiveVersion = 1;
	classes = {
	};
	objectVersion = 54;
	objects = {

/* Begin PBXBuildFile section */
		B61C30C2244C2C9A00510913 /* yas_ns_utils_tests.mm in Sources */ = {isa = PBXBuildFile; fileRef = B61C30C1244C2C9A00510913 /* yas_ns_utils_tests.mm */; };
		B6270D0B22EC7AB00029810E /* yas_flow_graph_tests.mm in Sources */ = {isa = PBXBuildFile; fileRef = B6270D0A22EC7AB00029810E /* yas_flow_graph_tests.mm */; };
		B658011027FE984A009EAB96 /* yas_system_time_provider_tests.mm in Sources */ = {isa = PBXBuildFile; fileRef = B658010F27FE984A009EAB96 /* yas_system_time_provider_tests.mm */; };
		B6777F5C256A5D6900514E81 /* yas_worker_tests.mm in Sources */ = {isa = PBXBuildFile; fileRef = B6777F5B256A5D6900514E81 /* yas_worker_tests.mm */; };
		B67891672AA0788800461DC5 /* yas_unwrap_tests.mm in Sources */ = {isa = PBXBuildFile; fileRef = B67891662AA0788800461DC5 /* yas_unwrap_tests.mm */; };
		B688637C2700AA9500D8530B /* yas_task_queue_tests.mm in Sources */ = {isa = PBXBuildFile; fileRef = B688637B2700AA9500D8530B /* yas_task_queue_tests.mm */; };
		B6A63CDE2861FE0600D25E7C /* yas_json_utils_tests.mm in Sources */ = {isa = PBXBuildFile; fileRef = B6A63CDC2861FE0600D25E7C /* yas_json_utils_tests.mm */; };
		B6A63CDF2861FE0600D25E7C /* yas_json_tests.mm in Sources */ = {isa = PBXBuildFile; fileRef = B6A63CDD2861FE0600D25E7C /* yas_json_tests.mm */; };
		B6B60357283BBCFF0070457F /* yas_unowned_tests.mm in Sources */ = {isa = PBXBuildFile; fileRef = B6B60356283BBCFF0070457F /* yas_unowned_tests.mm */; };
		B6B60359283BBE3D0070457F /* objc_utils.framework in Frameworks */ = {isa = PBXBuildFile; fileRef = B6B60358283BBE3D0070457F /* objc_utils.framework */; };
		B6BBCF87227A8AAE002B6396 /* yas_file_path_tests.mm in Sources */ = {isa = PBXBuildFile; fileRef = B6BBCF86227A8AAE002B6396 /* yas_file_path_tests.mm */; };
		B6D41A61282377EF0052DF43 /* yas_assertion_tests.mm in Sources */ = {isa = PBXBuildFile; fileRef = B6D41A60282377EF0052DF43 /* yas_assertion_tests.mm */; };
		B6D4C59321E9A042004A95A8 /* yas_objc_ptr_tests.mm in Sources */ = {isa = PBXBuildFile; fileRef = B6D4C57621E9A042004A95A8 /* yas_objc_ptr_tests.mm */; };
		B6D4C59521E9A042004A95A8 /* yas_type_traits_tests.mm in Sources */ = {isa = PBXBuildFile; fileRef = B6D4C57821E9A042004A95A8 /* yas_type_traits_tests.mm */; };
		B6D4C59621E9A042004A95A8 /* yas_flagset_tests.mm in Sources */ = {isa = PBXBuildFile; fileRef = B6D4C57921E9A042004A95A8 /* yas_flagset_tests.mm */; };
		B6D4C59921E9A042004A95A8 /* yas_fast_each_tests.mm in Sources */ = {isa = PBXBuildFile; fileRef = B6D4C57C21E9A042004A95A8 /* yas_fast_each_tests.mm */; };
		B6D4C59A21E9A042004A95A8 /* yas_to_floating_point_tests.mm in Sources */ = {isa = PBXBuildFile; fileRef = B6D4C57D21E9A042004A95A8 /* yas_to_floating_point_tests.mm */; };
		B6D4C59B21E9A042004A95A8 /* yas_unless_tests.mm in Sources */ = {isa = PBXBuildFile; fileRef = B6D4C57E21E9A042004A95A8 /* yas_unless_tests.mm */; };
		B6D4C59C21E9A042004A95A8 /* yas_delaying_caller_tests.mm in Sources */ = {isa = PBXBuildFile; fileRef = B6D4C57F21E9A042004A95A8 /* yas_delaying_caller_tests.mm */; };
		B6D4C59D21E9A042004A95A8 /* yas_url_tests.mm in Sources */ = {isa = PBXBuildFile; fileRef = B6D4C58021E9A042004A95A8 /* yas_url_tests.mm */; };
		B6D4C59E21E9A042004A95A8 /* yas_to_string_tests.mm in Sources */ = {isa = PBXBuildFile; fileRef = B6D4C58121E9A042004A95A8 /* yas_to_string_tests.mm */; };
		B6D4C59F21E9A042004A95A8 /* yas_boolean_tests.mm in Sources */ = {isa = PBXBuildFile; fileRef = B6D4C58221E9A042004A95A8 /* yas_boolean_tests.mm */; };
		B6D4C5A021E9A042004A95A8 /* yas_types_tests.mm in Sources */ = {isa = PBXBuildFile; fileRef = B6D4C58321E9A042004A95A8 /* yas_types_tests.mm */; };
		B6D4C5A121E9A042004A95A8 /* yas_cf_ref_tests.mm in Sources */ = {isa = PBXBuildFile; fileRef = B6D4C58421E9A042004A95A8 /* yas_cf_ref_tests.mm */; };
		B6D4C5A221E9A042004A95A8 /* yas_objc_cast_tests.mm in Sources */ = {isa = PBXBuildFile; fileRef = B6D4C58521E9A042004A95A8 /* yas_objc_cast_tests.mm */; };
		B6D4C5A321E9A042004A95A8 /* yas_version_tests.mm in Sources */ = {isa = PBXBuildFile; fileRef = B6D4C58621E9A042004A95A8 /* yas_version_tests.mm */; };
		B6D4C5A421E9A042004A95A8 /* yas_to_integer_tests.mm in Sources */ = {isa = PBXBuildFile; fileRef = B6D4C58721E9A042004A95A8 /* yas_to_integer_tests.mm */; };
		B6D4C5A521E9A042004A95A8 /* yas_each_dictionary_tests.mm in Sources */ = {isa = PBXBuildFile; fileRef = B6D4C58821E9A042004A95A8 /* yas_each_dictionary_tests.mm */; };
		B6D4C5A621E9A042004A95A8 /* yas_each_index_tests.mm in Sources */ = {isa = PBXBuildFile; fileRef = B6D4C58921E9A042004A95A8 /* yas_each_index_tests.mm */; };
		B6D4C5A721E9A042004A95A8 /* yas_each_data_tests.mm in Sources */ = {isa = PBXBuildFile; fileRef = B6D4C58A21E9A042004A95A8 /* yas_each_data_tests.mm */; };
		B6D4C5A821E9A042004A95A8 /* yas_cf_tests.mm in Sources */ = {isa = PBXBuildFile; fileRef = B6D4C58B21E9A042004A95A8 /* yas_cf_tests.mm */; };
		B6D4C5A921E9A042004A95A8 /* yas_result_tests.mm in Sources */ = {isa = PBXBuildFile; fileRef = B6D4C58C21E9A042004A95A8 /* yas_result_tests.mm */; };
		B6D4C5AA21E9A042004A95A8 /* yas_stl_utils_tests.mm in Sources */ = {isa = PBXBuildFile; fileRef = B6D4C58D21E9A042004A95A8 /* yas_stl_utils_tests.mm */; };
		B6D4C5AB21E9A042004A95A8 /* yas_timer_tests.mm in Sources */ = {isa = PBXBuildFile; fileRef = B6D4C58E21E9A042004A95A8 /* yas_timer_tests.mm */; };
		B6D4C5AC21E9A042004A95A8 /* yas_to_enum_tests.mm in Sources */ = {isa = PBXBuildFile; fileRef = B6D4C58F21E9A042004A95A8 /* yas_to_enum_tests.mm */; };
		B6D4C5AD21E9A042004A95A8 /* yas_data_tests.mm in Sources */ = {isa = PBXBuildFile; fileRef = B6D4C59021E9A042004A95A8 /* yas_data_tests.mm */; };
		B6D4C5AE21E9A042004A95A8 /* yas_system_path_utils_tests.mm in Sources */ = {isa = PBXBuildFile; fileRef = B6D4C59121E9A042004A95A8 /* yas_system_path_utils_tests.mm */; };
		B6D4C5AF21E9A042004A95A8 /* yas_flex_pointer_tests.mm in Sources */ = {isa = PBXBuildFile; fileRef = B6D4C59221E9A042004A95A8 /* yas_flex_pointer_tests.mm */; };
		B6D4C5B221E9A04B004A95A8 /* cpp_utils.framework in Frameworks */ = {isa = PBXBuildFile; fileRef = B6D4C5B121E9A04B004A95A8 /* cpp_utils.framework */; };
		B6DB92442271F51B000E61CE /* yas_file_manager_tests.mm in Sources */ = {isa = PBXBuildFile; fileRef = B6DB92432271F51B000E61CE /* yas_file_manager_tests.mm */; };
		B6EEB98427A959EB001DB7BF /* yas_identifier_tests.mm in Sources */ = {isa = PBXBuildFile; fileRef = B6EEB98327A959EB001DB7BF /* yas_identifier_tests.mm */; };
		B6F133C529BA029900E91090 /* yas_lock_tests.mm in Sources */ = {isa = PBXBuildFile; fileRef = B6F133C429BA029900E91090 /* yas_lock_tests.mm */; };
		B6F7C30F27A431F5003BA908 /* yas_index_range_tests.mm in Sources */ = {isa = PBXBuildFile; fileRef = B6F7C30E27A431F5003BA908 /* yas_index_range_tests.mm */; };
		B6FA87AB22728D3700A77872 /* yas_thread_tests.mm in Sources */ = {isa = PBXBuildFile; fileRef = B6FA87AA22728D3700A77872 /* yas_thread_tests.mm */; };
/* End PBXBuildFile section */

/* Begin PBXFileReference section */
		B61C30C1244C2C9A00510913 /* yas_ns_utils_tests.mm */ = {isa = PBXFileReference; lastKnownFileType = sourcecode.cpp.objcpp; path = yas_ns_utils_tests.mm; sourceTree = "<group>"; };
		B6270D0A22EC7AB00029810E /* yas_flow_graph_tests.mm */ = {isa = PBXFileReference; fileEncoding = 4; lastKnownFileType = sourcecode.cpp.objcpp; path = yas_flow_graph_tests.mm; sourceTree = "<group>"; };
		B658010F27FE984A009EAB96 /* yas_system_time_provider_tests.mm */ = {isa = PBXFileReference; lastKnownFileType = sourcecode.cpp.objcpp; path = yas_system_time_provider_tests.mm; sourceTree = "<group>"; };
		B6777F5B256A5D6900514E81 /* yas_worker_tests.mm */ = {isa = PBXFileReference; fileEncoding = 4; lastKnownFileType = sourcecode.cpp.objcpp; path = yas_worker_tests.mm; sourceTree = "<group>"; };
		B67891662AA0788800461DC5 /* yas_unwrap_tests.mm */ = {isa = PBXFileReference; lastKnownFileType = sourcecode.cpp.objcpp; path = yas_unwrap_tests.mm; sourceTree = "<group>"; };
		B688637B2700AA9500D8530B /* yas_task_queue_tests.mm */ = {isa = PBXFileReference; lastKnownFileType = sourcecode.cpp.objcpp; path = yas_task_queue_tests.mm; sourceTree = "<group>"; };
		B6A63CDC2861FE0600D25E7C /* yas_json_utils_tests.mm */ = {isa = PBXFileReference; fileEncoding = 4; lastKnownFileType = sourcecode.cpp.objcpp; path = yas_json_utils_tests.mm; sourceTree = "<group>"; };
		B6A63CDD2861FE0600D25E7C /* yas_json_tests.mm */ = {isa = PBXFileReference; fileEncoding = 4; lastKnownFileType = sourcecode.cpp.objcpp; path = yas_json_tests.mm; sourceTree = "<group>"; };
		B6B60356283BBCFF0070457F /* yas_unowned_tests.mm */ = {isa = PBXFileReference; lastKnownFileType = sourcecode.cpp.objcpp; path = yas_unowned_tests.mm; sourceTree = "<group>"; };
		B6B60358283BBE3D0070457F /* objc_utils.framework */ = {isa = PBXFileReference; explicitFileType = wrapper.framework; path = objc_utils.framework; sourceTree = BUILT_PRODUCTS_DIR; };
		B6BBCF86227A8AAE002B6396 /* yas_file_path_tests.mm */ = {isa = PBXFileReference; lastKnownFileType = sourcecode.cpp.objcpp; path = yas_file_path_tests.mm; sourceTree = "<group>"; };
		B6D41A60282377EF0052DF43 /* yas_assertion_tests.mm */ = {isa = PBXFileReference; lastKnownFileType = sourcecode.cpp.objcpp; path = yas_assertion_tests.mm; sourceTree = "<group>"; };
		B6D4C56C21E99FD3004A95A8 /* cpp_utils_mac_tests.xctest */ = {isa = PBXFileReference; explicitFileType = wrapper.cfbundle; includeInIndex = 0; path = cpp_utils_mac_tests.xctest; sourceTree = BUILT_PRODUCTS_DIR; };
		B6D4C57121E99FD3004A95A8 /* Info.plist */ = {isa = PBXFileReference; lastKnownFileType = text.plist.xml; path = Info.plist; sourceTree = "<group>"; };
		B6D4C57621E9A042004A95A8 /* yas_objc_ptr_tests.mm */ = {isa = PBXFileReference; fileEncoding = 4; lastKnownFileType = sourcecode.cpp.objcpp; path = yas_objc_ptr_tests.mm; sourceTree = "<group>"; };
		B6D4C57821E9A042004A95A8 /* yas_type_traits_tests.mm */ = {isa = PBXFileReference; fileEncoding = 4; lastKnownFileType = sourcecode.cpp.objcpp; path = yas_type_traits_tests.mm; sourceTree = "<group>"; };
		B6D4C57921E9A042004A95A8 /* yas_flagset_tests.mm */ = {isa = PBXFileReference; fileEncoding = 4; lastKnownFileType = sourcecode.cpp.objcpp; path = yas_flagset_tests.mm; sourceTree = "<group>"; };
		B6D4C57C21E9A042004A95A8 /* yas_fast_each_tests.mm */ = {isa = PBXFileReference; fileEncoding = 4; lastKnownFileType = sourcecode.cpp.objcpp; path = yas_fast_each_tests.mm; sourceTree = "<group>"; };
		B6D4C57D21E9A042004A95A8 /* yas_to_floating_point_tests.mm */ = {isa = PBXFileReference; fileEncoding = 4; lastKnownFileType = sourcecode.cpp.objcpp; path = yas_to_floating_point_tests.mm; sourceTree = "<group>"; };
		B6D4C57E21E9A042004A95A8 /* yas_unless_tests.mm */ = {isa = PBXFileReference; fileEncoding = 4; lastKnownFileType = sourcecode.cpp.objcpp; path = yas_unless_tests.mm; sourceTree = "<group>"; };
		B6D4C57F21E9A042004A95A8 /* yas_delaying_caller_tests.mm */ = {isa = PBXFileReference; fileEncoding = 4; lastKnownFileType = sourcecode.cpp.objcpp; path = yas_delaying_caller_tests.mm; sourceTree = "<group>"; };
		B6D4C58021E9A042004A95A8 /* yas_url_tests.mm */ = {isa = PBXFileReference; fileEncoding = 4; lastKnownFileType = sourcecode.cpp.objcpp; path = yas_url_tests.mm; sourceTree = "<group>"; };
		B6D4C58121E9A042004A95A8 /* yas_to_string_tests.mm */ = {isa = PBXFileReference; fileEncoding = 4; lastKnownFileType = sourcecode.cpp.objcpp; path = yas_to_string_tests.mm; sourceTree = "<group>"; };
		B6D4C58221E9A042004A95A8 /* yas_boolean_tests.mm */ = {isa = PBXFileReference; fileEncoding = 4; lastKnownFileType = sourcecode.cpp.objcpp; path = yas_boolean_tests.mm; sourceTree = "<group>"; };
		B6D4C58321E9A042004A95A8 /* yas_types_tests.mm */ = {isa = PBXFileReference; fileEncoding = 4; lastKnownFileType = sourcecode.cpp.objcpp; path = yas_types_tests.mm; sourceTree = "<group>"; };
		B6D4C58421E9A042004A95A8 /* yas_cf_ref_tests.mm */ = {isa = PBXFileReference; fileEncoding = 4; lastKnownFileType = sourcecode.cpp.objcpp; path = yas_cf_ref_tests.mm; sourceTree = "<group>"; };
		B6D4C58521E9A042004A95A8 /* yas_objc_cast_tests.mm */ = {isa = PBXFileReference; fileEncoding = 4; lastKnownFileType = sourcecode.cpp.objcpp; path = yas_objc_cast_tests.mm; sourceTree = "<group>"; };
		B6D4C58621E9A042004A95A8 /* yas_version_tests.mm */ = {isa = PBXFileReference; fileEncoding = 4; lastKnownFileType = sourcecode.cpp.objcpp; path = yas_version_tests.mm; sourceTree = "<group>"; };
		B6D4C58721E9A042004A95A8 /* yas_to_integer_tests.mm */ = {isa = PBXFileReference; fileEncoding = 4; lastKnownFileType = sourcecode.cpp.objcpp; path = yas_to_integer_tests.mm; sourceTree = "<group>"; };
		B6D4C58821E9A042004A95A8 /* yas_each_dictionary_tests.mm */ = {isa = PBXFileReference; fileEncoding = 4; lastKnownFileType = sourcecode.cpp.objcpp; path = yas_each_dictionary_tests.mm; sourceTree = "<group>"; };
		B6D4C58921E9A042004A95A8 /* yas_each_index_tests.mm */ = {isa = PBXFileReference; fileEncoding = 4; lastKnownFileType = sourcecode.cpp.objcpp; path = yas_each_index_tests.mm; sourceTree = "<group>"; };
		B6D4C58A21E9A042004A95A8 /* yas_each_data_tests.mm */ = {isa = PBXFileReference; fileEncoding = 4; lastKnownFileType = sourcecode.cpp.objcpp; path = yas_each_data_tests.mm; sourceTree = "<group>"; };
		B6D4C58B21E9A042004A95A8 /* yas_cf_tests.mm */ = {isa = PBXFileReference; fileEncoding = 4; lastKnownFileType = sourcecode.cpp.objcpp; path = yas_cf_tests.mm; sourceTree = "<group>"; };
		B6D4C58C21E9A042004A95A8 /* yas_result_tests.mm */ = {isa = PBXFileReference; fileEncoding = 4; lastKnownFileType = sourcecode.cpp.objcpp; path = yas_result_tests.mm; sourceTree = "<group>"; };
		B6D4C58D21E9A042004A95A8 /* yas_stl_utils_tests.mm */ = {isa = PBXFileReference; fileEncoding = 4; lastKnownFileType = sourcecode.cpp.objcpp; path = yas_stl_utils_tests.mm; sourceTree = "<group>"; };
		B6D4C58E21E9A042004A95A8 /* yas_timer_tests.mm */ = {isa = PBXFileReference; fileEncoding = 4; lastKnownFileType = sourcecode.cpp.objcpp; path = yas_timer_tests.mm; sourceTree = "<group>"; };
		B6D4C58F21E9A042004A95A8 /* yas_to_enum_tests.mm */ = {isa = PBXFileReference; fileEncoding = 4; lastKnownFileType = sourcecode.cpp.objcpp; path = yas_to_enum_tests.mm; sourceTree = "<group>"; };
		B6D4C59021E9A042004A95A8 /* yas_data_tests.mm */ = {isa = PBXFileReference; fileEncoding = 4; lastKnownFileType = sourcecode.cpp.objcpp; path = yas_data_tests.mm; sourceTree = "<group>"; };
		B6D4C59121E9A042004A95A8 /* yas_system_path_utils_tests.mm */ = {isa = PBXFileReference; fileEncoding = 4; lastKnownFileType = sourcecode.cpp.objcpp; path = yas_system_path_utils_tests.mm; sourceTree = "<group>"; };
		B6D4C59221E9A042004A95A8 /* yas_flex_pointer_tests.mm */ = {isa = PBXFileReference; fileEncoding = 4; lastKnownFileType = sourcecode.cpp.objcpp; path = yas_flex_pointer_tests.mm; sourceTree = "<group>"; };
		B6D4C5B121E9A04B004A95A8 /* cpp_utils.framework */ = {isa = PBXFileReference; explicitFileType = wrapper.framework; path = cpp_utils.framework; sourceTree = BUILT_PRODUCTS_DIR; };
		B6DB92432271F51B000E61CE /* yas_file_manager_tests.mm */ = {isa = PBXFileReference; lastKnownFileType = sourcecode.cpp.objcpp; path = yas_file_manager_tests.mm; sourceTree = "<group>"; };
		B6EEB98327A959EB001DB7BF /* yas_identifier_tests.mm */ = {isa = PBXFileReference; fileEncoding = 4; lastKnownFileType = sourcecode.cpp.objcpp; path = yas_identifier_tests.mm; sourceTree = "<group>"; };
		B6F133C429BA029900E91090 /* yas_lock_tests.mm */ = {isa = PBXFileReference; lastKnownFileType = sourcecode.cpp.objcpp; path = yas_lock_tests.mm; sourceTree = "<group>"; };
		B6F7C30E27A431F5003BA908 /* yas_index_range_tests.mm */ = {isa = PBXFileReference; lastKnownFileType = sourcecode.cpp.objcpp; path = yas_index_range_tests.mm; sourceTree = "<group>"; };
		B6FA87AA22728D3700A77872 /* yas_thread_tests.mm */ = {isa = PBXFileReference; lastKnownFileType = sourcecode.cpp.objcpp; path = yas_thread_tests.mm; sourceTree = "<group>"; };
/* End PBXFileReference section */

/* Begin PBXFrameworksBuildPhase section */
		B6D4C56921E99FD3004A95A8 /* Frameworks */ = {
			isa = PBXFrameworksBuildPhase;
			buildActionMask = 2147483647;
			files = (
				B6B60359283BBE3D0070457F /* objc_utils.framework in Frameworks */,
				B6D4C5B221E9A04B004A95A8 /* cpp_utils.framework in Frameworks */,
			);
			runOnlyForDeploymentPostprocessing = 0;
		};
/* End PBXFrameworksBuildPhase section */

/* Begin PBXGroup section */
		B6D4C56121E99FC2004A95A8 = {
			isa = PBXGroup;
			children = (
				B6D4C56E21E99FD3004A95A8 /* cpp_utils_mac_tests */,
				B6D4C56D21E99FD3004A95A8 /* Products */,
				B6D4C5B021E9A04B004A95A8 /* Frameworks */,
			);
			sourceTree = "<group>";
		};
		B6D4C56D21E99FD3004A95A8 /* Products */ = {
			isa = PBXGroup;
			children = (
				B6D4C56C21E99FD3004A95A8 /* cpp_utils_mac_tests.xctest */,
			);
			name = Products;
			sourceTree = "<group>";
		};
		B6D4C56E21E99FD3004A95A8 /* cpp_utils_mac_tests */ = {
			isa = PBXGroup;
			children = (
				B6D4C57521E9A042004A95A8 /* cpp_utils_tests */,
				B6D4C57121E99FD3004A95A8 /* Info.plist */,
			);
			path = cpp_utils_mac_tests;
			sourceTree = "<group>";
		};
		B6D4C57521E9A042004A95A8 /* cpp_utils_tests */ = {
			isa = PBXGroup;
			children = (
				B6D41A60282377EF0052DF43 /* yas_assertion_tests.mm */,
				B6D4C58221E9A042004A95A8 /* yas_boolean_tests.mm */,
				B6D4C58421E9A042004A95A8 /* yas_cf_ref_tests.mm */,
				B6D4C58B21E9A042004A95A8 /* yas_cf_tests.mm */,
				B6D4C59021E9A042004A95A8 /* yas_data_tests.mm */,
				B6D4C57F21E9A042004A95A8 /* yas_delaying_caller_tests.mm */,
				B6D4C58A21E9A042004A95A8 /* yas_each_data_tests.mm */,
				B6D4C58821E9A042004A95A8 /* yas_each_dictionary_tests.mm */,
				B6D4C58921E9A042004A95A8 /* yas_each_index_tests.mm */,
				B6D4C57C21E9A042004A95A8 /* yas_fast_each_tests.mm */,
				B6DB92432271F51B000E61CE /* yas_file_manager_tests.mm */,
				B6BBCF86227A8AAE002B6396 /* yas_file_path_tests.mm */,
				B6D4C57921E9A042004A95A8 /* yas_flagset_tests.mm */,
				B6D4C59221E9A042004A95A8 /* yas_flex_pointer_tests.mm */,
				B6270D0A22EC7AB00029810E /* yas_flow_graph_tests.mm */,
				B61C30C1244C2C9A00510913 /* yas_ns_utils_tests.mm */,
				B6D4C58521E9A042004A95A8 /* yas_objc_cast_tests.mm */,
				B6D4C57621E9A042004A95A8 /* yas_objc_ptr_tests.mm */,
				B6D4C58C21E9A042004A95A8 /* yas_result_tests.mm */,
				B6D4C58D21E9A042004A95A8 /* yas_stl_utils_tests.mm */,
				B6D4C59121E9A042004A95A8 /* yas_system_path_utils_tests.mm */,
				B688637B2700AA9500D8530B /* yas_task_queue_tests.mm */,
				B6FA87AA22728D3700A77872 /* yas_thread_tests.mm */,
				B6D4C58E21E9A042004A95A8 /* yas_timer_tests.mm */,
				B6D4C58F21E9A042004A95A8 /* yas_to_enum_tests.mm */,
				B6D4C57D21E9A042004A95A8 /* yas_to_floating_point_tests.mm */,
				B6D4C58721E9A042004A95A8 /* yas_to_integer_tests.mm */,
				B6D4C58121E9A042004A95A8 /* yas_to_string_tests.mm */,
				B6D4C57821E9A042004A95A8 /* yas_type_traits_tests.mm */,
				B6D4C58321E9A042004A95A8 /* yas_types_tests.mm */,
				B6D4C57E21E9A042004A95A8 /* yas_unless_tests.mm */,
				B6D4C58021E9A042004A95A8 /* yas_url_tests.mm */,
				B6D4C58621E9A042004A95A8 /* yas_version_tests.mm */,
				B6777F5B256A5D6900514E81 /* yas_worker_tests.mm */,
				B6F7C30E27A431F5003BA908 /* yas_index_range_tests.mm */,
				B6EEB98327A959EB001DB7BF /* yas_identifier_tests.mm */,
				B658010F27FE984A009EAB96 /* yas_system_time_provider_tests.mm */,
				B6B60356283BBCFF0070457F /* yas_unowned_tests.mm */,
				B6A63CDD2861FE0600D25E7C /* yas_json_tests.mm */,
				B6A63CDC2861FE0600D25E7C /* yas_json_utils_tests.mm */,
				B6F133C429BA029900E91090 /* yas_lock_tests.mm */,
				B67891662AA0788800461DC5 /* yas_unwrap_tests.mm */,
			);
			name = cpp_utils_tests;
			path = ../../cpp_utils_tests;
			sourceTree = "<group>";
		};
		B6D4C5B021E9A04B004A95A8 /* Frameworks */ = {
			isa = PBXGroup;
			children = (
				B6B60358283BBE3D0070457F /* objc_utils.framework */,
				B6D4C5B121E9A04B004A95A8 /* cpp_utils.framework */,
			);
			name = Frameworks;
			sourceTree = "<group>";
		};
/* End PBXGroup section */

/* Begin PBXNativeTarget section */
		B6D4C56B21E99FD3004A95A8 /* cpp_utils_mac_tests */ = {
			isa = PBXNativeTarget;
			buildConfigurationList = B6D4C57221E99FD3004A95A8 /* Build configuration list for PBXNativeTarget "cpp_utils_mac_tests" */;
			buildPhases = (
				B6D4C5B321E9A0D8004A95A8 /* ShellScript */,
				B6D4C56821E99FD3004A95A8 /* Sources */,
				B6D4C56921E99FD3004A95A8 /* Frameworks */,
				B6D4C56A21E99FD3004A95A8 /* Resources */,
			);
			buildRules = (
			);
			dependencies = (
			);
			name = cpp_utils_mac_tests;
			productName = cpp_utils_mac_tests;
			productReference = B6D4C56C21E99FD3004A95A8 /* cpp_utils_mac_tests.xctest */;
			productType = "com.apple.product-type.bundle.unit-test";
		};
/* End PBXNativeTarget section */

/* Begin PBXProject section */
		B6D4C56221E99FC2004A95A8 /* Project object */ = {
			isa = PBXProject;
			attributes = {
				LastUpgradeCheck = 1420;
				TargetAttributes = {
					B6D4C56B21E99FD3004A95A8 = {
						CreatedOnToolsVersion = 10.1;
					};
				};
			};
			buildConfigurationList = B6D4C56521E99FC2004A95A8 /* Build configuration list for PBXProject "cpp_utils_mac_tests" */;
			compatibilityVersion = "Xcode 9.3";
			developmentRegion = en;
			hasScannedForEncodings = 0;
			knownRegions = (
				en,
				Base,
			);
			mainGroup = B6D4C56121E99FC2004A95A8;
			productRefGroup = B6D4C56D21E99FD3004A95A8 /* Products */;
			projectDirPath = "";
			projectRoot = "";
			targets = (
				B6D4C56B21E99FD3004A95A8 /* cpp_utils_mac_tests */,
			);
		};
/* End PBXProject section */

/* Begin PBXResourcesBuildPhase section */
		B6D4C56A21E99FD3004A95A8 /* Resources */ = {
			isa = PBXResourcesBuildPhase;
			buildActionMask = 2147483647;
			files = (
			);
			runOnlyForDeploymentPostprocessing = 0;
		};
/* End PBXResourcesBuildPhase section */

/* Begin PBXShellScriptBuildPhase section */
		B6D4C5B321E9A0D8004A95A8 /* ShellScript */ = {
			isa = PBXShellScriptBuildPhase;
			alwaysOutOfDate = 1;
			buildActionMask = 2147483647;
			files = (
			);
			inputFileListPaths = (
			);
			inputPaths = (
			);
			outputFileListPaths = (
			);
			outputPaths = (
			);
			runOnlyForDeploymentPostprocessing = 0;
			shellPath = /bin/sh;
			shellScript = "../script/format.sh\n";
		};
/* End PBXShellScriptBuildPhase section */

/* Begin PBXSourcesBuildPhase section */
		B6D4C56821E99FD3004A95A8 /* Sources */ = {
			isa = PBXSourcesBuildPhase;
			buildActionMask = 2147483647;
			files = (
				B6D4C59D21E9A042004A95A8 /* yas_url_tests.mm in Sources */,
				B6A63CDF2861FE0600D25E7C /* yas_json_tests.mm in Sources */,
				B6A63CDE2861FE0600D25E7C /* yas_json_utils_tests.mm in Sources */,
				B6D4C5AC21E9A042004A95A8 /* yas_to_enum_tests.mm in Sources */,
				B688637C2700AA9500D8530B /* yas_task_queue_tests.mm in Sources */,
				B6D4C5A921E9A042004A95A8 /* yas_result_tests.mm in Sources */,
				B6D4C5A721E9A042004A95A8 /* yas_each_data_tests.mm in Sources */,
				B6D4C5A621E9A042004A95A8 /* yas_each_index_tests.mm in Sources */,
				B6D4C59621E9A042004A95A8 /* yas_flagset_tests.mm in Sources */,
				B6D4C59921E9A042004A95A8 /* yas_fast_each_tests.mm in Sources */,
				B6D4C5A521E9A042004A95A8 /* yas_each_dictionary_tests.mm in Sources */,
				B6D4C5AD21E9A042004A95A8 /* yas_data_tests.mm in Sources */,
				B6D4C5A221E9A042004A95A8 /* yas_objc_cast_tests.mm in Sources */,
				B6D4C5A821E9A042004A95A8 /* yas_cf_tests.mm in Sources */,
				B658011027FE984A009EAB96 /* yas_system_time_provider_tests.mm in Sources */,
				B6D4C5A321E9A042004A95A8 /* yas_version_tests.mm in Sources */,
				B6D4C59A21E9A042004A95A8 /* yas_to_floating_point_tests.mm in Sources */,
				B6D4C5AB21E9A042004A95A8 /* yas_timer_tests.mm in Sources */,
				B6B60357283BBCFF0070457F /* yas_unowned_tests.mm in Sources */,
				B6D4C5A121E9A042004A95A8 /* yas_cf_ref_tests.mm in Sources */,
				B6D4C59321E9A042004A95A8 /* yas_objc_ptr_tests.mm in Sources */,
				B6D4C5AA21E9A042004A95A8 /* yas_stl_utils_tests.mm in Sources */,
				B6DB92442271F51B000E61CE /* yas_file_manager_tests.mm in Sources */,
				B6D4C5AF21E9A042004A95A8 /* yas_flex_pointer_tests.mm in Sources */,
				B6BBCF87227A8AAE002B6396 /* yas_file_path_tests.mm in Sources */,
				B6D4C59B21E9A042004A95A8 /* yas_unless_tests.mm in Sources */,
				B6270D0B22EC7AB00029810E /* yas_flow_graph_tests.mm in Sources */,
				B6EEB98427A959EB001DB7BF /* yas_identifier_tests.mm in Sources */,
				B6D4C5A021E9A042004A95A8 /* yas_types_tests.mm in Sources */,
				B6F7C30F27A431F5003BA908 /* yas_index_range_tests.mm in Sources */,
				B67891672AA0788800461DC5 /* yas_unwrap_tests.mm in Sources */,
				B6D4C59F21E9A042004A95A8 /* yas_boolean_tests.mm in Sources */,
				B6D4C59E21E9A042004A95A8 /* yas_to_string_tests.mm in Sources */,
				B6D4C59521E9A042004A95A8 /* yas_type_traits_tests.mm in Sources */,
				B6777F5C256A5D6900514E81 /* yas_worker_tests.mm in Sources */,
				B6D4C59C21E9A042004A95A8 /* yas_delaying_caller_tests.mm in Sources */,
				B6D41A61282377EF0052DF43 /* yas_assertion_tests.mm in Sources */,
				B6F133C529BA029900E91090 /* yas_lock_tests.mm in Sources */,
				B6D4C5AE21E9A042004A95A8 /* yas_system_path_utils_tests.mm in Sources */,
				B6D4C5A421E9A042004A95A8 /* yas_to_integer_tests.mm in Sources */,
				B61C30C2244C2C9A00510913 /* yas_ns_utils_tests.mm in Sources */,
				B6FA87AB22728D3700A77872 /* yas_thread_tests.mm in Sources */,
			);
			runOnlyForDeploymentPostprocessing = 0;
		};
/* End PBXSourcesBuildPhase section */

/* Begin XCBuildConfiguration section */
		B6D4C56621E99FC2004A95A8 /* Debug */ = {
			isa = XCBuildConfiguration;
			buildSettings = {
				CLANG_CXX_LANGUAGE_STANDARD = "gnu++23";
				CLANG_WARN_BLOCK_CAPTURE_AUTORELEASING = YES;
				CLANG_WARN_BOOL_CONVERSION = YES;
				CLANG_WARN_COMMA = YES;
				CLANG_WARN_CONSTANT_CONVERSION = YES;
				CLANG_WARN_DEPRECATED_OBJC_IMPLEMENTATIONS = YES;
				CLANG_WARN_EMPTY_BODY = YES;
				CLANG_WARN_ENUM_CONVERSION = YES;
				CLANG_WARN_INFINITE_RECURSION = YES;
				CLANG_WARN_INT_CONVERSION = YES;
				CLANG_WARN_NON_LITERAL_NULL_CONVERSION = YES;
				CLANG_WARN_OBJC_IMPLICIT_RETAIN_SELF = YES;
				CLANG_WARN_OBJC_LITERAL_CONVERSION = YES;
				CLANG_WARN_QUOTED_INCLUDE_IN_FRAMEWORK_HEADER = YES;
				CLANG_WARN_RANGE_LOOP_ANALYSIS = YES;
				CLANG_WARN_STRICT_PROTOTYPES = YES;
				CLANG_WARN_SUSPICIOUS_MOVE = YES;
				CLANG_WARN_UNREACHABLE_CODE = YES;
				CLANG_WARN__DUPLICATE_METHOD_MATCH = YES;
				DEAD_CODE_STRIPPING = YES;
				ENABLE_STRICT_OBJC_MSGSEND = YES;
				ENABLE_TESTABILITY = YES;
				GCC_C_LANGUAGE_STANDARD = gnu17;
				GCC_NO_COMMON_BLOCKS = YES;
				GCC_WARN_64_TO_32_BIT_CONVERSION = YES;
				GCC_WARN_ABOUT_RETURN_TYPE = YES;
				GCC_WARN_UNDECLARED_SELECTOR = YES;
				GCC_WARN_UNINITIALIZED_AUTOS = YES;
				GCC_WARN_UNUSED_FUNCTION = YES;
				GCC_WARN_UNUSED_VARIABLE = YES;
				ONLY_ACTIVE_ARCH = YES;
			};
			name = Debug;
		};
		B6D4C56721E99FC2004A95A8 /* Release */ = {
			isa = XCBuildConfiguration;
			buildSettings = {
				CLANG_CXX_LANGUAGE_STANDARD = "gnu++23";
				CLANG_WARN_BLOCK_CAPTURE_AUTORELEASING = YES;
				CLANG_WARN_BOOL_CONVERSION = YES;
				CLANG_WARN_COMMA = YES;
				CLANG_WARN_CONSTANT_CONVERSION = YES;
				CLANG_WARN_DEPRECATED_OBJC_IMPLEMENTATIONS = YES;
				CLANG_WARN_EMPTY_BODY = YES;
				CLANG_WARN_ENUM_CONVERSION = YES;
				CLANG_WARN_INFINITE_RECURSION = YES;
				CLANG_WARN_INT_CONVERSION = YES;
				CLANG_WARN_NON_LITERAL_NULL_CONVERSION = YES;
				CLANG_WARN_OBJC_IMPLICIT_RETAIN_SELF = YES;
				CLANG_WARN_OBJC_LITERAL_CONVERSION = YES;
				CLANG_WARN_QUOTED_INCLUDE_IN_FRAMEWORK_HEADER = YES;
				CLANG_WARN_RANGE_LOOP_ANALYSIS = YES;
				CLANG_WARN_STRICT_PROTOTYPES = YES;
				CLANG_WARN_SUSPICIOUS_MOVE = YES;
				CLANG_WARN_UNREACHABLE_CODE = YES;
				CLANG_WARN__DUPLICATE_METHOD_MATCH = YES;
				DEAD_CODE_STRIPPING = YES;
				ENABLE_STRICT_OBJC_MSGSEND = YES;
				GCC_C_LANGUAGE_STANDARD = gnu17;
				GCC_NO_COMMON_BLOCKS = YES;
				GCC_WARN_64_TO_32_BIT_CONVERSION = YES;
				GCC_WARN_ABOUT_RETURN_TYPE = YES;
				GCC_WARN_UNDECLARED_SELECTOR = YES;
				GCC_WARN_UNINITIALIZED_AUTOS = YES;
				GCC_WARN_UNUSED_FUNCTION = YES;
				GCC_WARN_UNUSED_VARIABLE = YES;
			};
			name = Release;
		};
		B6D4C57321E99FD3004A95A8 /* Debug */ = {
			isa = XCBuildConfiguration;
			buildSettings = {
				ALWAYS_SEARCH_USER_PATHS = NO;
				CLANG_ANALYZER_NONNULL = YES;
				CLANG_ANALYZER_NUMBER_OBJECT_CONVERSION = YES_AGGRESSIVE;
				CLANG_CXX_LIBRARY = "libc++";
				CLANG_ENABLE_MODULES = YES;
				CLANG_ENABLE_OBJC_WEAK = YES;
				CLANG_WARN_BLOCK_CAPTURE_AUTORELEASING = YES;
				CLANG_WARN_BOOL_CONVERSION = YES;
				CLANG_WARN_COMMA = YES;
				CLANG_WARN_CONSTANT_CONVERSION = YES;
				CLANG_WARN_DEPRECATED_OBJC_IMPLEMENTATIONS = YES;
				CLANG_WARN_DIRECT_OBJC_ISA_USAGE = YES_ERROR;
				CLANG_WARN_DOCUMENTATION_COMMENTS = YES;
				CLANG_WARN_EMPTY_BODY = YES;
				CLANG_WARN_ENUM_CONVERSION = YES;
				CLANG_WARN_INFINITE_RECURSION = YES;
				CLANG_WARN_INT_CONVERSION = YES;
				CLANG_WARN_NON_LITERAL_NULL_CONVERSION = YES;
				CLANG_WARN_OBJC_IMPLICIT_RETAIN_SELF = YES;
				CLANG_WARN_OBJC_LITERAL_CONVERSION = YES;
				CLANG_WARN_OBJC_ROOT_CLASS = YES_ERROR;
				CLANG_WARN_RANGE_LOOP_ANALYSIS = YES;
				CLANG_WARN_STRICT_PROTOTYPES = YES;
				CLANG_WARN_SUSPICIOUS_MOVE = YES;
				CLANG_WARN_UNGUARDED_AVAILABILITY = YES_AGGRESSIVE;
				CLANG_WARN_UNREACHABLE_CODE = YES;
				CLANG_WARN__DUPLICATE_METHOD_MATCH = YES;
				CODE_SIGN_IDENTITY = "-";
				CODE_SIGN_STYLE = Manual;
				COMBINE_HIDPI_IMAGES = YES;
				COPY_PHASE_STRIP = NO;
				DEAD_CODE_STRIPPING = YES;
				DEBUG_INFORMATION_FORMAT = dwarf;
				DEVELOPMENT_TEAM = "";
				ENABLE_STRICT_OBJC_MSGSEND = YES;
				ENABLE_TESTABILITY = YES;
				GCC_DYNAMIC_NO_PIC = NO;
				GCC_NO_COMMON_BLOCKS = YES;
				GCC_OPTIMIZATION_LEVEL = 0;
				GCC_PREPROCESSOR_DEFINITIONS = (
					"DEBUG=1",
					"$(inherited)",
				);
				GCC_WARN_64_TO_32_BIT_CONVERSION = YES;
				GCC_WARN_ABOUT_RETURN_TYPE = YES_ERROR;
				GCC_WARN_UNDECLARED_SELECTOR = YES;
				GCC_WARN_UNINITIALIZED_AUTOS = YES_AGGRESSIVE;
				GCC_WARN_UNUSED_FUNCTION = YES;
				GCC_WARN_UNUSED_VARIABLE = YES;
				INFOPLIST_FILE = cpp_utils_mac_tests/Info.plist;
				LD_RUNPATH_SEARCH_PATHS = (
					"$(inherited)",
					"@executable_path/../Frameworks",
					"@loader_path/../Frameworks",
				);
				MACOSX_DEPLOYMENT_TARGET = 13.5;
				MTL_ENABLE_DEBUG_INFO = INCLUDE_SOURCE;
				MTL_FAST_MATH = YES;
				ONLY_ACTIVE_ARCH = YES;
				PRODUCT_BUNDLE_IDENTIFIER = "jp.objective-audio.cpp-utils-mac-tests";
				PRODUCT_NAME = "$(TARGET_NAME)";
				PROVISIONING_PROFILE_SPECIFIER = "";
				SDKROOT = macosx;
			};
			name = Debug;
		};
		B6D4C57421E99FD3004A95A8 /* Release */ = {
			isa = XCBuildConfiguration;
			buildSettings = {
				ALWAYS_SEARCH_USER_PATHS = NO;
				CLANG_ANALYZER_NONNULL = YES;
				CLANG_ANALYZER_NUMBER_OBJECT_CONVERSION = YES_AGGRESSIVE;
				CLANG_CXX_LIBRARY = "libc++";
				CLANG_ENABLE_MODULES = YES;
				CLANG_ENABLE_OBJC_WEAK = YES;
				CLANG_WARN_BLOCK_CAPTURE_AUTORELEASING = YES;
				CLANG_WARN_BOOL_CONVERSION = YES;
				CLANG_WARN_COMMA = YES;
				CLANG_WARN_CONSTANT_CONVERSION = YES;
				CLANG_WARN_DEPRECATED_OBJC_IMPLEMENTATIONS = YES;
				CLANG_WARN_DIRECT_OBJC_ISA_USAGE = YES_ERROR;
				CLANG_WARN_DOCUMENTATION_COMMENTS = YES;
				CLANG_WARN_EMPTY_BODY = YES;
				CLANG_WARN_ENUM_CONVERSION = YES;
				CLANG_WARN_INFINITE_RECURSION = YES;
				CLANG_WARN_INT_CONVERSION = YES;
				CLANG_WARN_NON_LITERAL_NULL_CONVERSION = YES;
				CLANG_WARN_OBJC_IMPLICIT_RETAIN_SELF = YES;
				CLANG_WARN_OBJC_LITERAL_CONVERSION = YES;
				CLANG_WARN_OBJC_ROOT_CLASS = YES_ERROR;
				CLANG_WARN_RANGE_LOOP_ANALYSIS = YES;
				CLANG_WARN_STRICT_PROTOTYPES = YES;
				CLANG_WARN_SUSPICIOUS_MOVE = YES;
				CLANG_WARN_UNGUARDED_AVAILABILITY = YES_AGGRESSIVE;
				CLANG_WARN_UNREACHABLE_CODE = YES;
				CLANG_WARN__DUPLICATE_METHOD_MATCH = YES;
				CODE_SIGN_IDENTITY = "-";
				CODE_SIGN_STYLE = Manual;
				COMBINE_HIDPI_IMAGES = YES;
				COPY_PHASE_STRIP = NO;
				DEAD_CODE_STRIPPING = YES;
				DEBUG_INFORMATION_FORMAT = "dwarf-with-dsym";
				DEVELOPMENT_TEAM = "";
				ENABLE_NS_ASSERTIONS = NO;
				ENABLE_STRICT_OBJC_MSGSEND = YES;
				GCC_NO_COMMON_BLOCKS = YES;
				GCC_WARN_64_TO_32_BIT_CONVERSION = YES;
				GCC_WARN_ABOUT_RETURN_TYPE = YES_ERROR;
				GCC_WARN_UNDECLARED_SELECTOR = YES;
				GCC_WARN_UNINITIALIZED_AUTOS = YES_AGGRESSIVE;
				GCC_WARN_UNUSED_FUNCTION = YES;
				GCC_WARN_UNUSED_VARIABLE = YES;
				INFOPLIST_FILE = cpp_utils_mac_tests/Info.plist;
				LD_RUNPATH_SEARCH_PATHS = (
					"$(inherited)",
					"@executable_path/../Frameworks",
					"@loader_path/../Frameworks",
				);
				MACOSX_DEPLOYMENT_TARGET = 13.5;
				MTL_ENABLE_DEBUG_INFO = NO;
				MTL_FAST_MATH = YES;
				PRODUCT_BUNDLE_IDENTIFIER = "jp.objective-audio.cpp-utils-mac-tests";
				PRODUCT_NAME = "$(TARGET_NAME)";
				PROVISIONING_PROFILE_SPECIFIER = "";
				SDKROOT = macosx;
			};
			name = Release;
		};
/* End XCBuildConfiguration section */

/* Begin XCConfigurationList section */
		B6D4C56521E99FC2004A95A8 /* Build configuration list for PBXProject "cpp_utils_mac_tests" */ = {
			isa = XCConfigurationList;
			buildConfigurations = (
				B6D4C56621E99FC2004A95A8 /* Debug */,
				B6D4C56721E99FC2004A95A8 /* Release */,
			);
			defaultConfigurationIsVisible = 0;
			defaultConfigurationName = Release;
		};
		B6D4C57221E99FD3004A95A8 /* Build configuration list for PBXNativeTarget "cpp_utils_mac_tests" */ = {
			isa = XCConfigurationList;
			buildConfigurations = (
				B6D4C57321E99FD3004A95A8 /* Debug */,
				B6D4C57421E99FD3004A95A8 /* Release */,
			);
			defaultConfigurationIsVisible = 0;
			defaultConfigurationName = Release;
		};
/* End XCConfigurationList section */
	};
	rootObject = B6D4C56221E99FC2004A95A8 /* Project object */;
}
