// !$*UTF8*$!
{
	archiveVersion = 1;
	classes = {
	};
	objectVersion = 50;
	objects = {

/* Begin PBXBuildFile section */
		B6359CF721DB71E400481348 /* cpp_utils.h in Headers */ = {isa = PBXBuildFile; fileRef = B6359CF521DB71E400481348 /* cpp_utils.h */; settings = {ATTRIBUTES = (Public, ); }; };
		B6359D4A21DB727A00481348 /* yas_to_string.h in Headers */ = {isa = PBXBuildFile; fileRef = B6359D0A21DB727900481348 /* yas_to_string.h */; settings = {ATTRIBUTES = (Public, ); }; };
		B6359D4B21DB727A00481348 /* yas_cf_utils_private.h in Headers */ = {isa = PBXBuildFile; fileRef = B6359D0B21DB727900481348 /* yas_cf_utils_private.h */; settings = {ATTRIBUTES = (Public, ); }; };
		B6359D4C21DB727A00481348 /* yas_unless.h in Headers */ = {isa = PBXBuildFile; fileRef = B6359D0C21DB727900481348 /* yas_unless.h */; settings = {ATTRIBUTES = (Public, ); }; };
		B6359D4D21DB727A00481348 /* yas_timer.mm in Sources */ = {isa = PBXBuildFile; fileRef = B6359D0D21DB727900481348 /* yas_timer.mm */; };
		B6359D4E21DB727A00481348 /* yas_flex_ptr.h in Headers */ = {isa = PBXBuildFile; fileRef = B6359D0E21DB727900481348 /* yas_flex_ptr.h */; settings = {ATTRIBUTES = (Public, ); }; };
		B6359D4F21DB727A00481348 /* yas_to_bool.h in Headers */ = {isa = PBXBuildFile; fileRef = B6359D0F21DB727900481348 /* yas_to_bool.h */; settings = {ATTRIBUTES = (Public, ); }; };
		B6359D5021DB727A00481348 /* yas_delaying_caller.cpp in Sources */ = {isa = PBXBuildFile; fileRef = B6359D1021DB727900481348 /* yas_delaying_caller.cpp */; };
		B6359D5121DB727A00481348 /* yas_data.h in Headers */ = {isa = PBXBuildFile; fileRef = B6359D1121DB727900481348 /* yas_data.h */; settings = {ATTRIBUTES = (Public, ); }; };
		B6359D5221DB727A00481348 /* yas_url.h in Headers */ = {isa = PBXBuildFile; fileRef = B6359D1221DB727900481348 /* yas_url.h */; settings = {ATTRIBUTES = (Public, ); }; };
		B6359D5321DB727A00481348 /* yas_cf_ref_private.h in Headers */ = {isa = PBXBuildFile; fileRef = B6359D1321DB727900481348 /* yas_cf_ref_private.h */; settings = {ATTRIBUTES = (Public, ); }; };
		B6359D5421DB727A00481348 /* yas_objc_cast.h in Headers */ = {isa = PBXBuildFile; fileRef = B6359D1421DB727900481348 /* yas_objc_cast.h */; settings = {ATTRIBUTES = (Public, ); }; };
		B6359D5521DB727A00481348 /* yas_boolean.h in Headers */ = {isa = PBXBuildFile; fileRef = B6359D1521DB727900481348 /* yas_boolean.h */; settings = {ATTRIBUTES = (Public, ); }; };
		B6359D5621DB727A00481348 /* yas_flagset_private.h in Headers */ = {isa = PBXBuildFile; fileRef = B6359D1621DB727900481348 /* yas_flagset_private.h */; settings = {ATTRIBUTES = (Public, ); }; };
		B6359D5721DB727A00481348 /* yas_task_protocol.h in Headers */ = {isa = PBXBuildFile; fileRef = B6359D1721DB727900481348 /* yas_task_protocol.h */; settings = {ATTRIBUTES = (Public, ); }; };
		B6359D5821DB727A00481348 /* yas_each_dictionary.h in Headers */ = {isa = PBXBuildFile; fileRef = B6359D1821DB727900481348 /* yas_each_dictionary.h */; settings = {ATTRIBUTES = (Public, ); }; };
		B6359D5921DB727A00481348 /* yas_type_traits.h in Headers */ = {isa = PBXBuildFile; fileRef = B6359D1921DB727900481348 /* yas_type_traits.h */; settings = {ATTRIBUTES = (Public, ); }; };
		B6359D5A21DB727A00481348 /* yas_each_index.h in Headers */ = {isa = PBXBuildFile; fileRef = B6359D1A21DB727900481348 /* yas_each_index.h */; settings = {ATTRIBUTES = (Public, ); }; };
		B6359D5B21DB727A00481348 /* yas_url.mm in Sources */ = {isa = PBXBuildFile; fileRef = B6359D1B21DB727900481348 /* yas_url.mm */; };
		B6359D5C21DB727A00481348 /* yas_cf_ref.h in Headers */ = {isa = PBXBuildFile; fileRef = B6359D1C21DB727900481348 /* yas_cf_ref.h */; settings = {ATTRIBUTES = (Public, ); }; };
		B6359D5D21DB727A00481348 /* yas_data_private.h in Headers */ = {isa = PBXBuildFile; fileRef = B6359D1D21DB727900481348 /* yas_data_private.h */; settings = {ATTRIBUTES = (Public, ); }; };
		B6359D5E21DB727A00481348 /* yas_result_private.h in Headers */ = {isa = PBXBuildFile; fileRef = B6359D1E21DB727900481348 /* yas_result_private.h */; settings = {ATTRIBUTES = (Public, ); }; };
		B6359D5F21DB727A00481348 /* yas_version.cpp in Sources */ = {isa = PBXBuildFile; fileRef = B6359D1F21DB727900481348 /* yas_version.cpp */; };
		B6359D6021DB727A00481348 /* yas_protocol.h in Headers */ = {isa = PBXBuildFile; fileRef = B6359D2021DB727900481348 /* yas_protocol.h */; settings = {ATTRIBUTES = (Public, ); }; };
		B6359D6121DB727A00481348 /* yas_file_manager.h in Headers */ = {isa = PBXBuildFile; fileRef = B6359D2121DB727900481348 /* yas_file_manager.h */; settings = {ATTRIBUTES = (Public, ); }; };
		B6359D6221DB727A00481348 /* yas_flagset.h in Headers */ = {isa = PBXBuildFile; fileRef = B6359D2221DB727900481348 /* yas_flagset.h */; settings = {ATTRIBUTES = (Public, ); }; };
		B6359D6321DB727A00481348 /* yas_timer.h in Headers */ = {isa = PBXBuildFile; fileRef = B6359D2321DB727900481348 /* yas_timer.h */; settings = {ATTRIBUTES = (Public, ); }; };
		B6359D6421DB727A00481348 /* yas_fast_each.h in Headers */ = {isa = PBXBuildFile; fileRef = B6359D2421DB727900481348 /* yas_fast_each.h */; settings = {ATTRIBUTES = (Public, ); }; };
		B6359D6521DB727A00481348 /* yas_objc_ptr.h in Headers */ = {isa = PBXBuildFile; fileRef = B6359D2521DB727900481348 /* yas_objc_ptr.h */; settings = {ATTRIBUTES = (Public, ); }; };
		B6359D6621DB727A00481348 /* yas_flex_ptr.cpp in Sources */ = {isa = PBXBuildFile; fileRef = B6359D2621DB727900481348 /* yas_flex_ptr.cpp */; };
		B6359D6721DB727A00481348 /* yas_result.h in Headers */ = {isa = PBXBuildFile; fileRef = B6359D2721DB727900481348 /* yas_result.h */; settings = {ATTRIBUTES = (Public, ); }; };
		B6359D6821DB727A00481348 /* yas_version.h in Headers */ = {isa = PBXBuildFile; fileRef = B6359D2821DB727900481348 /* yas_version.h */; settings = {ATTRIBUTES = (Public, ); }; };
		B6359D6921DB727A00481348 /* yas_data.cpp in Sources */ = {isa = PBXBuildFile; fileRef = B6359D2921DB727900481348 /* yas_data.cpp */; };
		B6359D6A21DB727A00481348 /* yas_task.cpp in Sources */ = {isa = PBXBuildFile; fileRef = B6359D2A21DB727900481348 /* yas_task.cpp */; };
		B6359D6B21DB727A00481348 /* yas_base.h in Headers */ = {isa = PBXBuildFile; fileRef = B6359D2B21DB727900481348 /* yas_base.h */; settings = {ATTRIBUTES = (Public, ); }; };
		B6359D6C21DB727A00481348 /* yas_base_private.h in Headers */ = {isa = PBXBuildFile; fileRef = B6359D2C21DB727900481348 /* yas_base_private.h */; settings = {ATTRIBUTES = (Public, ); }; };
		B6359D6D21DB727A00481348 /* yas_flow_graph_private.h in Headers */ = {isa = PBXBuildFile; fileRef = B6359D2D21DB727900481348 /* yas_flow_graph_private.h */; settings = {ATTRIBUTES = (Public, ); }; };
		B6359D6E21DB727A00481348 /* yas_base.cpp in Sources */ = {isa = PBXBuildFile; fileRef = B6359D2E21DB727900481348 /* yas_base.cpp */; };
		B6359D6F21DB727A00481348 /* yas_to_floating_point.h in Headers */ = {isa = PBXBuildFile; fileRef = B6359D2F21DB727900481348 /* yas_to_floating_point.h */; settings = {ATTRIBUTES = (Public, ); }; };
		B6359D7021DB727A00481348 /* yas_exception.cpp in Sources */ = {isa = PBXBuildFile; fileRef = B6359D3021DB727900481348 /* yas_exception.cpp */; };
		B6359D7121DB727A00481348 /* yas_protocol.cpp in Sources */ = {isa = PBXBuildFile; fileRef = B6359D3121DB727900481348 /* yas_protocol.cpp */; };
		B6359D7221DB727A00481348 /* yas_protocol_private.h in Headers */ = {isa = PBXBuildFile; fileRef = B6359D3221DB727900481348 /* yas_protocol_private.h */; settings = {ATTRIBUTES = (Public, ); }; };
		B6359D7321DB727A00481348 /* yas_each_data_private.h in Headers */ = {isa = PBXBuildFile; fileRef = B6359D3321DB727900481348 /* yas_each_data_private.h */; settings = {ATTRIBUTES = (Public, ); }; };
		B6359D7421DB727A00481348 /* yas_fast_each_private.h in Headers */ = {isa = PBXBuildFile; fileRef = B6359D3421DB727900481348 /* yas_fast_each_private.h */; settings = {ATTRIBUTES = (Public, ); }; };
		B6359D7521DB727A00481348 /* yas_delaying_caller.h in Headers */ = {isa = PBXBuildFile; fileRef = B6359D3521DB727900481348 /* yas_delaying_caller.h */; settings = {ATTRIBUTES = (Public, ); }; };
		B6359D7621DB727A00481348 /* yas_stl_utils.h in Headers */ = {isa = PBXBuildFile; fileRef = B6359D3621DB727900481348 /* yas_stl_utils.h */; settings = {ATTRIBUTES = (Public, ); }; };
		B6359D7721DB727A00481348 /* yas_cf_utils.h in Headers */ = {isa = PBXBuildFile; fileRef = B6359D3721DB727900481348 /* yas_cf_utils.h */; settings = {ATTRIBUTES = (Public, ); }; };
		B6359D7821DB727A00481348 /* yas_each_data.h in Headers */ = {isa = PBXBuildFile; fileRef = B6359D3821DB727900481348 /* yas_each_data.h */; settings = {ATTRIBUTES = (Public, ); }; };
		B6359D7921DB727A00481348 /* yas_types.h in Headers */ = {isa = PBXBuildFile; fileRef = B6359D3921DB727900481348 /* yas_types.h */; settings = {ATTRIBUTES = (Public, ); }; };
		B6359D7A21DB727A00481348 /* yas_stl_utils_private.h in Headers */ = {isa = PBXBuildFile; fileRef = B6359D3A21DB727900481348 /* yas_stl_utils_private.h */; settings = {ATTRIBUTES = (Public, ); }; };
		B6359D7B21DB727A00481348 /* yas_each_index_private.h in Headers */ = {isa = PBXBuildFile; fileRef = B6359D3B21DB727900481348 /* yas_each_index_private.h */; settings = {ATTRIBUTES = (Public, ); }; };
		B6359D7C21DB727A00481348 /* yas_each_dictionary.cpp in Sources */ = {isa = PBXBuildFile; fileRef = B6359D3C21DB727900481348 /* yas_each_dictionary.cpp */; };
		B6359D7D21DB727A00481348 /* yas_stl_utils.cpp in Sources */ = {isa = PBXBuildFile; fileRef = B6359D3D21DB727900481348 /* yas_stl_utils.cpp */; };
		B6359D7E21DB727A00481348 /* yas_cf_utils.mm in Sources */ = {isa = PBXBuildFile; fileRef = B6359D3E21DB727900481348 /* yas_cf_utils.mm */; };
		B6359D7F21DB727A00481348 /* yas_cf_ref.cpp in Sources */ = {isa = PBXBuildFile; fileRef = B6359D3F21DB727900481348 /* yas_cf_ref.cpp */; };
		B6359D8021DB727A00481348 /* yas_objc_ptr_private.h in Headers */ = {isa = PBXBuildFile; fileRef = B6359D4021DB727900481348 /* yas_objc_ptr_private.h */; settings = {ATTRIBUTES = (Public, ); }; };
		B6359D8121DB727A00481348 /* yas_objc_ptr.mm in Sources */ = {isa = PBXBuildFile; fileRef = B6359D4121DB727900481348 /* yas_objc_ptr.mm */; };
		B6359D8221DB727A00481348 /* yas_exception.h in Headers */ = {isa = PBXBuildFile; fileRef = B6359D4221DB727900481348 /* yas_exception.h */; settings = {ATTRIBUTES = (Public, ); }; };
		B6359D8321DB727A00481348 /* yas_to_integer.h in Headers */ = {isa = PBXBuildFile; fileRef = B6359D4321DB727900481348 /* yas_to_integer.h */; settings = {ATTRIBUTES = (Public, ); }; };
		B6359D8421DB727A00481348 /* yas_boolean.cpp in Sources */ = {isa = PBXBuildFile; fileRef = B6359D4421DB727900481348 /* yas_boolean.cpp */; };
		B6359D8521DB727A00481348 /* yas_flow_graph.h in Headers */ = {isa = PBXBuildFile; fileRef = B6359D4521DB727900481348 /* yas_flow_graph.h */; settings = {ATTRIBUTES = (Public, ); }; };
		B6359D8621DB727A00481348 /* yas_file_manager.mm in Sources */ = {isa = PBXBuildFile; fileRef = B6359D4621DB727900481348 /* yas_file_manager.mm */; };
		B6359D8721DB727A00481348 /* yas_system_path_utils.mm in Sources */ = {isa = PBXBuildFile; fileRef = B6359D4721DB727900481348 /* yas_system_path_utils.mm */; };
		B6359D8821DB727A00481348 /* yas_task.h in Headers */ = {isa = PBXBuildFile; fileRef = B6359D4821DB727900481348 /* yas_task.h */; settings = {ATTRIBUTES = (Public, ); }; };
		B6359D8921DB727A00481348 /* yas_system_path_utils.h in Headers */ = {isa = PBXBuildFile; fileRef = B6359D4921DB727900481348 /* yas_system_path_utils.h */; settings = {ATTRIBUTES = (Public, ); }; };
		B6359E0D21DB729E00481348 /* objc_utils.framework in Frameworks */ = {isa = PBXBuildFile; fileRef = B6359E0C21DB729E00481348 /* objc_utils.framework */; };
		B6359E2321DB784F00481348 /* Accelerate.framework in Frameworks */ = {isa = PBXBuildFile; fileRef = B6359E0E21DB733200481348 /* Accelerate.framework */; };
		B6A28C0322D2212400086ECF /* yas_weakable.h in Headers */ = {isa = PBXBuildFile; fileRef = B6A28C0122D2212400086ECF /* yas_weakable.h */; settings = {ATTRIBUTES = (Public, ); }; };
		B6B33BDC227F1DFA004F87CD /* yas_cpp_utils_umbrella.h in Headers */ = {isa = PBXBuildFile; fileRef = B625259D21DCF48800EE2ECA /* yas_cpp_utils_umbrella.h */; settings = {ATTRIBUTES = (Public, ); }; };
		B6B33BDE227F277D004F87CD /* yas_to_integer.cpp in Sources */ = {isa = PBXBuildFile; fileRef = B6B33BDD227F277D004F87CD /* yas_to_integer.cpp */; };
		B6B33BE0227F28DA004F87CD /* yas_flow_graph.cpp in Sources */ = {isa = PBXBuildFile; fileRef = B6B33BDF227F28DA004F87CD /* yas_flow_graph.cpp */; };
		B6BBCF84227A7FD5002B6396 /* yas_file_path.cpp in Sources */ = {isa = PBXBuildFile; fileRef = B6BBCF82227A7FD5002B6396 /* yas_file_path.cpp */; };
		B6BBCF85227A7FD5002B6396 /* yas_file_path.h in Headers */ = {isa = PBXBuildFile; fileRef = B6BBCF83227A7FD5002B6396 /* yas_file_path.h */; settings = {ATTRIBUTES = (Public, ); }; };
		B6FA87A822728C0A00A77872 /* yas_thread.mm in Sources */ = {isa = PBXBuildFile; fileRef = B6FA87A622728C0A00A77872 /* yas_thread.mm */; };
		B6FA87A922728C0A00A77872 /* yas_thread.h in Headers */ = {isa = PBXBuildFile; fileRef = B6FA87A722728C0A00A77872 /* yas_thread.h */; settings = {ATTRIBUTES = (Public, ); }; };
/* End PBXBuildFile section */

/* Begin PBXFileReference section */
		B625259D21DCF48800EE2ECA /* yas_cpp_utils_umbrella.h */ = {isa = PBXFileReference; lastKnownFileType = sourcecode.c.h; path = yas_cpp_utils_umbrella.h; sourceTree = "<group>"; };
		B6359CF221DB71E400481348 /* cpp_utils.framework */ = {isa = PBXFileReference; explicitFileType = wrapper.framework; includeInIndex = 0; path = cpp_utils.framework; sourceTree = BUILT_PRODUCTS_DIR; };
		B6359CF521DB71E400481348 /* cpp_utils.h */ = {isa = PBXFileReference; lastKnownFileType = sourcecode.c.h; path = cpp_utils.h; sourceTree = "<group>"; };
		B6359CF621DB71E400481348 /* Info.plist */ = {isa = PBXFileReference; lastKnownFileType = text.plist.xml; path = Info.plist; sourceTree = "<group>"; };
		B6359D0A21DB727900481348 /* yas_to_string.h */ = {isa = PBXFileReference; fileEncoding = 4; lastKnownFileType = sourcecode.c.h; path = yas_to_string.h; sourceTree = "<group>"; };
		B6359D0B21DB727900481348 /* yas_cf_utils_private.h */ = {isa = PBXFileReference; fileEncoding = 4; lastKnownFileType = sourcecode.c.h; path = yas_cf_utils_private.h; sourceTree = "<group>"; };
		B6359D0C21DB727900481348 /* yas_unless.h */ = {isa = PBXFileReference; fileEncoding = 4; lastKnownFileType = sourcecode.c.h; path = yas_unless.h; sourceTree = "<group>"; };
		B6359D0D21DB727900481348 /* yas_timer.mm */ = {isa = PBXFileReference; fileEncoding = 4; lastKnownFileType = sourcecode.cpp.objcpp; path = yas_timer.mm; sourceTree = "<group>"; };
		B6359D0E21DB727900481348 /* yas_flex_ptr.h */ = {isa = PBXFileReference; fileEncoding = 4; lastKnownFileType = sourcecode.c.h; path = yas_flex_ptr.h; sourceTree = "<group>"; };
		B6359D0F21DB727900481348 /* yas_to_bool.h */ = {isa = PBXFileReference; fileEncoding = 4; lastKnownFileType = sourcecode.c.h; path = yas_to_bool.h; sourceTree = "<group>"; };
		B6359D1021DB727900481348 /* yas_delaying_caller.cpp */ = {isa = PBXFileReference; fileEncoding = 4; lastKnownFileType = sourcecode.cpp.cpp; path = yas_delaying_caller.cpp; sourceTree = "<group>"; };
		B6359D1121DB727900481348 /* yas_data.h */ = {isa = PBXFileReference; fileEncoding = 4; lastKnownFileType = sourcecode.c.h; path = yas_data.h; sourceTree = "<group>"; };
		B6359D1221DB727900481348 /* yas_url.h */ = {isa = PBXFileReference; fileEncoding = 4; lastKnownFileType = sourcecode.c.h; path = yas_url.h; sourceTree = "<group>"; };
		B6359D1321DB727900481348 /* yas_cf_ref_private.h */ = {isa = PBXFileReference; fileEncoding = 4; lastKnownFileType = sourcecode.c.h; path = yas_cf_ref_private.h; sourceTree = "<group>"; };
		B6359D1421DB727900481348 /* yas_objc_cast.h */ = {isa = PBXFileReference; fileEncoding = 4; lastKnownFileType = sourcecode.c.h; path = yas_objc_cast.h; sourceTree = "<group>"; };
		B6359D1521DB727900481348 /* yas_boolean.h */ = {isa = PBXFileReference; fileEncoding = 4; lastKnownFileType = sourcecode.c.h; path = yas_boolean.h; sourceTree = "<group>"; };
		B6359D1621DB727900481348 /* yas_flagset_private.h */ = {isa = PBXFileReference; fileEncoding = 4; lastKnownFileType = sourcecode.c.h; path = yas_flagset_private.h; sourceTree = "<group>"; };
		B6359D1721DB727900481348 /* yas_task_protocol.h */ = {isa = PBXFileReference; fileEncoding = 4; lastKnownFileType = sourcecode.c.h; path = yas_task_protocol.h; sourceTree = "<group>"; };
		B6359D1821DB727900481348 /* yas_each_dictionary.h */ = {isa = PBXFileReference; fileEncoding = 4; lastKnownFileType = sourcecode.c.h; path = yas_each_dictionary.h; sourceTree = "<group>"; };
		B6359D1921DB727900481348 /* yas_type_traits.h */ = {isa = PBXFileReference; fileEncoding = 4; lastKnownFileType = sourcecode.c.h; path = yas_type_traits.h; sourceTree = "<group>"; };
		B6359D1A21DB727900481348 /* yas_each_index.h */ = {isa = PBXFileReference; fileEncoding = 4; lastKnownFileType = sourcecode.c.h; path = yas_each_index.h; sourceTree = "<group>"; };
		B6359D1B21DB727900481348 /* yas_url.mm */ = {isa = PBXFileReference; fileEncoding = 4; lastKnownFileType = sourcecode.cpp.objcpp; path = yas_url.mm; sourceTree = "<group>"; };
		B6359D1C21DB727900481348 /* yas_cf_ref.h */ = {isa = PBXFileReference; fileEncoding = 4; lastKnownFileType = sourcecode.c.h; path = yas_cf_ref.h; sourceTree = "<group>"; };
		B6359D1D21DB727900481348 /* yas_data_private.h */ = {isa = PBXFileReference; fileEncoding = 4; lastKnownFileType = sourcecode.c.h; path = yas_data_private.h; sourceTree = "<group>"; };
		B6359D1E21DB727900481348 /* yas_result_private.h */ = {isa = PBXFileReference; fileEncoding = 4; lastKnownFileType = sourcecode.c.h; path = yas_result_private.h; sourceTree = "<group>"; };
		B6359D1F21DB727900481348 /* yas_version.cpp */ = {isa = PBXFileReference; fileEncoding = 4; lastKnownFileType = sourcecode.cpp.cpp; path = yas_version.cpp; sourceTree = "<group>"; };
		B6359D2021DB727900481348 /* yas_protocol.h */ = {isa = PBXFileReference; fileEncoding = 4; lastKnownFileType = sourcecode.c.h; path = yas_protocol.h; sourceTree = "<group>"; };
		B6359D2121DB727900481348 /* yas_file_manager.h */ = {isa = PBXFileReference; fileEncoding = 4; lastKnownFileType = sourcecode.c.h; path = yas_file_manager.h; sourceTree = "<group>"; };
		B6359D2221DB727900481348 /* yas_flagset.h */ = {isa = PBXFileReference; fileEncoding = 4; lastKnownFileType = sourcecode.c.h; path = yas_flagset.h; sourceTree = "<group>"; };
		B6359D2321DB727900481348 /* yas_timer.h */ = {isa = PBXFileReference; fileEncoding = 4; lastKnownFileType = sourcecode.c.h; path = yas_timer.h; sourceTree = "<group>"; };
		B6359D2421DB727900481348 /* yas_fast_each.h */ = {isa = PBXFileReference; fileEncoding = 4; lastKnownFileType = sourcecode.c.h; path = yas_fast_each.h; sourceTree = "<group>"; };
		B6359D2521DB727900481348 /* yas_objc_ptr.h */ = {isa = PBXFileReference; fileEncoding = 4; lastKnownFileType = sourcecode.c.h; path = yas_objc_ptr.h; sourceTree = "<group>"; };
		B6359D2621DB727900481348 /* yas_flex_ptr.cpp */ = {isa = PBXFileReference; fileEncoding = 4; lastKnownFileType = sourcecode.cpp.cpp; path = yas_flex_ptr.cpp; sourceTree = "<group>"; };
		B6359D2721DB727900481348 /* yas_result.h */ = {isa = PBXFileReference; fileEncoding = 4; lastKnownFileType = sourcecode.c.h; path = yas_result.h; sourceTree = "<group>"; };
		B6359D2821DB727900481348 /* yas_version.h */ = {isa = PBXFileReference; fileEncoding = 4; lastKnownFileType = sourcecode.c.h; path = yas_version.h; sourceTree = "<group>"; };
		B6359D2921DB727900481348 /* yas_data.cpp */ = {isa = PBXFileReference; fileEncoding = 4; lastKnownFileType = sourcecode.cpp.cpp; path = yas_data.cpp; sourceTree = "<group>"; };
		B6359D2A21DB727900481348 /* yas_task.cpp */ = {isa = PBXFileReference; fileEncoding = 4; lastKnownFileType = sourcecode.cpp.cpp; path = yas_task.cpp; sourceTree = "<group>"; };
		B6359D2B21DB727900481348 /* yas_base.h */ = {isa = PBXFileReference; fileEncoding = 4; lastKnownFileType = sourcecode.c.h; path = yas_base.h; sourceTree = "<group>"; };
		B6359D2C21DB727900481348 /* yas_base_private.h */ = {isa = PBXFileReference; fileEncoding = 4; lastKnownFileType = sourcecode.c.h; path = yas_base_private.h; sourceTree = "<group>"; };
		B6359D2D21DB727900481348 /* yas_flow_graph_private.h */ = {isa = PBXFileReference; fileEncoding = 4; lastKnownFileType = sourcecode.c.h; path = yas_flow_graph_private.h; sourceTree = "<group>"; };
		B6359D2E21DB727900481348 /* yas_base.cpp */ = {isa = PBXFileReference; fileEncoding = 4; lastKnownFileType = sourcecode.cpp.cpp; path = yas_base.cpp; sourceTree = "<group>"; };
		B6359D2F21DB727900481348 /* yas_to_floating_point.h */ = {isa = PBXFileReference; fileEncoding = 4; lastKnownFileType = sourcecode.c.h; path = yas_to_floating_point.h; sourceTree = "<group>"; };
		B6359D3021DB727900481348 /* yas_exception.cpp */ = {isa = PBXFileReference; fileEncoding = 4; lastKnownFileType = sourcecode.cpp.cpp; path = yas_exception.cpp; sourceTree = "<group>"; };
		B6359D3121DB727900481348 /* yas_protocol.cpp */ = {isa = PBXFileReference; fileEncoding = 4; lastKnownFileType = sourcecode.cpp.cpp; path = yas_protocol.cpp; sourceTree = "<group>"; };
		B6359D3221DB727900481348 /* yas_protocol_private.h */ = {isa = PBXFileReference; fileEncoding = 4; lastKnownFileType = sourcecode.c.h; path = yas_protocol_private.h; sourceTree = "<group>"; };
		B6359D3321DB727900481348 /* yas_each_data_private.h */ = {isa = PBXFileReference; fileEncoding = 4; lastKnownFileType = sourcecode.c.h; path = yas_each_data_private.h; sourceTree = "<group>"; };
		B6359D3421DB727900481348 /* yas_fast_each_private.h */ = {isa = PBXFileReference; fileEncoding = 4; lastKnownFileType = sourcecode.c.h; path = yas_fast_each_private.h; sourceTree = "<group>"; };
		B6359D3521DB727900481348 /* yas_delaying_caller.h */ = {isa = PBXFileReference; fileEncoding = 4; lastKnownFileType = sourcecode.c.h; path = yas_delaying_caller.h; sourceTree = "<group>"; };
		B6359D3621DB727900481348 /* yas_stl_utils.h */ = {isa = PBXFileReference; fileEncoding = 4; lastKnownFileType = sourcecode.c.h; path = yas_stl_utils.h; sourceTree = "<group>"; };
		B6359D3721DB727900481348 /* yas_cf_utils.h */ = {isa = PBXFileReference; fileEncoding = 4; lastKnownFileType = sourcecode.c.h; path = yas_cf_utils.h; sourceTree = "<group>"; };
		B6359D3821DB727900481348 /* yas_each_data.h */ = {isa = PBXFileReference; fileEncoding = 4; lastKnownFileType = sourcecode.c.h; path = yas_each_data.h; sourceTree = "<group>"; };
		B6359D3921DB727900481348 /* yas_types.h */ = {isa = PBXFileReference; fileEncoding = 4; lastKnownFileType = sourcecode.c.h; path = yas_types.h; sourceTree = "<group>"; };
		B6359D3A21DB727900481348 /* yas_stl_utils_private.h */ = {isa = PBXFileReference; fileEncoding = 4; lastKnownFileType = sourcecode.c.h; path = yas_stl_utils_private.h; sourceTree = "<group>"; };
		B6359D3B21DB727900481348 /* yas_each_index_private.h */ = {isa = PBXFileReference; fileEncoding = 4; lastKnownFileType = sourcecode.c.h; path = yas_each_index_private.h; sourceTree = "<group>"; };
		B6359D3C21DB727900481348 /* yas_each_dictionary.cpp */ = {isa = PBXFileReference; fileEncoding = 4; lastKnownFileType = sourcecode.cpp.cpp; path = yas_each_dictionary.cpp; sourceTree = "<group>"; };
		B6359D3D21DB727900481348 /* yas_stl_utils.cpp */ = {isa = PBXFileReference; fileEncoding = 4; lastKnownFileType = sourcecode.cpp.cpp; path = yas_stl_utils.cpp; sourceTree = "<group>"; };
		B6359D3E21DB727900481348 /* yas_cf_utils.mm */ = {isa = PBXFileReference; fileEncoding = 4; lastKnownFileType = sourcecode.cpp.objcpp; path = yas_cf_utils.mm; sourceTree = "<group>"; };
		B6359D3F21DB727900481348 /* yas_cf_ref.cpp */ = {isa = PBXFileReference; fileEncoding = 4; lastKnownFileType = sourcecode.cpp.cpp; path = yas_cf_ref.cpp; sourceTree = "<group>"; };
		B6359D4021DB727900481348 /* yas_objc_ptr_private.h */ = {isa = PBXFileReference; fileEncoding = 4; lastKnownFileType = sourcecode.c.h; path = yas_objc_ptr_private.h; sourceTree = "<group>"; };
		B6359D4121DB727900481348 /* yas_objc_ptr.mm */ = {isa = PBXFileReference; fileEncoding = 4; lastKnownFileType = sourcecode.cpp.objcpp; path = yas_objc_ptr.mm; sourceTree = "<group>"; };
		B6359D4221DB727900481348 /* yas_exception.h */ = {isa = PBXFileReference; fileEncoding = 4; lastKnownFileType = sourcecode.c.h; path = yas_exception.h; sourceTree = "<group>"; };
		B6359D4321DB727900481348 /* yas_to_integer.h */ = {isa = PBXFileReference; fileEncoding = 4; lastKnownFileType = sourcecode.c.h; path = yas_to_integer.h; sourceTree = "<group>"; };
		B6359D4421DB727900481348 /* yas_boolean.cpp */ = {isa = PBXFileReference; fileEncoding = 4; lastKnownFileType = sourcecode.cpp.cpp; path = yas_boolean.cpp; sourceTree = "<group>"; };
		B6359D4521DB727900481348 /* yas_flow_graph.h */ = {isa = PBXFileReference; fileEncoding = 4; lastKnownFileType = sourcecode.c.h; path = yas_flow_graph.h; sourceTree = "<group>"; };
		B6359D4621DB727900481348 /* yas_file_manager.mm */ = {isa = PBXFileReference; fileEncoding = 4; lastKnownFileType = sourcecode.cpp.objcpp; path = yas_file_manager.mm; sourceTree = "<group>"; };
		B6359D4721DB727900481348 /* yas_system_path_utils.mm */ = {isa = PBXFileReference; fileEncoding = 4; lastKnownFileType = sourcecode.cpp.objcpp; path = yas_system_path_utils.mm; sourceTree = "<group>"; };
		B6359D4821DB727900481348 /* yas_task.h */ = {isa = PBXFileReference; fileEncoding = 4; lastKnownFileType = sourcecode.c.h; path = yas_task.h; sourceTree = "<group>"; };
		B6359D4921DB727900481348 /* yas_system_path_utils.h */ = {isa = PBXFileReference; fileEncoding = 4; lastKnownFileType = sourcecode.c.h; path = yas_system_path_utils.h; sourceTree = "<group>"; };
		B6359E0C21DB729E00481348 /* objc_utils.framework */ = {isa = PBXFileReference; explicitFileType = wrapper.framework; path = objc_utils.framework; sourceTree = BUILT_PRODUCTS_DIR; };
		B6359E0E21DB733200481348 /* Accelerate.framework */ = {isa = PBXFileReference; lastKnownFileType = wrapper.framework; name = Accelerate.framework; path = System/Library/Frameworks/Accelerate.framework; sourceTree = SDKROOT; };
		B6A28C0122D2212400086ECF /* yas_weakable.h */ = {isa = PBXFileReference; lastKnownFileType = sourcecode.c.h; path = yas_weakable.h; sourceTree = "<group>"; };
		B6B33BDD227F277D004F87CD /* yas_to_integer.cpp */ = {isa = PBXFileReference; lastKnownFileType = sourcecode.cpp.cpp; path = yas_to_integer.cpp; sourceTree = "<group>"; };
		B6B33BDF227F28DA004F87CD /* yas_flow_graph.cpp */ = {isa = PBXFileReference; lastKnownFileType = sourcecode.cpp.cpp; path = yas_flow_graph.cpp; sourceTree = "<group>"; };
		B6BBCF82227A7FD5002B6396 /* yas_file_path.cpp */ = {isa = PBXFileReference; lastKnownFileType = sourcecode.cpp.cpp; path = yas_file_path.cpp; sourceTree = "<group>"; };
		B6BBCF83227A7FD5002B6396 /* yas_file_path.h */ = {isa = PBXFileReference; lastKnownFileType = sourcecode.c.h; path = yas_file_path.h; sourceTree = "<group>"; };
		B6FA87A622728C0A00A77872 /* yas_thread.mm */ = {isa = PBXFileReference; lastKnownFileType = sourcecode.cpp.objcpp; path = yas_thread.mm; sourceTree = "<group>"; };
		B6FA87A722728C0A00A77872 /* yas_thread.h */ = {isa = PBXFileReference; lastKnownFileType = sourcecode.c.h; path = yas_thread.h; sourceTree = "<group>"; };
/* End PBXFileReference section */

/* Begin PBXFrameworksBuildPhase section */
		B6359CEF21DB71E400481348 /* Frameworks */ = {
			isa = PBXFrameworksBuildPhase;
			buildActionMask = 2147483647;
			files = (
				B6359E2321DB784F00481348 /* Accelerate.framework in Frameworks */,
				B6359E0D21DB729E00481348 /* objc_utils.framework in Frameworks */,
			);
			runOnlyForDeploymentPostprocessing = 0;
		};
/* End PBXFrameworksBuildPhase section */

/* Begin PBXGroup section */
		B6359CDF21DB716900481348 = {
			isa = PBXGroup;
			children = (
				B6359CF421DB71E400481348 /* cpp_utils */,
				B6359CF321DB71E400481348 /* Products */,
				B6359E0B21DB729E00481348 /* Frameworks */,
			);
			sourceTree = "<group>";
		};
		B6359CF321DB71E400481348 /* Products */ = {
			isa = PBXGroup;
			children = (
				B6359CF221DB71E400481348 /* cpp_utils.framework */,
			);
			name = Products;
			sourceTree = "<group>";
		};
		B6359CF421DB71E400481348 /* cpp_utils */ = {
			isa = PBXGroup;
			children = (
				B6359D0921DB727900481348 /* cpp_utils */,
				B6359CF521DB71E400481348 /* cpp_utils.h */,
				B6359CF621DB71E400481348 /* Info.plist */,
			);
			path = cpp_utils;
			sourceTree = "<group>";
		};
		B6359D0921DB727900481348 /* cpp_utils */ = {
			isa = PBXGroup;
			children = (
				B6359D2C21DB727900481348 /* yas_base_private.h */,
				B6359D2E21DB727900481348 /* yas_base.cpp */,
				B6359D2B21DB727900481348 /* yas_base.h */,
				B6359D4421DB727900481348 /* yas_boolean.cpp */,
				B6359D1521DB727900481348 /* yas_boolean.h */,
				B6359D1321DB727900481348 /* yas_cf_ref_private.h */,
				B6359D3F21DB727900481348 /* yas_cf_ref.cpp */,
				B6359D1C21DB727900481348 /* yas_cf_ref.h */,
				B6359D0B21DB727900481348 /* yas_cf_utils_private.h */,
				B6359D3721DB727900481348 /* yas_cf_utils.h */,
				B6359D3E21DB727900481348 /* yas_cf_utils.mm */,
				B625259D21DCF48800EE2ECA /* yas_cpp_utils_umbrella.h */,
				B6359D1D21DB727900481348 /* yas_data_private.h */,
				B6359D2921DB727900481348 /* yas_data.cpp */,
				B6359D1121DB727900481348 /* yas_data.h */,
				B6359D1021DB727900481348 /* yas_delaying_caller.cpp */,
				B6359D3521DB727900481348 /* yas_delaying_caller.h */,
				B6359D3321DB727900481348 /* yas_each_data_private.h */,
				B6359D3821DB727900481348 /* yas_each_data.h */,
				B6359D3C21DB727900481348 /* yas_each_dictionary.cpp */,
				B6359D1821DB727900481348 /* yas_each_dictionary.h */,
				B6359D3B21DB727900481348 /* yas_each_index_private.h */,
				B6359D1A21DB727900481348 /* yas_each_index.h */,
				B6359D3021DB727900481348 /* yas_exception.cpp */,
				B6359D4221DB727900481348 /* yas_exception.h */,
				B6359D3421DB727900481348 /* yas_fast_each_private.h */,
				B6359D2421DB727900481348 /* yas_fast_each.h */,
				B6359D2121DB727900481348 /* yas_file_manager.h */,
				B6359D4621DB727900481348 /* yas_file_manager.mm */,
				B6359D1621DB727900481348 /* yas_flagset_private.h */,
				B6359D2221DB727900481348 /* yas_flagset.h */,
				B6359D2621DB727900481348 /* yas_flex_ptr.cpp */,
				B6359D0E21DB727900481348 /* yas_flex_ptr.h */,
				B6359D2D21DB727900481348 /* yas_flow_graph_private.h */,
				B6359D4521DB727900481348 /* yas_flow_graph.h */,
				B6B33BDF227F28DA004F87CD /* yas_flow_graph.cpp */,
				B6359D1421DB727900481348 /* yas_objc_cast.h */,
				B6359D4021DB727900481348 /* yas_objc_ptr_private.h */,
				B6359D2521DB727900481348 /* yas_objc_ptr.h */,
				B6359D4121DB727900481348 /* yas_objc_ptr.mm */,
				B6359D1721DB727900481348 /* yas_task_protocol.h */,
				B6359D2A21DB727900481348 /* yas_task.cpp */,
				B6359D4821DB727900481348 /* yas_task.h */,
				B6BBCF82227A7FD5002B6396 /* yas_file_path.cpp */,
				B6BBCF83227A7FD5002B6396 /* yas_file_path.h */,
				B6359D3221DB727900481348 /* yas_protocol_private.h */,
				B6359D3121DB727900481348 /* yas_protocol.cpp */,
				B6359D2021DB727900481348 /* yas_protocol.h */,
				B6359D1E21DB727900481348 /* yas_result_private.h */,
				B6359D2721DB727900481348 /* yas_result.h */,
				B6359D3A21DB727900481348 /* yas_stl_utils_private.h */,
				B6359D3D21DB727900481348 /* yas_stl_utils.cpp */,
				B6359D3621DB727900481348 /* yas_stl_utils.h */,
				B6359D4921DB727900481348 /* yas_system_path_utils.h */,
				B6359D4721DB727900481348 /* yas_system_path_utils.mm */,
				B6FA87A722728C0A00A77872 /* yas_thread.h */,
				B6FA87A622728C0A00A77872 /* yas_thread.mm */,
				B6359D2321DB727900481348 /* yas_timer.h */,
				B6359D0D21DB727900481348 /* yas_timer.mm */,
				B6359D0F21DB727900481348 /* yas_to_bool.h */,
				B6359D2F21DB727900481348 /* yas_to_floating_point.h */,
				B6359D4321DB727900481348 /* yas_to_integer.h */,
				B6B33BDD227F277D004F87CD /* yas_to_integer.cpp */,
				B6359D0A21DB727900481348 /* yas_to_string.h */,
				B6359D1921DB727900481348 /* yas_type_traits.h */,
				B6359D3921DB727900481348 /* yas_types.h */,
				B6359D0C21DB727900481348 /* yas_unless.h */,
				B6359D1221DB727900481348 /* yas_url.h */,
				B6359D1B21DB727900481348 /* yas_url.mm */,
				B6359D1F21DB727900481348 /* yas_version.cpp */,
				B6359D2821DB727900481348 /* yas_version.h */,
				B6A28C0122D2212400086ECF /* yas_weakable.h */,
			);
			name = cpp_utils;
			path = ../../cpp_utils;
			sourceTree = "<group>";
		};
		B6359E0B21DB729E00481348 /* Frameworks */ = {
			isa = PBXGroup;
			children = (
				B6359E0E21DB733200481348 /* Accelerate.framework */,
				B6359E0C21DB729E00481348 /* objc_utils.framework */,
			);
			name = Frameworks;
			sourceTree = "<group>";
		};
/* End PBXGroup section */

/* Begin PBXHeadersBuildPhase section */
		B6359CED21DB71E400481348 /* Headers */ = {
			isa = PBXHeadersBuildPhase;
			buildActionMask = 2147483647;
			files = (
				B6359D7621DB727A00481348 /* yas_stl_utils.h in Headers */,
				B6359D4E21DB727A00481348 /* yas_flex_ptr.h in Headers */,
				B6359D5421DB727A00481348 /* yas_objc_cast.h in Headers */,
				B6359D7B21DB727A00481348 /* yas_each_index_private.h in Headers */,
				B6359D4C21DB727A00481348 /* yas_unless.h in Headers */,
				B6359D6721DB727A00481348 /* yas_result.h in Headers */,
				B6359D7221DB727A00481348 /* yas_protocol_private.h in Headers */,
				B6359D7521DB727A00481348 /* yas_delaying_caller.h in Headers */,
				B6FA87A922728C0A00A77872 /* yas_thread.h in Headers */,
				B6359D5321DB727A00481348 /* yas_cf_ref_private.h in Headers */,
				B6359D6D21DB727A00481348 /* yas_flow_graph_private.h in Headers */,
				B6359D8321DB727A00481348 /* yas_to_integer.h in Headers */,
				B6359D7421DB727A00481348 /* yas_fast_each_private.h in Headers */,
				B6359D6121DB727A00481348 /* yas_file_manager.h in Headers */,
				B6359D4A21DB727A00481348 /* yas_to_string.h in Headers */,
				B6359D6321DB727A00481348 /* yas_timer.h in Headers */,
				B6359D5121DB727A00481348 /* yas_data.h in Headers */,
				B6359D4F21DB727A00481348 /* yas_to_bool.h in Headers */,
				B6359D5821DB727A00481348 /* yas_each_dictionary.h in Headers */,
				B6359D5D21DB727A00481348 /* yas_data_private.h in Headers */,
				B6359D8921DB727A00481348 /* yas_system_path_utils.h in Headers */,
				B6359D8521DB727A00481348 /* yas_flow_graph.h in Headers */,
				B6BBCF85227A7FD5002B6396 /* yas_file_path.h in Headers */,
				B6359D6F21DB727A00481348 /* yas_to_floating_point.h in Headers */,
				B6359D8221DB727A00481348 /* yas_exception.h in Headers */,
				B6359D8821DB727A00481348 /* yas_task.h in Headers */,
				B6B33BDC227F1DFA004F87CD /* yas_cpp_utils_umbrella.h in Headers */,
				B6359D5921DB727A00481348 /* yas_type_traits.h in Headers */,
				B6359D5721DB727A00481348 /* yas_task_protocol.h in Headers */,
				B6359D7921DB727A00481348 /* yas_types.h in Headers */,
				B6359D5A21DB727A00481348 /* yas_each_index.h in Headers */,
				B6359D7A21DB727A00481348 /* yas_stl_utils_private.h in Headers */,
				B6359D7821DB727A00481348 /* yas_each_data.h in Headers */,
				B6359D6C21DB727A00481348 /* yas_base_private.h in Headers */,
				B6359D6B21DB727A00481348 /* yas_base.h in Headers */,
				B6359D6221DB727A00481348 /* yas_flagset.h in Headers */,
				B6359D5621DB727A00481348 /* yas_flagset_private.h in Headers */,
				B6359D7321DB727A00481348 /* yas_each_data_private.h in Headers */,
				B6359CF721DB71E400481348 /* cpp_utils.h in Headers */,
				B6359D5521DB727A00481348 /* yas_boolean.h in Headers */,
				B6359D7721DB727A00481348 /* yas_cf_utils.h in Headers */,
				B6359D8021DB727A00481348 /* yas_objc_ptr_private.h in Headers */,
				B6359D5C21DB727A00481348 /* yas_cf_ref.h in Headers */,
				B6A28C0322D2212400086ECF /* yas_weakable.h in Headers */,
				B6359D5221DB727A00481348 /* yas_url.h in Headers */,
				B6359D4B21DB727A00481348 /* yas_cf_utils_private.h in Headers */,
				B6359D6521DB727A00481348 /* yas_objc_ptr.h in Headers */,
				B6359D6021DB727A00481348 /* yas_protocol.h in Headers */,
				B6359D5E21DB727A00481348 /* yas_result_private.h in Headers */,
				B6359D6421DB727A00481348 /* yas_fast_each.h in Headers */,
				B6359D6821DB727A00481348 /* yas_version.h in Headers */,
			);
			runOnlyForDeploymentPostprocessing = 0;
		};
/* End PBXHeadersBuildPhase section */

/* Begin PBXNativeTarget section */
		B6359CF121DB71E400481348 /* cpp_utils */ = {
			isa = PBXNativeTarget;
			buildConfigurationList = B6359CFA21DB71E400481348 /* Build configuration list for PBXNativeTarget "cpp_utils" */;
			buildPhases = (
				B6359CED21DB71E400481348 /* Headers */,
				B6359CEE21DB71E400481348 /* Sources */,
				B6359CEF21DB71E400481348 /* Frameworks */,
				B6359CF021DB71E400481348 /* Resources */,
			);
			buildRules = (
			);
			dependencies = (
			);
			name = cpp_utils;
			productName = cpp_utils;
			productReference = B6359CF221DB71E400481348 /* cpp_utils.framework */;
			productType = "com.apple.product-type.framework";
		};
/* End PBXNativeTarget section */

/* Begin PBXProject section */
		B6359CE021DB716900481348 /* Project object */ = {
			isa = PBXProject;
			attributes = {
				LastUpgradeCheck = 1010;
				TargetAttributes = {
					B6359CF121DB71E400481348 = {
						CreatedOnToolsVersion = 10.1;
					};
				};
			};
			buildConfigurationList = B6359CE321DB716900481348 /* Build configuration list for PBXProject "cpp_utils_mac" */;
			compatibilityVersion = "Xcode 9.3";
			developmentRegion = en;
			hasScannedForEncodings = 0;
			knownRegions = (
				en,
				Base,
			);
			mainGroup = B6359CDF21DB716900481348;
			productRefGroup = B6359CF321DB71E400481348 /* Products */;
			projectDirPath = "";
			projectRoot = "";
			targets = (
				B6359CF121DB71E400481348 /* cpp_utils */,
			);
		};
/* End PBXProject section */

/* Begin PBXResourcesBuildPhase section */
		B6359CF021DB71E400481348 /* Resources */ = {
			isa = PBXResourcesBuildPhase;
			buildActionMask = 2147483647;
			files = (
			);
			runOnlyForDeploymentPostprocessing = 0;
		};
/* End PBXResourcesBuildPhase section */

/* Begin PBXSourcesBuildPhase section */
		B6359CEE21DB71E400481348 /* Sources */ = {
			isa = PBXSourcesBuildPhase;
			buildActionMask = 2147483647;
			files = (
				B6FA87A822728C0A00A77872 /* yas_thread.mm in Sources */,
				B6359D7021DB727A00481348 /* yas_exception.cpp in Sources */,
				B6359D5B21DB727A00481348 /* yas_url.mm in Sources */,
				B6359D6921DB727A00481348 /* yas_data.cpp in Sources */,
				B6359D7C21DB727A00481348 /* yas_each_dictionary.cpp in Sources */,
				B6359D4D21DB727A00481348 /* yas_timer.mm in Sources */,
				B6B33BE0227F28DA004F87CD /* yas_flow_graph.cpp in Sources */,
				B6359D7D21DB727A00481348 /* yas_stl_utils.cpp in Sources */,
				B6359D8721DB727A00481348 /* yas_system_path_utils.mm in Sources */,
				B6359D7F21DB727A00481348 /* yas_cf_ref.cpp in Sources */,
				B6B33BDE227F277D004F87CD /* yas_to_integer.cpp in Sources */,
				B6359D6621DB727A00481348 /* yas_flex_ptr.cpp in Sources */,
				B6359D8121DB727A00481348 /* yas_objc_ptr.mm in Sources */,
				B6359D6E21DB727A00481348 /* yas_base.cpp in Sources */,
				B6359D8621DB727A00481348 /* yas_file_manager.mm in Sources */,
				B6359D5F21DB727A00481348 /* yas_version.cpp in Sources */,
				B6BBCF84227A7FD5002B6396 /* yas_file_path.cpp in Sources */,
				B6359D7E21DB727A00481348 /* yas_cf_utils.mm in Sources */,
				B6359D8421DB727A00481348 /* yas_boolean.cpp in Sources */,
				B6359D5021DB727A00481348 /* yas_delaying_caller.cpp in Sources */,
				B6359D6A21DB727A00481348 /* yas_task.cpp in Sources */,
				B6359D7121DB727A00481348 /* yas_protocol.cpp in Sources */,
			);
			runOnlyForDeploymentPostprocessing = 0;
		};
/* End PBXSourcesBuildPhase section */

/* Begin XCBuildConfiguration section */
		B6359CE421DB716900481348 /* Debug */ = {
			isa = XCBuildConfiguration;
			buildSettings = {
				CLANG_WARN_BLOCK_CAPTURE_AUTORELEASING = YES;
				CLANG_WARN_BOOL_CONVERSION = YES;
				CLANG_WARN_COMMA = YES;
				CLANG_WARN_CONSTANT_CONVERSION = YES;
				CLANG_WARN_DEPRECATED_OBJC_IMPLEMENTATIONS = YES;
				CLANG_WARN_EMPTY_BODY = YES;
				CLANG_WARN_ENUM_CONVERSION = YES;
				CLANG_WARN_INFINITE_RECURSION = YES;
				CLANG_WARN_INT_CONVERSION = YES;
				CLANG_WARN_NON_LITERAL_NULL_CONVERSION = YES;
				CLANG_WARN_OBJC_IMPLICIT_RETAIN_SELF = YES;
				CLANG_WARN_OBJC_LITERAL_CONVERSION = YES;
				CLANG_WARN_RANGE_LOOP_ANALYSIS = YES;
				CLANG_WARN_STRICT_PROTOTYPES = YES;
				CLANG_WARN_SUSPICIOUS_MOVE = YES;
				CLANG_WARN_UNREACHABLE_CODE = YES;
				CLANG_WARN__DUPLICATE_METHOD_MATCH = YES;
				ENABLE_STRICT_OBJC_MSGSEND = YES;
				ENABLE_TESTABILITY = YES;
				GCC_NO_COMMON_BLOCKS = YES;
				GCC_WARN_64_TO_32_BIT_CONVERSION = YES;
				GCC_WARN_ABOUT_RETURN_TYPE = YES;
				GCC_WARN_UNDECLARED_SELECTOR = YES;
				GCC_WARN_UNINITIALIZED_AUTOS = YES;
				GCC_WARN_UNUSED_FUNCTION = YES;
				GCC_WARN_UNUSED_VARIABLE = YES;
				ONLY_ACTIVE_ARCH = YES;
			};
			name = Debug;
		};
		B6359CE521DB716900481348 /* Release */ = {
			isa = XCBuildConfiguration;
			buildSettings = {
				CLANG_WARN_BLOCK_CAPTURE_AUTORELEASING = YES;
				CLANG_WARN_BOOL_CONVERSION = YES;
				CLANG_WARN_COMMA = YES;
				CLANG_WARN_CONSTANT_CONVERSION = YES;
				CLANG_WARN_DEPRECATED_OBJC_IMPLEMENTATIONS = YES;
				CLANG_WARN_EMPTY_BODY = YES;
				CLANG_WARN_ENUM_CONVERSION = YES;
				CLANG_WARN_INFINITE_RECURSION = YES;
				CLANG_WARN_INT_CONVERSION = YES;
				CLANG_WARN_NON_LITERAL_NULL_CONVERSION = YES;
				CLANG_WARN_OBJC_IMPLICIT_RETAIN_SELF = YES;
				CLANG_WARN_OBJC_LITERAL_CONVERSION = YES;
				CLANG_WARN_RANGE_LOOP_ANALYSIS = YES;
				CLANG_WARN_STRICT_PROTOTYPES = YES;
				CLANG_WARN_SUSPICIOUS_MOVE = YES;
				CLANG_WARN_UNREACHABLE_CODE = YES;
				CLANG_WARN__DUPLICATE_METHOD_MATCH = YES;
				ENABLE_STRICT_OBJC_MSGSEND = YES;
				GCC_NO_COMMON_BLOCKS = YES;
				GCC_WARN_64_TO_32_BIT_CONVERSION = YES;
				GCC_WARN_ABOUT_RETURN_TYPE = YES;
				GCC_WARN_UNDECLARED_SELECTOR = YES;
				GCC_WARN_UNINITIALIZED_AUTOS = YES;
				GCC_WARN_UNUSED_FUNCTION = YES;
				GCC_WARN_UNUSED_VARIABLE = YES;
			};
			name = Release;
		};
		B6359CF821DB71E400481348 /* Debug */ = {
			isa = XCBuildConfiguration;
			buildSettings = {
				ALWAYS_SEARCH_USER_PATHS = NO;
				CLANG_ANALYZER_NONNULL = YES;
				CLANG_ANALYZER_NUMBER_OBJECT_CONVERSION = YES_AGGRESSIVE;
				CLANG_CXX_LANGUAGE_STANDARD = "gnu++17";
				CLANG_CXX_LIBRARY = "libc++";
				CLANG_ENABLE_MODULES = YES;
				CLANG_ENABLE_OBJC_WEAK = YES;
				CLANG_WARN_BLOCK_CAPTURE_AUTORELEASING = YES;
				CLANG_WARN_BOOL_CONVERSION = YES;
				CLANG_WARN_COMMA = YES;
				CLANG_WARN_CONSTANT_CONVERSION = YES;
				CLANG_WARN_DEPRECATED_OBJC_IMPLEMENTATIONS = YES;
				CLANG_WARN_DIRECT_OBJC_ISA_USAGE = YES_ERROR;
				CLANG_WARN_DOCUMENTATION_COMMENTS = YES;
				CLANG_WARN_EMPTY_BODY = YES;
				CLANG_WARN_ENUM_CONVERSION = YES;
				CLANG_WARN_INFINITE_RECURSION = YES;
				CLANG_WARN_INT_CONVERSION = YES;
				CLANG_WARN_NON_LITERAL_NULL_CONVERSION = YES;
				CLANG_WARN_OBJC_IMPLICIT_RETAIN_SELF = YES;
				CLANG_WARN_OBJC_LITERAL_CONVERSION = YES;
				CLANG_WARN_OBJC_ROOT_CLASS = YES_ERROR;
				CLANG_WARN_RANGE_LOOP_ANALYSIS = YES;
				CLANG_WARN_STRICT_PROTOTYPES = YES;
				CLANG_WARN_SUSPICIOUS_MOVE = YES;
				CLANG_WARN_UNGUARDED_AVAILABILITY = YES_AGGRESSIVE;
				CLANG_WARN_UNREACHABLE_CODE = YES;
				CLANG_WARN__DUPLICATE_METHOD_MATCH = YES;
				CODE_SIGN_IDENTITY = "-";
				CODE_SIGN_STYLE = Manual;
				COMBINE_HIDPI_IMAGES = YES;
				COPY_PHASE_STRIP = NO;
				CURRENT_PROJECT_VERSION = 1;
				DEBUG_INFORMATION_FORMAT = dwarf;
				DEFINES_MODULE = YES;
				DEVELOPMENT_TEAM = "";
				DYLIB_COMPATIBILITY_VERSION = 1;
				DYLIB_CURRENT_VERSION = 1;
				DYLIB_INSTALL_NAME_BASE = "@rpath";
				ENABLE_STRICT_OBJC_MSGSEND = YES;
				ENABLE_TESTABILITY = YES;
				FRAMEWORK_VERSION = A;
				GCC_C_LANGUAGE_STANDARD = gnu11;
				GCC_DYNAMIC_NO_PIC = NO;
				GCC_NO_COMMON_BLOCKS = YES;
				GCC_OPTIMIZATION_LEVEL = 0;
				GCC_PREPROCESSOR_DEFINITIONS = (
					"DEBUG=1",
					"$(inherited)",
				);
				GCC_WARN_64_TO_32_BIT_CONVERSION = YES;
				GCC_WARN_ABOUT_RETURN_TYPE = YES_ERROR;
				GCC_WARN_UNDECLARED_SELECTOR = YES;
				GCC_WARN_UNINITIALIZED_AUTOS = YES_AGGRESSIVE;
				GCC_WARN_UNUSED_FUNCTION = YES;
				GCC_WARN_UNUSED_VARIABLE = YES;
				INFOPLIST_FILE = cpp_utils/Info.plist;
				INSTALL_PATH = "$(LOCAL_LIBRARY_DIR)/Frameworks";
				LD_RUNPATH_SEARCH_PATHS = (
					"$(inherited)",
					"@executable_path/../Frameworks",
					"@loader_path/Frameworks",
				);
				MACOSX_DEPLOYMENT_TARGET = 10.14;
				MTL_ENABLE_DEBUG_INFO = INCLUDE_SOURCE;
				MTL_FAST_MATH = YES;
				ONLY_ACTIVE_ARCH = YES;
				PRODUCT_BUNDLE_IDENTIFIER = "objective-audio.cpp-utils";
				PRODUCT_NAME = "$(TARGET_NAME:c99extidentifier)";
				PROVISIONING_PROFILE_SPECIFIER = "";
				SDKROOT = macosx;
				SKIP_INSTALL = YES;
				VERSIONING_SYSTEM = "apple-generic";
				VERSION_INFO_PREFIX = "";
			};
			name = Debug;
		};
		B6359CF921DB71E400481348 /* Release */ = {
			isa = XCBuildConfiguration;
			buildSettings = {
				ALWAYS_SEARCH_USER_PATHS = NO;
				CLANG_ANALYZER_NONNULL = YES;
				CLANG_ANALYZER_NUMBER_OBJECT_CONVERSION = YES_AGGRESSIVE;
				CLANG_CXX_LANGUAGE_STANDARD = "gnu++17";
				CLANG_CXX_LIBRARY = "libc++";
				CLANG_ENABLE_MODULES = YES;
				CLANG_ENABLE_OBJC_WEAK = YES;
				CLANG_WARN_BLOCK_CAPTURE_AUTORELEASING = YES;
				CLANG_WARN_BOOL_CONVERSION = YES;
				CLANG_WARN_COMMA = YES;
				CLANG_WARN_CONSTANT_CONVERSION = YES;
				CLANG_WARN_DEPRECATED_OBJC_IMPLEMENTATIONS = YES;
				CLANG_WARN_DIRECT_OBJC_ISA_USAGE = YES_ERROR;
				CLANG_WARN_DOCUMENTATION_COMMENTS = YES;
				CLANG_WARN_EMPTY_BODY = YES;
				CLANG_WARN_ENUM_CONVERSION = YES;
				CLANG_WARN_INFINITE_RECURSION = YES;
				CLANG_WARN_INT_CONVERSION = YES;
				CLANG_WARN_NON_LITERAL_NULL_CONVERSION = YES;
				CLANG_WARN_OBJC_IMPLICIT_RETAIN_SELF = YES;
				CLANG_WARN_OBJC_LITERAL_CONVERSION = YES;
				CLANG_WARN_OBJC_ROOT_CLASS = YES_ERROR;
				CLANG_WARN_RANGE_LOOP_ANALYSIS = YES;
				CLANG_WARN_STRICT_PROTOTYPES = YES;
				CLANG_WARN_SUSPICIOUS_MOVE = YES;
				CLANG_WARN_UNGUARDED_AVAILABILITY = YES_AGGRESSIVE;
				CLANG_WARN_UNREACHABLE_CODE = YES;
				CLANG_WARN__DUPLICATE_METHOD_MATCH = YES;
				CODE_SIGN_IDENTITY = "-";
				CODE_SIGN_STYLE = Manual;
				COMBINE_HIDPI_IMAGES = YES;
				COPY_PHASE_STRIP = NO;
				CURRENT_PROJECT_VERSION = 1;
				DEBUG_INFORMATION_FORMAT = "dwarf-with-dsym";
				DEFINES_MODULE = YES;
				DEVELOPMENT_TEAM = "";
				DYLIB_COMPATIBILITY_VERSION = 1;
				DYLIB_CURRENT_VERSION = 1;
				DYLIB_INSTALL_NAME_BASE = "@rpath";
				ENABLE_NS_ASSERTIONS = NO;
				ENABLE_STRICT_OBJC_MSGSEND = YES;
				FRAMEWORK_VERSION = A;
				GCC_C_LANGUAGE_STANDARD = gnu11;
				GCC_NO_COMMON_BLOCKS = YES;
				GCC_WARN_64_TO_32_BIT_CONVERSION = YES;
				GCC_WARN_ABOUT_RETURN_TYPE = YES_ERROR;
				GCC_WARN_UNDECLARED_SELECTOR = YES;
				GCC_WARN_UNINITIALIZED_AUTOS = YES_AGGRESSIVE;
				GCC_WARN_UNUSED_FUNCTION = YES;
				GCC_WARN_UNUSED_VARIABLE = YES;
				INFOPLIST_FILE = cpp_utils/Info.plist;
				INSTALL_PATH = "$(LOCAL_LIBRARY_DIR)/Frameworks";
				LD_RUNPATH_SEARCH_PATHS = (
					"$(inherited)",
					"@executable_path/../Frameworks",
					"@loader_path/Frameworks",
				);
				MACOSX_DEPLOYMENT_TARGET = 10.14;
				MTL_ENABLE_DEBUG_INFO = NO;
				MTL_FAST_MATH = YES;
				PRODUCT_BUNDLE_IDENTIFIER = "objective-audio.cpp-utils";
				PRODUCT_NAME = "$(TARGET_NAME:c99extidentifier)";
				PROVISIONING_PROFILE_SPECIFIER = "";
				SDKROOT = macosx;
				SKIP_INSTALL = YES;
				VERSIONING_SYSTEM = "apple-generic";
				VERSION_INFO_PREFIX = "";
			};
			name = Release;
		};
/* End XCBuildConfiguration section */

/* Begin XCConfigurationList section */
		B6359CE321DB716900481348 /* Build configuration list for PBXProject "cpp_utils_mac" */ = {
			isa = XCConfigurationList;
			buildConfigurations = (
				B6359CE421DB716900481348 /* Debug */,
				B6359CE521DB716900481348 /* Release */,
			);
			defaultConfigurationIsVisible = 0;
			defaultConfigurationName = Release;
		};
		B6359CFA21DB71E400481348 /* Build configuration list for PBXNativeTarget "cpp_utils" */ = {
			isa = XCConfigurationList;
			buildConfigurations = (
				B6359CF821DB71E400481348 /* Debug */,
				B6359CF921DB71E400481348 /* Release */,
			);
			defaultConfigurationIsVisible = 0;
			defaultConfigurationName = Release;
		};
/* End XCConfigurationList section */
	};
	rootObject = B6359CE021DB716900481348 /* Project object */;
}
