// !$*UTF8*$!
{
	archiveVersion = 1;
	classes = {
	};
	objectVersion = 46;
	objects = {

/* Begin PBXBuildFile section */
		B60AAA271C5DAFD30074C6FA /* yas_chain.cpp in Sources */ = {isa = PBXBuildFile; fileRef = B60AAA251C5DAFD30074C6FA /* yas_chain.cpp */; };
		B60AAA281C5DAFD30074C6FA /* yas_chain.cpp in Sources */ = {isa = PBXBuildFile; fileRef = B60AAA251C5DAFD30074C6FA /* yas_chain.cpp */; };
		B60AAA2A1C5DB6D60074C6FA /* yas_chain_tests.mm in Sources */ = {isa = PBXBuildFile; fileRef = B60AAA291C5DB6D60074C6FA /* yas_chain_tests.mm */; };
		B60AAA2B1C5DB6D60074C6FA /* yas_chain_tests.mm in Sources */ = {isa = PBXBuildFile; fileRef = B60AAA291C5DB6D60074C6FA /* yas_chain_tests.mm */; };
		B60C5BD31C37F80100D7C886 /* yas_version.cpp in Sources */ = {isa = PBXBuildFile; fileRef = B60C5BD11C37F80100D7C886 /* yas_version.cpp */; };
		B60C5BD41C37F80100D7C886 /* yas_version.cpp in Sources */ = {isa = PBXBuildFile; fileRef = B60C5BD11C37F80100D7C886 /* yas_version.cpp */; };
		B60C5BD61C37FD2C00D7C886 /* yas_version_tests.mm in Sources */ = {isa = PBXBuildFile; fileRef = B60C5BD51C37FD2C00D7C886 /* yas_version_tests.mm */; };
		B60C5BD71C37FD2C00D7C886 /* yas_version_tests.mm in Sources */ = {isa = PBXBuildFile; fileRef = B60C5BD51C37FD2C00D7C886 /* yas_version_tests.mm */; };
		B63C48B41C393F7700B63598 /* yas_each_dictionary.cpp in Sources */ = {isa = PBXBuildFile; fileRef = B63C48B21C393F7700B63598 /* yas_each_dictionary.cpp */; };
		B63C48B51C393F7700B63598 /* yas_each_dictionary.cpp in Sources */ = {isa = PBXBuildFile; fileRef = B63C48B21C393F7700B63598 /* yas_each_dictionary.cpp */; };
		B63C48B71C3945AE00B63598 /* yas_each_dictionary_tests.mm in Sources */ = {isa = PBXBuildFile; fileRef = B63C48B61C3945AE00B63598 /* yas_each_dictionary_tests.mm */; };
		B63C48B81C3945AE00B63598 /* yas_each_dictionary_tests.mm in Sources */ = {isa = PBXBuildFile; fileRef = B63C48B61C3945AE00B63598 /* yas_each_dictionary_tests.mm */; };
		B641BFAE1C2509FE00F742B4 /* yas_stl_utils.cpp in Sources */ = {isa = PBXBuildFile; fileRef = B641BFAD1C2509FE00F742B4 /* yas_stl_utils.cpp */; };
		B641BFAF1C2509FE00F742B4 /* yas_stl_utils.cpp in Sources */ = {isa = PBXBuildFile; fileRef = B641BFAD1C2509FE00F742B4 /* yas_stl_utils.cpp */; };
		B6626AC31C15B4230038175B /* yas_base.cpp in Sources */ = {isa = PBXBuildFile; fileRef = B6626AAF1C15B4230038175B /* yas_base.cpp */; };
		B6626AC41C15B4230038175B /* yas_cf_utils.mm in Sources */ = {isa = PBXBuildFile; fileRef = B6626AB31C15B4230038175B /* yas_cf_utils.mm */; };
		B6626AC51C15B4230038175B /* yas_exception.cpp in Sources */ = {isa = PBXBuildFile; fileRef = B6626AB51C15B4230038175B /* yas_exception.cpp */; };
		B6626AC61C15B4230038175B /* yas_flex_ptr.cpp in Sources */ = {isa = PBXBuildFile; fileRef = B6626AB71C15B4230038175B /* yas_flex_ptr.cpp */; };
		B6626AC71C15B4230038175B /* yas_operation.cpp in Sources */ = {isa = PBXBuildFile; fileRef = B6626ABB1C15B4230038175B /* yas_operation.cpp */; };
		B6626AD01C15B47C0038175B /* yas_stl_utils_tests.mm in Sources */ = {isa = PBXBuildFile; fileRef = B6626AC81C15B47C0038175B /* yas_stl_utils_tests.mm */; };
		B6626AD11C15B47C0038175B /* yas_flex_pointer_tests.mm in Sources */ = {isa = PBXBuildFile; fileRef = B6626AC91C15B47C0038175B /* yas_flex_pointer_tests.mm */; };
		B6626AD21C15B47C0038175B /* yas_observing_tests.mm in Sources */ = {isa = PBXBuildFile; fileRef = B6626ACA1C15B47C0038175B /* yas_observing_tests.mm */; };
		B6626AD31C15B47C0038175B /* yas_cf_tests.mm in Sources */ = {isa = PBXBuildFile; fileRef = B6626ACB1C15B47C0038175B /* yas_cf_tests.mm */; };
		B6626AD41C15B47C0038175B /* yas_result_tests.mm in Sources */ = {isa = PBXBuildFile; fileRef = B6626ACC1C15B47C0038175B /* yas_result_tests.mm */; };
		B6626AD51C15B47C0038175B /* yas_property_tests.mm in Sources */ = {isa = PBXBuildFile; fileRef = B6626ACD1C15B47C0038175B /* yas_property_tests.mm */; };
		B6626AD61C15B47C0038175B /* yas_base_tests.mm in Sources */ = {isa = PBXBuildFile; fileRef = B6626ACE1C15B47C0038175B /* yas_base_tests.mm */; };
		B6626AD71C15B47C0038175B /* yas_operation_tests.mm in Sources */ = {isa = PBXBuildFile; fileRef = B6626ACF1C15B47C0038175B /* yas_operation_tests.mm */; };
		B6626AE51C15B9270038175B /* yas_stl_utils_tests.mm in Sources */ = {isa = PBXBuildFile; fileRef = B6626AC81C15B47C0038175B /* yas_stl_utils_tests.mm */; };
		B6626AE61C15B92B0038175B /* yas_flex_pointer_tests.mm in Sources */ = {isa = PBXBuildFile; fileRef = B6626AC91C15B47C0038175B /* yas_flex_pointer_tests.mm */; };
		B6626AE71C15B92B0038175B /* yas_observing_tests.mm in Sources */ = {isa = PBXBuildFile; fileRef = B6626ACA1C15B47C0038175B /* yas_observing_tests.mm */; };
		B6626AE81C15B92B0038175B /* yas_cf_tests.mm in Sources */ = {isa = PBXBuildFile; fileRef = B6626ACB1C15B47C0038175B /* yas_cf_tests.mm */; };
		B6626AE91C15B92B0038175B /* yas_result_tests.mm in Sources */ = {isa = PBXBuildFile; fileRef = B6626ACC1C15B47C0038175B /* yas_result_tests.mm */; };
		B6626AEA1C15B92B0038175B /* yas_property_tests.mm in Sources */ = {isa = PBXBuildFile; fileRef = B6626ACD1C15B47C0038175B /* yas_property_tests.mm */; };
		B6626AEB1C15B92B0038175B /* yas_base_tests.mm in Sources */ = {isa = PBXBuildFile; fileRef = B6626ACE1C15B47C0038175B /* yas_base_tests.mm */; };
		B6626AEC1C15B92B0038175B /* yas_operation_tests.mm in Sources */ = {isa = PBXBuildFile; fileRef = B6626ACF1C15B47C0038175B /* yas_operation_tests.mm */; };
		B6626AED1C15B93B0038175B /* yas_base.cpp in Sources */ = {isa = PBXBuildFile; fileRef = B6626AAF1C15B4230038175B /* yas_base.cpp */; };
		B6626AEE1C15B93B0038175B /* yas_cf_utils.mm in Sources */ = {isa = PBXBuildFile; fileRef = B6626AB31C15B4230038175B /* yas_cf_utils.mm */; };
		B6626AEF1C15B93B0038175B /* yas_exception.cpp in Sources */ = {isa = PBXBuildFile; fileRef = B6626AB51C15B4230038175B /* yas_exception.cpp */; };
		B6626AF01C15B93B0038175B /* yas_flex_ptr.cpp in Sources */ = {isa = PBXBuildFile; fileRef = B6626AB71C15B4230038175B /* yas_flex_ptr.cpp */; };
		B6626AF11C15B93B0038175B /* yas_operation.cpp in Sources */ = {isa = PBXBuildFile; fileRef = B6626ABB1C15B4230038175B /* yas_operation.cpp */; };
		B6E745FA1C2EEEB700464402 /* yas_each_index_tests.mm in Sources */ = {isa = PBXBuildFile; fileRef = B6E745F91C2EEEB700464402 /* yas_each_index_tests.mm */; };
		B6E745FB1C2EEEB700464402 /* yas_each_index_tests.mm in Sources */ = {isa = PBXBuildFile; fileRef = B6E745F91C2EEEB700464402 /* yas_each_index_tests.mm */; };
/* End PBXBuildFile section */

/* Begin PBXFileReference section */
		B60AAA251C5DAFD30074C6FA /* yas_chain.cpp */ = {isa = PBXFileReference; fileEncoding = 4; lastKnownFileType = sourcecode.cpp.cpp; path = yas_chain.cpp; sourceTree = "<group>"; };
		B60AAA261C5DAFD30074C6FA /* yas_chain.h */ = {isa = PBXFileReference; fileEncoding = 4; lastKnownFileType = sourcecode.c.h; path = yas_chain.h; sourceTree = "<group>"; };
		B60AAA291C5DB6D60074C6FA /* yas_chain_tests.mm */ = {isa = PBXFileReference; fileEncoding = 4; lastKnownFileType = sourcecode.cpp.objcpp; path = yas_chain_tests.mm; sourceTree = "<group>"; };
		B60C5BD11C37F80100D7C886 /* yas_version.cpp */ = {isa = PBXFileReference; fileEncoding = 4; lastKnownFileType = sourcecode.cpp.cpp; path = yas_version.cpp; sourceTree = "<group>"; };
		B60C5BD21C37F80100D7C886 /* yas_version.h */ = {isa = PBXFileReference; fileEncoding = 4; lastKnownFileType = sourcecode.c.h; path = yas_version.h; sourceTree = "<group>"; };
		B60C5BD51C37FD2C00D7C886 /* yas_version_tests.mm */ = {isa = PBXFileReference; fileEncoding = 4; lastKnownFileType = sourcecode.cpp.objcpp; path = yas_version_tests.mm; sourceTree = "<group>"; };
		B63C48B21C393F7700B63598 /* yas_each_dictionary.cpp */ = {isa = PBXFileReference; fileEncoding = 4; lastKnownFileType = sourcecode.cpp.cpp; path = yas_each_dictionary.cpp; sourceTree = "<group>"; };
		B63C48B31C393F7700B63598 /* yas_each_dictionary.h */ = {isa = PBXFileReference; fileEncoding = 4; lastKnownFileType = sourcecode.c.h; path = yas_each_dictionary.h; sourceTree = "<group>"; };
		B63C48B61C3945AE00B63598 /* yas_each_dictionary_tests.mm */ = {isa = PBXFileReference; fileEncoding = 4; lastKnownFileType = sourcecode.cpp.objcpp; path = yas_each_dictionary_tests.mm; sourceTree = "<group>"; };
		B641BFAD1C2509FE00F742B4 /* yas_stl_utils.cpp */ = {isa = PBXFileReference; fileEncoding = 4; lastKnownFileType = sourcecode.cpp.cpp; path = yas_stl_utils.cpp; sourceTree = "<group>"; };
		B6626AA51C151E580038175B /* cpp_utils_test_mac.xctest */ = {isa = PBXFileReference; explicitFileType = wrapper.cfbundle; includeInIndex = 0; path = cpp_utils_test_mac.xctest; sourceTree = BUILT_PRODUCTS_DIR; };
		B6626AAA1C151E580038175B /* Info.plist */ = {isa = PBXFileReference; lastKnownFileType = text.plist.xml; path = Info.plist; sourceTree = "<group>"; };
		B6626AAF1C15B4230038175B /* yas_base.cpp */ = {isa = PBXFileReference; fileEncoding = 4; lastKnownFileType = sourcecode.cpp.cpp; path = yas_base.cpp; sourceTree = "<group>"; };
		B6626AB01C15B4230038175B /* yas_base.h */ = {isa = PBXFileReference; fileEncoding = 4; lastKnownFileType = sourcecode.c.h; path = yas_base.h; sourceTree = "<group>"; };
		B6626AB11C15B4230038175B /* yas_base_private.h */ = {isa = PBXFileReference; fileEncoding = 4; lastKnownFileType = sourcecode.c.h; path = yas_base_private.h; sourceTree = "<group>"; };
		B6626AB21C15B4230038175B /* yas_cf_utils.h */ = {isa = PBXFileReference; fileEncoding = 4; lastKnownFileType = sourcecode.c.h; path = yas_cf_utils.h; sourceTree = "<group>"; };
		B6626AB31C15B4230038175B /* yas_cf_utils.mm */ = {isa = PBXFileReference; fileEncoding = 4; lastKnownFileType = sourcecode.cpp.objcpp; path = yas_cf_utils.mm; sourceTree = "<group>"; };
		B6626AB41C15B4230038175B /* yas_cf_utils_private.h */ = {isa = PBXFileReference; fileEncoding = 4; lastKnownFileType = sourcecode.c.h; path = yas_cf_utils_private.h; sourceTree = "<group>"; };
		B6626AB51C15B4230038175B /* yas_exception.cpp */ = {isa = PBXFileReference; fileEncoding = 4; lastKnownFileType = sourcecode.cpp.cpp; path = yas_exception.cpp; sourceTree = "<group>"; };
		B6626AB61C15B4230038175B /* yas_exception.h */ = {isa = PBXFileReference; fileEncoding = 4; lastKnownFileType = sourcecode.c.h; path = yas_exception.h; sourceTree = "<group>"; };
		B6626AB71C15B4230038175B /* yas_flex_ptr.cpp */ = {isa = PBXFileReference; fileEncoding = 4; lastKnownFileType = sourcecode.cpp.cpp; path = yas_flex_ptr.cpp; sourceTree = "<group>"; };
		B6626AB81C15B4230038175B /* yas_flex_ptr.h */ = {isa = PBXFileReference; fileEncoding = 4; lastKnownFileType = sourcecode.c.h; path = yas_flex_ptr.h; sourceTree = "<group>"; };
		B6626AB91C15B4230038175B /* yas_observing.h */ = {isa = PBXFileReference; fileEncoding = 4; lastKnownFileType = sourcecode.c.h; path = yas_observing.h; sourceTree = "<group>"; };
		B6626ABA1C15B4230038175B /* yas_observing_private.h */ = {isa = PBXFileReference; fileEncoding = 4; lastKnownFileType = sourcecode.c.h; path = yas_observing_private.h; sourceTree = "<group>"; };
		B6626ABB1C15B4230038175B /* yas_operation.cpp */ = {isa = PBXFileReference; fileEncoding = 4; lastKnownFileType = sourcecode.cpp.cpp; path = yas_operation.cpp; sourceTree = "<group>"; };
		B6626ABC1C15B4230038175B /* yas_operation.h */ = {isa = PBXFileReference; fileEncoding = 4; lastKnownFileType = sourcecode.c.h; path = yas_operation.h; sourceTree = "<group>"; };
		B6626ABD1C15B4230038175B /* yas_property.h */ = {isa = PBXFileReference; fileEncoding = 4; lastKnownFileType = sourcecode.c.h; path = yas_property.h; sourceTree = "<group>"; };
		B6626ABE1C15B4230038175B /* yas_property_private.h */ = {isa = PBXFileReference; fileEncoding = 4; lastKnownFileType = sourcecode.c.h; path = yas_property_private.h; sourceTree = "<group>"; };
		B6626ABF1C15B4230038175B /* yas_result.h */ = {isa = PBXFileReference; fileEncoding = 4; lastKnownFileType = sourcecode.c.h; path = yas_result.h; sourceTree = "<group>"; };
		B6626AC01C15B4230038175B /* yas_result_private.h */ = {isa = PBXFileReference; fileEncoding = 4; lastKnownFileType = sourcecode.c.h; path = yas_result_private.h; sourceTree = "<group>"; };
		B6626AC11C15B4230038175B /* yas_stl_utils.h */ = {isa = PBXFileReference; fileEncoding = 4; lastKnownFileType = sourcecode.c.h; path = yas_stl_utils.h; sourceTree = "<group>"; };
		B6626AC21C15B4230038175B /* yas_stl_utils_private.h */ = {isa = PBXFileReference; fileEncoding = 4; lastKnownFileType = sourcecode.c.h; path = yas_stl_utils_private.h; sourceTree = "<group>"; };
		B6626AC81C15B47C0038175B /* yas_stl_utils_tests.mm */ = {isa = PBXFileReference; fileEncoding = 4; lastKnownFileType = sourcecode.cpp.objcpp; path = yas_stl_utils_tests.mm; sourceTree = "<group>"; };
		B6626AC91C15B47C0038175B /* yas_flex_pointer_tests.mm */ = {isa = PBXFileReference; fileEncoding = 4; lastKnownFileType = sourcecode.cpp.objcpp; path = yas_flex_pointer_tests.mm; sourceTree = "<group>"; };
		B6626ACA1C15B47C0038175B /* yas_observing_tests.mm */ = {isa = PBXFileReference; fileEncoding = 4; lastKnownFileType = sourcecode.cpp.objcpp; path = yas_observing_tests.mm; sourceTree = "<group>"; };
		B6626ACB1C15B47C0038175B /* yas_cf_tests.mm */ = {isa = PBXFileReference; fileEncoding = 4; lastKnownFileType = sourcecode.cpp.objcpp; path = yas_cf_tests.mm; sourceTree = "<group>"; };
		B6626ACC1C15B47C0038175B /* yas_result_tests.mm */ = {isa = PBXFileReference; fileEncoding = 4; lastKnownFileType = sourcecode.cpp.objcpp; path = yas_result_tests.mm; sourceTree = "<group>"; };
		B6626ACD1C15B47C0038175B /* yas_property_tests.mm */ = {isa = PBXFileReference; fileEncoding = 4; lastKnownFileType = sourcecode.cpp.objcpp; path = yas_property_tests.mm; sourceTree = "<group>"; };
		B6626ACE1C15B47C0038175B /* yas_base_tests.mm */ = {isa = PBXFileReference; fileEncoding = 4; lastKnownFileType = sourcecode.cpp.objcpp; path = yas_base_tests.mm; sourceTree = "<group>"; };
		B6626ACF1C15B47C0038175B /* yas_operation_tests.mm */ = {isa = PBXFileReference; fileEncoding = 4; lastKnownFileType = sourcecode.cpp.objcpp; path = yas_operation_tests.mm; sourceTree = "<group>"; };
		B6626AD81C15B6EC0038175B /* yas_types.h */ = {isa = PBXFileReference; fileEncoding = 4; lastKnownFileType = sourcecode.c.h; path = yas_types.h; sourceTree = "<group>"; };
		B6626ADD1C15B8EF0038175B /* cpp_utils_test_ios.xctest */ = {isa = PBXFileReference; explicitFileType = wrapper.cfbundle; includeInIndex = 0; path = cpp_utils_test_ios.xctest; sourceTree = BUILT_PRODUCTS_DIR; };
		B6E745F61C2EE02B00464402 /* yas_each_index.h */ = {isa = PBXFileReference; fileEncoding = 4; lastKnownFileType = sourcecode.c.h; path = yas_each_index.h; sourceTree = "<group>"; };
		B6E745F91C2EEEB700464402 /* yas_each_index_tests.mm */ = {isa = PBXFileReference; fileEncoding = 4; lastKnownFileType = sourcecode.cpp.objcpp; path = yas_each_index_tests.mm; sourceTree = "<group>"; };
		B6E745FC1C2F823900464402 /* yas_each_index_private.h */ = {isa = PBXFileReference; fileEncoding = 4; lastKnownFileType = sourcecode.c.h; path = yas_each_index_private.h; sourceTree = "<group>"; };
/* End PBXFileReference section */

/* Begin PBXFrameworksBuildPhase section */
		B6626AA21C151E580038175B /* Frameworks */ = {
			isa = PBXFrameworksBuildPhase;
			buildActionMask = 2147483647;
			files = (
			);
			runOnlyForDeploymentPostprocessing = 0;
		};
		B6626ADA1C15B8EF0038175B /* Frameworks */ = {
			isa = PBXFrameworksBuildPhase;
			buildActionMask = 2147483647;
			files = (
			);
			runOnlyForDeploymentPostprocessing = 0;
		};
/* End PBXFrameworksBuildPhase section */

/* Begin PBXGroup section */
		B6626A9A1C151E380038175B = {
			isa = PBXGroup;
			children = (
				B6626AAE1C15B4230038175B /* cpp_utils */,
				B6626AA71C151E580038175B /* cpp_utils_test */,
				B6626AA61C151E580038175B /* Products */,
			);
			sourceTree = "<group>";
		};
		B6626AA61C151E580038175B /* Products */ = {
			isa = PBXGroup;
			children = (
				B6626AA51C151E580038175B /* cpp_utils_test_mac.xctest */,
				B6626ADD1C15B8EF0038175B /* cpp_utils_test_ios.xctest */,
			);
			name = Products;
			sourceTree = "<group>";
		};
		B6626AA71C151E580038175B /* cpp_utils_test */ = {
			isa = PBXGroup;
			children = (
				B6626AAA1C151E580038175B /* Info.plist */,
				B6626ACE1C15B47C0038175B /* yas_base_tests.mm */,
				B6626ACB1C15B47C0038175B /* yas_cf_tests.mm */,
				B63C48B61C3945AE00B63598 /* yas_each_dictionary_tests.mm */,
				B6E745F91C2EEEB700464402 /* yas_each_index_tests.mm */,
				B6626AC91C15B47C0038175B /* yas_flex_pointer_tests.mm */,
				B6626ACA1C15B47C0038175B /* yas_observing_tests.mm */,
				B6626ACF1C15B47C0038175B /* yas_operation_tests.mm */,
				B6626ACD1C15B47C0038175B /* yas_property_tests.mm */,
				B6626ACC1C15B47C0038175B /* yas_result_tests.mm */,
				B6626AC81C15B47C0038175B /* yas_stl_utils_tests.mm */,
				B60C5BD51C37FD2C00D7C886 /* yas_version_tests.mm */,
				B60AAA291C5DB6D60074C6FA /* yas_chain_tests.mm */,
			);
			path = cpp_utils_test;
			sourceTree = "<group>";
		};
		B6626AAE1C15B4230038175B /* cpp_utils */ = {
			isa = PBXGroup;
			children = (
				B6626AB11C15B4230038175B /* yas_base_private.h */,
				B6626AAF1C15B4230038175B /* yas_base.cpp */,
				B6626AB01C15B4230038175B /* yas_base.h */,
				B6626AB41C15B4230038175B /* yas_cf_utils_private.h */,
				B6626AB21C15B4230038175B /* yas_cf_utils.h */,
				B6626AB31C15B4230038175B /* yas_cf_utils.mm */,
				B60AAA251C5DAFD30074C6FA /* yas_chain.cpp */,
				B60AAA261C5DAFD30074C6FA /* yas_chain.h */,
				B63C48B21C393F7700B63598 /* yas_each_dictionary.cpp */,
				B63C48B31C393F7700B63598 /* yas_each_dictionary.h */,
				B6E745FC1C2F823900464402 /* yas_each_index_private.h */,
				B6E745F61C2EE02B00464402 /* yas_each_index.h */,
				B6626AB51C15B4230038175B /* yas_exception.cpp */,
				B6626AB61C15B4230038175B /* yas_exception.h */,
				B6626AB71C15B4230038175B /* yas_flex_ptr.cpp */,
				B6626AB81C15B4230038175B /* yas_flex_ptr.h */,
				B6626ABA1C15B4230038175B /* yas_observing_private.h */,
				B6626AB91C15B4230038175B /* yas_observing.h */,
				B6626ABB1C15B4230038175B /* yas_operation.cpp */,
				B6626ABC1C15B4230038175B /* yas_operation.h */,
				B6626ABE1C15B4230038175B /* yas_property_private.h */,
				B6626ABD1C15B4230038175B /* yas_property.h */,
				B6626AC01C15B4230038175B /* yas_result_private.h */,
				B6626ABF1C15B4230038175B /* yas_result.h */,
				B6626AC21C15B4230038175B /* yas_stl_utils_private.h */,
				B641BFAD1C2509FE00F742B4 /* yas_stl_utils.cpp */,
				B6626AC11C15B4230038175B /* yas_stl_utils.h */,
				B6626AD81C15B6EC0038175B /* yas_types.h */,
				B60C5BD11C37F80100D7C886 /* yas_version.cpp */,
				B60C5BD21C37F80100D7C886 /* yas_version.h */,
			);
			name = cpp_utils;
			path = ../cpp_utils;
			sourceTree = "<group>";
		};
/* End PBXGroup section */

/* Begin PBXNativeTarget section */
		B6626AA41C151E580038175B /* cpp_utils_test_mac */ = {
			isa = PBXNativeTarget;
			buildConfigurationList = B6626AAB1C151E580038175B /* Build configuration list for PBXNativeTarget "cpp_utils_test_mac" */;
			buildPhases = (
				B6626AA11C151E580038175B /* Sources */,
				B6626AA21C151E580038175B /* Frameworks */,
				B6626AA31C151E580038175B /* Resources */,
			);
			buildRules = (
			);
			dependencies = (
			);
			name = cpp_utils_test_mac;
			productName = cpp_utils_test;
			productReference = B6626AA51C151E580038175B /* cpp_utils_test_mac.xctest */;
			productType = "com.apple.product-type.bundle.unit-test";
		};
		B6626ADC1C15B8EF0038175B /* cpp_utils_test_ios */ = {
			isa = PBXNativeTarget;
			buildConfigurationList = B6626AE21C15B8EF0038175B /* Build configuration list for PBXNativeTarget "cpp_utils_test_ios" */;
			buildPhases = (
				B6626AD91C15B8EF0038175B /* Sources */,
				B6626ADA1C15B8EF0038175B /* Frameworks */,
				B6626ADB1C15B8EF0038175B /* Resources */,
			);
			buildRules = (
			);
			dependencies = (
			);
			name = cpp_utils_test_ios;
			productName = cpp_utils_test_ios;
			productReference = B6626ADD1C15B8EF0038175B /* cpp_utils_test_ios.xctest */;
			productType = "com.apple.product-type.bundle.unit-test";
		};
/* End PBXNativeTarget section */

/* Begin PBXProject section */
		B6626A9B1C151E380038175B /* Project object */ = {
			isa = PBXProject;
			attributes = {
				LastUpgradeCheck = 0720;
				TargetAttributes = {
					B6626AA41C151E580038175B = {
						CreatedOnToolsVersion = 7.1.1;
					};
					B6626ADC1C15B8EF0038175B = {
						CreatedOnToolsVersion = 7.1.1;
					};
				};
			};
			buildConfigurationList = B6626A9E1C151E380038175B /* Build configuration list for PBXProject "cpp_utils_test" */;
			compatibilityVersion = "Xcode 3.2";
			developmentRegion = English;
			hasScannedForEncodings = 0;
			knownRegions = (
				en,
			);
			mainGroup = B6626A9A1C151E380038175B;
			productRefGroup = B6626AA61C151E580038175B /* Products */;
			projectDirPath = "";
			projectRoot = "";
			targets = (
				B6626AA41C151E580038175B /* cpp_utils_test_mac */,
				B6626ADC1C15B8EF0038175B /* cpp_utils_test_ios */,
			);
		};
/* End PBXProject section */

/* Begin PBXResourcesBuildPhase section */
		B6626AA31C151E580038175B /* Resources */ = {
			isa = PBXResourcesBuildPhase;
			buildActionMask = 2147483647;
			files = (
			);
			runOnlyForDeploymentPostprocessing = 0;
		};
		B6626ADB1C15B8EF0038175B /* Resources */ = {
			isa = PBXResourcesBuildPhase;
			buildActionMask = 2147483647;
			files = (
			);
			runOnlyForDeploymentPostprocessing = 0;
		};
/* End PBXResourcesBuildPhase section */

/* Begin PBXSourcesBuildPhase section */
		B6626AA11C151E580038175B /* Sources */ = {
			isa = PBXSourcesBuildPhase;
			buildActionMask = 2147483647;
			files = (
				B63C48B41C393F7700B63598 /* yas_each_dictionary.cpp in Sources */,
				B6626AD61C15B47C0038175B /* yas_base_tests.mm in Sources */,
				B6E745FA1C2EEEB700464402 /* yas_each_index_tests.mm in Sources */,
				B60C5BD31C37F80100D7C886 /* yas_version.cpp in Sources */,
				B63C48B71C3945AE00B63598 /* yas_each_dictionary_tests.mm in Sources */,
				B6626AC31C15B4230038175B /* yas_base.cpp in Sources */,
				B6626AC51C15B4230038175B /* yas_exception.cpp in Sources */,
				B6626AC61C15B4230038175B /* yas_flex_ptr.cpp in Sources */,
				B6626AC71C15B4230038175B /* yas_operation.cpp in Sources */,
				B60AAA271C5DAFD30074C6FA /* yas_chain.cpp in Sources */,
				B6626AD71C15B47C0038175B /* yas_operation_tests.mm in Sources */,
				B6626AD51C15B47C0038175B /* yas_property_tests.mm in Sources */,
				B6626AD31C15B47C0038175B /* yas_cf_tests.mm in Sources */,
				B6626AD21C15B47C0038175B /* yas_observing_tests.mm in Sources */,
				B6626AC41C15B4230038175B /* yas_cf_utils.mm in Sources */,
				B6626AD41C15B47C0038175B /* yas_result_tests.mm in Sources */,
				B60C5BD61C37FD2C00D7C886 /* yas_version_tests.mm in Sources */,
				B6626AD01C15B47C0038175B /* yas_stl_utils_tests.mm in Sources */,
				B6626AD11C15B47C0038175B /* yas_flex_pointer_tests.mm in Sources */,
				B641BFAE1C2509FE00F742B4 /* yas_stl_utils.cpp in Sources */,
				B60AAA2A1C5DB6D60074C6FA /* yas_chain_tests.mm in Sources */,
			);
			runOnlyForDeploymentPostprocessing = 0;
		};
		B6626AD91C15B8EF0038175B /* Sources */ = {
			isa = PBXSourcesBuildPhase;
			buildActionMask = 2147483647;
			files = (
				B63C48B51C393F7700B63598 /* yas_each_dictionary.cpp in Sources */,
				B6626AE91C15B92B0038175B /* yas_result_tests.mm in Sources */,
				B6E745FB1C2EEEB700464402 /* yas_each_index_tests.mm in Sources */,
				B60C5BD41C37F80100D7C886 /* yas_version.cpp in Sources */,
				B63C48B81C3945AE00B63598 /* yas_each_dictionary_tests.mm in Sources */,
				B6626AF01C15B93B0038175B /* yas_flex_ptr.cpp in Sources */,
				B6626AED1C15B93B0038175B /* yas_base.cpp in Sources */,
				B6626AEE1C15B93B0038175B /* yas_cf_utils.mm in Sources */,
				B6626AE61C15B92B0038175B /* yas_flex_pointer_tests.mm in Sources */,
				B60AAA281C5DAFD30074C6FA /* yas_chain.cpp in Sources */,
				B6626AE71C15B92B0038175B /* yas_observing_tests.mm in Sources */,
				B6626AEB1C15B92B0038175B /* yas_base_tests.mm in Sources */,
				B6626AE81C15B92B0038175B /* yas_cf_tests.mm in Sources */,
				B6626AEC1C15B92B0038175B /* yas_operation_tests.mm in Sources */,
				B6626AEF1C15B93B0038175B /* yas_exception.cpp in Sources */,
				B6626AEA1C15B92B0038175B /* yas_property_tests.mm in Sources */,
				B60C5BD71C37FD2C00D7C886 /* yas_version_tests.mm in Sources */,
				B6626AE51C15B9270038175B /* yas_stl_utils_tests.mm in Sources */,
				B6626AF11C15B93B0038175B /* yas_operation.cpp in Sources */,
				B641BFAF1C2509FE00F742B4 /* yas_stl_utils.cpp in Sources */,
				B60AAA2B1C5DB6D60074C6FA /* yas_chain_tests.mm in Sources */,
			);
			runOnlyForDeploymentPostprocessing = 0;
		};
/* End PBXSourcesBuildPhase section */

/* Begin XCBuildConfiguration section */
		B6626A9F1C151E380038175B /* Debug */ = {
			isa = XCBuildConfiguration;
			buildSettings = {
				ENABLE_TESTABILITY = YES;
				ONLY_ACTIVE_ARCH = YES;
			};
			name = Debug;
		};
		B6626AA01C151E380038175B /* Release */ = {
			isa = XCBuildConfiguration;
			buildSettings = {
			};
			name = Release;
		};
		B6626AAC1C151E580038175B /* Debug */ = {
			isa = XCBuildConfiguration;
			buildSettings = {
				ALWAYS_SEARCH_USER_PATHS = NO;
				CLANG_CXX_LANGUAGE_STANDARD = "gnu++14";
				CLANG_CXX_LIBRARY = "libc++";
				CLANG_ENABLE_MODULES = YES;
				CLANG_ENABLE_OBJC_ARC = YES;
				CLANG_WARN_BOOL_CONVERSION = YES;
				CLANG_WARN_CONSTANT_CONVERSION = YES;
				CLANG_WARN_DIRECT_OBJC_ISA_USAGE = YES_ERROR;
				CLANG_WARN_EMPTY_BODY = YES;
				CLANG_WARN_ENUM_CONVERSION = YES;
				CLANG_WARN_INT_CONVERSION = YES;
				CLANG_WARN_OBJC_ROOT_CLASS = YES_ERROR;
				CLANG_WARN_UNREACHABLE_CODE = YES;
				CLANG_WARN__DUPLICATE_METHOD_MATCH = YES;
				CODE_SIGN_IDENTITY = "-";
				COMBINE_HIDPI_IMAGES = YES;
				COPY_PHASE_STRIP = NO;
				DEBUG_INFORMATION_FORMAT = dwarf;
				ENABLE_STRICT_OBJC_MSGSEND = YES;
				ENABLE_TESTABILITY = YES;
				GCC_C_LANGUAGE_STANDARD = gnu99;
				GCC_DYNAMIC_NO_PIC = NO;
				GCC_NO_COMMON_BLOCKS = YES;
				GCC_OPTIMIZATION_LEVEL = 0;
				GCC_PREPROCESSOR_DEFINITIONS = (
					"DEBUG=1",
					"$(inherited)",
				);
				GCC_WARN_64_TO_32_BIT_CONVERSION = YES;
				GCC_WARN_ABOUT_RETURN_TYPE = YES_ERROR;
				GCC_WARN_UNDECLARED_SELECTOR = YES;
				GCC_WARN_UNINITIALIZED_AUTOS = YES_AGGRESSIVE;
				GCC_WARN_UNUSED_FUNCTION = YES;
				GCC_WARN_UNUSED_VARIABLE = YES;
				INFOPLIST_FILE = cpp_utils_test/Info.plist;
				LD_RUNPATH_SEARCH_PATHS = "$(inherited) @executable_path/../Frameworks @loader_path/../Frameworks";
				MACOSX_DEPLOYMENT_TARGET = 10.11;
				MTL_ENABLE_DEBUG_INFO = YES;
				ONLY_ACTIVE_ARCH = YES;
				PRODUCT_BUNDLE_IDENTIFIER = "jp.objective-audio.cpp-utils-test";
				PRODUCT_NAME = "$(TARGET_NAME)";
				SDKROOT = macosx;
			};
			name = Debug;
		};
		B6626AAD1C151E580038175B /* Release */ = {
			isa = XCBuildConfiguration;
			buildSettings = {
				ALWAYS_SEARCH_USER_PATHS = NO;
				CLANG_CXX_LANGUAGE_STANDARD = "gnu++14";
				CLANG_CXX_LIBRARY = "libc++";
				CLANG_ENABLE_MODULES = YES;
				CLANG_ENABLE_OBJC_ARC = YES;
				CLANG_WARN_BOOL_CONVERSION = YES;
				CLANG_WARN_CONSTANT_CONVERSION = YES;
				CLANG_WARN_DIRECT_OBJC_ISA_USAGE = YES_ERROR;
				CLANG_WARN_EMPTY_BODY = YES;
				CLANG_WARN_ENUM_CONVERSION = YES;
				CLANG_WARN_INT_CONVERSION = YES;
				CLANG_WARN_OBJC_ROOT_CLASS = YES_ERROR;
				CLANG_WARN_UNREACHABLE_CODE = YES;
				CLANG_WARN__DUPLICATE_METHOD_MATCH = YES;
				CODE_SIGN_IDENTITY = "-";
				COMBINE_HIDPI_IMAGES = YES;
				COPY_PHASE_STRIP = NO;
				DEBUG_INFORMATION_FORMAT = "dwarf-with-dsym";
				ENABLE_NS_ASSERTIONS = NO;
				ENABLE_STRICT_OBJC_MSGSEND = YES;
				GCC_C_LANGUAGE_STANDARD = gnu99;
				GCC_NO_COMMON_BLOCKS = YES;
				GCC_WARN_64_TO_32_BIT_CONVERSION = YES;
				GCC_WARN_ABOUT_RETURN_TYPE = YES_ERROR;
				GCC_WARN_UNDECLARED_SELECTOR = YES;
				GCC_WARN_UNINITIALIZED_AUTOS = YES_AGGRESSIVE;
				GCC_WARN_UNUSED_FUNCTION = YES;
				GCC_WARN_UNUSED_VARIABLE = YES;
				INFOPLIST_FILE = cpp_utils_test/Info.plist;
				LD_RUNPATH_SEARCH_PATHS = "$(inherited) @executable_path/../Frameworks @loader_path/../Frameworks";
				MACOSX_DEPLOYMENT_TARGET = 10.11;
				MTL_ENABLE_DEBUG_INFO = NO;
				PRODUCT_BUNDLE_IDENTIFIER = "jp.objective-audio.cpp-utils-test";
				PRODUCT_NAME = "$(TARGET_NAME)";
				SDKROOT = macosx;
			};
			name = Release;
		};
		B6626AE31C15B8EF0038175B /* Debug */ = {
			isa = XCBuildConfiguration;
			buildSettings = {
				ALWAYS_SEARCH_USER_PATHS = NO;
				CLANG_CXX_LANGUAGE_STANDARD = "gnu++14";
				CLANG_CXX_LIBRARY = "libc++";
				CLANG_ENABLE_MODULES = YES;
				CLANG_ENABLE_OBJC_ARC = YES;
				CLANG_WARN_BOOL_CONVERSION = YES;
				CLANG_WARN_CONSTANT_CONVERSION = YES;
				CLANG_WARN_DIRECT_OBJC_ISA_USAGE = YES_ERROR;
				CLANG_WARN_EMPTY_BODY = YES;
				CLANG_WARN_ENUM_CONVERSION = YES;
				CLANG_WARN_INT_CONVERSION = YES;
				CLANG_WARN_OBJC_ROOT_CLASS = YES_ERROR;
				CLANG_WARN_UNREACHABLE_CODE = YES;
				CLANG_WARN__DUPLICATE_METHOD_MATCH = YES;
				"CODE_SIGN_IDENTITY[sdk=iphoneos*]" = "iPhone Developer";
				COPY_PHASE_STRIP = NO;
				DEBUG_INFORMATION_FORMAT = dwarf;
				ENABLE_STRICT_OBJC_MSGSEND = YES;
				ENABLE_TESTABILITY = YES;
				GCC_C_LANGUAGE_STANDARD = gnu99;
				GCC_DYNAMIC_NO_PIC = NO;
				GCC_NO_COMMON_BLOCKS = YES;
				GCC_OPTIMIZATION_LEVEL = 0;
				GCC_PREPROCESSOR_DEFINITIONS = (
					"DEBUG=1",
					"$(inherited)",
				);
				GCC_WARN_64_TO_32_BIT_CONVERSION = YES;
				GCC_WARN_ABOUT_RETURN_TYPE = YES_ERROR;
				GCC_WARN_UNDECLARED_SELECTOR = YES;
				GCC_WARN_UNINITIALIZED_AUTOS = YES_AGGRESSIVE;
				GCC_WARN_UNUSED_FUNCTION = YES;
				GCC_WARN_UNUSED_VARIABLE = YES;
				INFOPLIST_FILE = cpp_utils_test/Info.plist;
				IPHONEOS_DEPLOYMENT_TARGET = 9.1;
				LD_RUNPATH_SEARCH_PATHS = "$(inherited) @executable_path/Frameworks @loader_path/Frameworks";
				MTL_ENABLE_DEBUG_INFO = YES;
				ONLY_ACTIVE_ARCH = YES;
				PRODUCT_BUNDLE_IDENTIFIER = "jp.objective-audio.cpp-utils-test-ios";
				PRODUCT_NAME = "$(TARGET_NAME)";
				SDKROOT = iphoneos;
			};
			name = Debug;
		};
		B6626AE41C15B8EF0038175B /* Release */ = {
			isa = XCBuildConfiguration;
			buildSettings = {
				ALWAYS_SEARCH_USER_PATHS = NO;
				CLANG_CXX_LANGUAGE_STANDARD = "gnu++14";
				CLANG_CXX_LIBRARY = "libc++";
				CLANG_ENABLE_MODULES = YES;
				CLANG_ENABLE_OBJC_ARC = YES;
				CLANG_WARN_BOOL_CONVERSION = YES;
				CLANG_WARN_CONSTANT_CONVERSION = YES;
				CLANG_WARN_DIRECT_OBJC_ISA_USAGE = YES_ERROR;
				CLANG_WARN_EMPTY_BODY = YES;
				CLANG_WARN_ENUM_CONVERSION = YES;
				CLANG_WARN_INT_CONVERSION = YES;
				CLANG_WARN_OBJC_ROOT_CLASS = YES_ERROR;
				CLANG_WARN_UNREACHABLE_CODE = YES;
				CLANG_WARN__DUPLICATE_METHOD_MATCH = YES;
				"CODE_SIGN_IDENTITY[sdk=iphoneos*]" = "iPhone Developer";
				COPY_PHASE_STRIP = NO;
				DEBUG_INFORMATION_FORMAT = "dwarf-with-dsym";
				ENABLE_NS_ASSERTIONS = NO;
				ENABLE_STRICT_OBJC_MSGSEND = YES;
				GCC_C_LANGUAGE_STANDARD = gnu99;
				GCC_NO_COMMON_BLOCKS = YES;
				GCC_WARN_64_TO_32_BIT_CONVERSION = YES;
				GCC_WARN_ABOUT_RETURN_TYPE = YES_ERROR;
				GCC_WARN_UNDECLARED_SELECTOR = YES;
				GCC_WARN_UNINITIALIZED_AUTOS = YES_AGGRESSIVE;
				GCC_WARN_UNUSED_FUNCTION = YES;
				GCC_WARN_UNUSED_VARIABLE = YES;
				INFOPLIST_FILE = cpp_utils_test/Info.plist;
				IPHONEOS_DEPLOYMENT_TARGET = 9.1;
				LD_RUNPATH_SEARCH_PATHS = "$(inherited) @executable_path/Frameworks @loader_path/Frameworks";
				MTL_ENABLE_DEBUG_INFO = NO;
				PRODUCT_BUNDLE_IDENTIFIER = "jp.objective-audio.cpp-utils-test-ios";
				PRODUCT_NAME = "$(TARGET_NAME)";
				SDKROOT = iphoneos;
				VALIDATE_PRODUCT = YES;
			};
			name = Release;
		};
/* End XCBuildConfiguration section */

/* Begin XCConfigurationList section */
		B6626A9E1C151E380038175B /* Build configuration list for PBXProject "cpp_utils_test" */ = {
			isa = XCConfigurationList;
			buildConfigurations = (
				B6626A9F1C151E380038175B /* Debug */,
				B6626AA01C151E380038175B /* Release */,
			);
			defaultConfigurationIsVisible = 0;
			defaultConfigurationName = Release;
		};
		B6626AAB1C151E580038175B /* Build configuration list for PBXNativeTarget "cpp_utils_test_mac" */ = {
			isa = XCConfigurationList;
			buildConfigurations = (
				B6626AAC1C151E580038175B /* Debug */,
				B6626AAD1C151E580038175B /* Release */,
			);
			defaultConfigurationIsVisible = 0;
			defaultConfigurationName = Release;
		};
		B6626AE21C15B8EF0038175B /* Build configuration list for PBXNativeTarget "cpp_utils_test_ios" */ = {
			isa = XCConfigurationList;
			buildConfigurations = (
				B6626AE31C15B8EF0038175B /* Debug */,
				B6626AE41C15B8EF0038175B /* Release */,
			);
			defaultConfigurationIsVisible = 0;
			defaultConfigurationName = Release;
		};
/* End XCConfigurationList section */
	};
	rootObject = B6626A9B1C151E380038175B /* Project object */;
}
