// !$*UTF8*$!
{
	archiveVersion = 1;
	classes = {
	};
	objectVersion = 46;
	objects = {

/* Begin PBXBuildFile section */
		B60477B81E1B31C000195A0F /* yas_fast_each_tests.mm in Sources */ = {isa = PBXBuildFile; fileRef = B60477B71E1B31C000195A0F /* yas_fast_each_tests.mm */; };
		B60477B91E1B31CA00195A0F /* yas_fast_each_tests.mm in Sources */ = {isa = PBXBuildFile; fileRef = B60477B71E1B31C000195A0F /* yas_fast_each_tests.mm */; };
		B60AAA271C5DAFD30074C6FA /* yas_chain.cpp in Sources */ = {isa = PBXBuildFile; fileRef = B60AAA251C5DAFD30074C6FA /* yas_chain.cpp */; };
		B60AAA281C5DAFD30074C6FA /* yas_chain.cpp in Sources */ = {isa = PBXBuildFile; fileRef = B60AAA251C5DAFD30074C6FA /* yas_chain.cpp */; };
		B60AAA2A1C5DB6D60074C6FA /* yas_chain_tests.mm in Sources */ = {isa = PBXBuildFile; fileRef = B60AAA291C5DB6D60074C6FA /* yas_chain_tests.mm */; };
		B60AAA2B1C5DB6D60074C6FA /* yas_chain_tests.mm in Sources */ = {isa = PBXBuildFile; fileRef = B60AAA291C5DB6D60074C6FA /* yas_chain_tests.mm */; };
		B60BE29F1E9A0DCB00841AD9 /* yas_property.cpp in Sources */ = {isa = PBXBuildFile; fileRef = B60BE29E1E9A0DCB00841AD9 /* yas_property.cpp */; };
		B60BE2A01E9A0DD100841AD9 /* yas_property.cpp in Sources */ = {isa = PBXBuildFile; fileRef = B60BE29E1E9A0DCB00841AD9 /* yas_property.cpp */; };
		B60C5BD31C37F80100D7C886 /* yas_version.cpp in Sources */ = {isa = PBXBuildFile; fileRef = B60C5BD11C37F80100D7C886 /* yas_version.cpp */; };
		B60C5BD41C37F80100D7C886 /* yas_version.cpp in Sources */ = {isa = PBXBuildFile; fileRef = B60C5BD11C37F80100D7C886 /* yas_version.cpp */; };
		B60C5BD61C37FD2C00D7C886 /* yas_version_tests.mm in Sources */ = {isa = PBXBuildFile; fileRef = B60C5BD51C37FD2C00D7C886 /* yas_version_tests.mm */; };
		B60C5BD71C37FD2C00D7C886 /* yas_version_tests.mm in Sources */ = {isa = PBXBuildFile; fileRef = B60C5BD51C37FD2C00D7C886 /* yas_version_tests.mm */; };
		B610E98B2065E8B5004A46B5 /* yas_data_tests.mm in Sources */ = {isa = PBXBuildFile; fileRef = B610E98A2065E8B5004A46B5 /* yas_data_tests.mm */; };
		B610E98C2065E8B5004A46B5 /* yas_data_tests.mm in Sources */ = {isa = PBXBuildFile; fileRef = B610E98A2065E8B5004A46B5 /* yas_data_tests.mm */; };
		B610E99620660AB3004A46B5 /* yas_data.cpp in Sources */ = {isa = PBXBuildFile; fileRef = B610E99520660AB3004A46B5 /* yas_data.cpp */; };
		B610E99720660AB3004A46B5 /* yas_data.cpp in Sources */ = {isa = PBXBuildFile; fileRef = B610E99520660AB3004A46B5 /* yas_data.cpp */; };
		B610E99A20661089004A46B5 /* Accelerate.framework in Frameworks */ = {isa = PBXBuildFile; fileRef = B610E99920661089004A46B5 /* Accelerate.framework */; };
		B610E99B206614A0004A46B5 /* Accelerate.framework in Frameworks */ = {isa = PBXBuildFile; fileRef = B610E99920661089004A46B5 /* Accelerate.framework */; };
		B61889601F3FFE3400AD3ED2 /* yas_state_machine_tests.mm in Sources */ = {isa = PBXBuildFile; fileRef = B618895F1F3FFE3400AD3ED2 /* yas_state_machine_tests.mm */; };
		B61889611F3FFE3800AD3ED2 /* yas_state_machine_tests.mm in Sources */ = {isa = PBXBuildFile; fileRef = B618895F1F3FFE3400AD3ED2 /* yas_state_machine_tests.mm */; };
		B61D4FAE20007E68001B8384 /* yas_any.cpp in Sources */ = {isa = PBXBuildFile; fileRef = B61D4FAC20007E68001B8384 /* yas_any.cpp */; };
		B61D4FAF20007E68001B8384 /* yas_any.cpp in Sources */ = {isa = PBXBuildFile; fileRef = B61D4FAC20007E68001B8384 /* yas_any.cpp */; };
		B61D4FB220008567001B8384 /* yas_any_tests.mm in Sources */ = {isa = PBXBuildFile; fileRef = B61D4FB120008567001B8384 /* yas_any_tests.mm */; };
		B62B540E205EAEDF00A300E5 /* yas_types_tests.mm in Sources */ = {isa = PBXBuildFile; fileRef = B62B540D205EAEDF00A300E5 /* yas_types_tests.mm */; };
		B62B540F205EAEDF00A300E5 /* yas_types_tests.mm in Sources */ = {isa = PBXBuildFile; fileRef = B62B540D205EAEDF00A300E5 /* yas_types_tests.mm */; };
		B637E6B71C5F832C00C8D288 /* yas_unless_tests.mm in Sources */ = {isa = PBXBuildFile; fileRef = B637E6B61C5F832C00C8D288 /* yas_unless_tests.mm */; };
		B637E6B81C5F832C00C8D288 /* yas_unless_tests.mm in Sources */ = {isa = PBXBuildFile; fileRef = B637E6B61C5F832C00C8D288 /* yas_unless_tests.mm */; };
		B63C48B41C393F7700B63598 /* yas_each_dictionary.cpp in Sources */ = {isa = PBXBuildFile; fileRef = B63C48B21C393F7700B63598 /* yas_each_dictionary.cpp */; };
		B63C48B51C393F7700B63598 /* yas_each_dictionary.cpp in Sources */ = {isa = PBXBuildFile; fileRef = B63C48B21C393F7700B63598 /* yas_each_dictionary.cpp */; };
		B63C48B71C3945AE00B63598 /* yas_each_dictionary_tests.mm in Sources */ = {isa = PBXBuildFile; fileRef = B63C48B61C3945AE00B63598 /* yas_each_dictionary_tests.mm */; };
		B63C48B81C3945AE00B63598 /* yas_each_dictionary_tests.mm in Sources */ = {isa = PBXBuildFile; fileRef = B63C48B61C3945AE00B63598 /* yas_each_dictionary_tests.mm */; };
		B641BFAE1C2509FE00F742B4 /* yas_stl_utils.cpp in Sources */ = {isa = PBXBuildFile; fileRef = B641BFAD1C2509FE00F742B4 /* yas_stl_utils.cpp */; };
		B641BFAF1C2509FE00F742B4 /* yas_stl_utils.cpp in Sources */ = {isa = PBXBuildFile; fileRef = B641BFAD1C2509FE00F742B4 /* yas_stl_utils.cpp */; };
		B64617C41D1E7E7E0051DFA2 /* yas_objc_cast_tests.mm in Sources */ = {isa = PBXBuildFile; fileRef = B64617C31D1E7E7E0051DFA2 /* yas_objc_cast_tests.mm */; };
		B64617C51D1E7E7E0051DFA2 /* yas_objc_cast_tests.mm in Sources */ = {isa = PBXBuildFile; fileRef = B64617C31D1E7E7E0051DFA2 /* yas_objc_cast_tests.mm */; };
		B65BF9181C946F1600856B6A /* yas_protocol.cpp in Sources */ = {isa = PBXBuildFile; fileRef = B65BF9161C946F1600856B6A /* yas_protocol.cpp */; };
		B65BF9191C946F1600856B6A /* yas_protocol.cpp in Sources */ = {isa = PBXBuildFile; fileRef = B65BF9161C946F1600856B6A /* yas_protocol.cpp */; };
		B65BF91C1C95072300856B6A /* yas_protocol_tests.mm in Sources */ = {isa = PBXBuildFile; fileRef = B65BF91B1C95072300856B6A /* yas_protocol_tests.mm */; };
		B65BF91D1C95072300856B6A /* yas_protocol_tests.mm in Sources */ = {isa = PBXBuildFile; fileRef = B65BF91B1C95072300856B6A /* yas_protocol_tests.mm */; };
		B66116CD1EA6625A000A048C /* yas_each_data_tests.mm in Sources */ = {isa = PBXBuildFile; fileRef = B66116CC1EA6625A000A048C /* yas_each_data_tests.mm */; };
		B66116CE1EA6625A000A048C /* yas_each_data_tests.mm in Sources */ = {isa = PBXBuildFile; fileRef = B66116CC1EA6625A000A048C /* yas_each_data_tests.mm */; };
		B6626AC31C15B4230038175B /* yas_base.cpp in Sources */ = {isa = PBXBuildFile; fileRef = B6626AAF1C15B4230038175B /* yas_base.cpp */; };
		B6626AC41C15B4230038175B /* yas_cf_utils.mm in Sources */ = {isa = PBXBuildFile; fileRef = B6626AB31C15B4230038175B /* yas_cf_utils.mm */; };
		B6626AC51C15B4230038175B /* yas_exception.cpp in Sources */ = {isa = PBXBuildFile; fileRef = B6626AB51C15B4230038175B /* yas_exception.cpp */; };
		B6626AC61C15B4230038175B /* yas_flex_ptr.cpp in Sources */ = {isa = PBXBuildFile; fileRef = B6626AB71C15B4230038175B /* yas_flex_ptr.cpp */; };
		B6626AC71C15B4230038175B /* yas_operation.cpp in Sources */ = {isa = PBXBuildFile; fileRef = B6626ABB1C15B4230038175B /* yas_operation.cpp */; };
		B6626AD01C15B47C0038175B /* yas_stl_utils_tests.mm in Sources */ = {isa = PBXBuildFile; fileRef = B6626AC81C15B47C0038175B /* yas_stl_utils_tests.mm */; };
		B6626AD11C15B47C0038175B /* yas_flex_pointer_tests.mm in Sources */ = {isa = PBXBuildFile; fileRef = B6626AC91C15B47C0038175B /* yas_flex_pointer_tests.mm */; };
		B6626AD21C15B47C0038175B /* yas_observing_tests.mm in Sources */ = {isa = PBXBuildFile; fileRef = B6626ACA1C15B47C0038175B /* yas_observing_tests.mm */; };
		B6626AD31C15B47C0038175B /* yas_cf_tests.mm in Sources */ = {isa = PBXBuildFile; fileRef = B6626ACB1C15B47C0038175B /* yas_cf_tests.mm */; };
		B6626AD41C15B47C0038175B /* yas_result_tests.mm in Sources */ = {isa = PBXBuildFile; fileRef = B6626ACC1C15B47C0038175B /* yas_result_tests.mm */; };
		B6626AD51C15B47C0038175B /* yas_property_tests.mm in Sources */ = {isa = PBXBuildFile; fileRef = B6626ACD1C15B47C0038175B /* yas_property_tests.mm */; };
		B6626AD61C15B47C0038175B /* yas_base_tests.mm in Sources */ = {isa = PBXBuildFile; fileRef = B6626ACE1C15B47C0038175B /* yas_base_tests.mm */; };
		B6626AD71C15B47C0038175B /* yas_operation_tests.mm in Sources */ = {isa = PBXBuildFile; fileRef = B6626ACF1C15B47C0038175B /* yas_operation_tests.mm */; };
		B6626AE51C15B9270038175B /* yas_stl_utils_tests.mm in Sources */ = {isa = PBXBuildFile; fileRef = B6626AC81C15B47C0038175B /* yas_stl_utils_tests.mm */; };
		B6626AE61C15B92B0038175B /* yas_flex_pointer_tests.mm in Sources */ = {isa = PBXBuildFile; fileRef = B6626AC91C15B47C0038175B /* yas_flex_pointer_tests.mm */; };
		B6626AE71C15B92B0038175B /* yas_observing_tests.mm in Sources */ = {isa = PBXBuildFile; fileRef = B6626ACA1C15B47C0038175B /* yas_observing_tests.mm */; };
		B6626AE81C15B92B0038175B /* yas_cf_tests.mm in Sources */ = {isa = PBXBuildFile; fileRef = B6626ACB1C15B47C0038175B /* yas_cf_tests.mm */; };
		B6626AE91C15B92B0038175B /* yas_result_tests.mm in Sources */ = {isa = PBXBuildFile; fileRef = B6626ACC1C15B47C0038175B /* yas_result_tests.mm */; };
		B6626AEA1C15B92B0038175B /* yas_property_tests.mm in Sources */ = {isa = PBXBuildFile; fileRef = B6626ACD1C15B47C0038175B /* yas_property_tests.mm */; };
		B6626AEB1C15B92B0038175B /* yas_base_tests.mm in Sources */ = {isa = PBXBuildFile; fileRef = B6626ACE1C15B47C0038175B /* yas_base_tests.mm */; };
		B6626AEC1C15B92B0038175B /* yas_operation_tests.mm in Sources */ = {isa = PBXBuildFile; fileRef = B6626ACF1C15B47C0038175B /* yas_operation_tests.mm */; };
		B6626AED1C15B93B0038175B /* yas_base.cpp in Sources */ = {isa = PBXBuildFile; fileRef = B6626AAF1C15B4230038175B /* yas_base.cpp */; };
		B6626AEE1C15B93B0038175B /* yas_cf_utils.mm in Sources */ = {isa = PBXBuildFile; fileRef = B6626AB31C15B4230038175B /* yas_cf_utils.mm */; };
		B6626AEF1C15B93B0038175B /* yas_exception.cpp in Sources */ = {isa = PBXBuildFile; fileRef = B6626AB51C15B4230038175B /* yas_exception.cpp */; };
		B6626AF01C15B93B0038175B /* yas_flex_ptr.cpp in Sources */ = {isa = PBXBuildFile; fileRef = B6626AB71C15B4230038175B /* yas_flex_ptr.cpp */; };
		B6626AF11C15B93B0038175B /* yas_operation.cpp in Sources */ = {isa = PBXBuildFile; fileRef = B6626ABB1C15B4230038175B /* yas_operation.cpp */; };
		B66848521D14DBE200547947 /* yas_to_enum_tests.mm in Sources */ = {isa = PBXBuildFile; fileRef = B66848511D14DBE200547947 /* yas_to_enum_tests.mm */; };
		B66848531D14DBE200547947 /* yas_to_enum_tests.mm in Sources */ = {isa = PBXBuildFile; fileRef = B66848511D14DBE200547947 /* yas_to_enum_tests.mm */; };
		B66A4FB61F3BEDE300588657 /* yas_timer.mm in Sources */ = {isa = PBXBuildFile; fileRef = B66A4FB41F3BEDE300588657 /* yas_timer.mm */; };
		B66A4FB71F3BEDE300588657 /* yas_timer.mm in Sources */ = {isa = PBXBuildFile; fileRef = B66A4FB41F3BEDE300588657 /* yas_timer.mm */; };
		B66A4FB91F3C759700588657 /* yas_timer_tests.mm in Sources */ = {isa = PBXBuildFile; fileRef = B66A4FB81F3C759700588657 /* yas_timer_tests.mm */; };
		B66A4FBA1F3C759900588657 /* yas_timer_tests.mm in Sources */ = {isa = PBXBuildFile; fileRef = B66A4FB81F3C759700588657 /* yas_timer_tests.mm */; };
		B671F78F1E4223E200C8866B /* yas_boolean.cpp in Sources */ = {isa = PBXBuildFile; fileRef = B671F78D1E4223E200C8866B /* yas_boolean.cpp */; };
		B671F7901E4223E200C8866B /* yas_boolean.cpp in Sources */ = {isa = PBXBuildFile; fileRef = B671F78D1E4223E200C8866B /* yas_boolean.cpp */; };
		B671F7921E42240400C8866B /* yas_boolean_tests.mm in Sources */ = {isa = PBXBuildFile; fileRef = B671F7911E42240400C8866B /* yas_boolean_tests.mm */; };
		B671F7931E42240400C8866B /* yas_boolean_tests.mm in Sources */ = {isa = PBXBuildFile; fileRef = B671F7911E42240400C8866B /* yas_boolean_tests.mm */; };
		B694A43C1EB846FB006C6887 /* yas_to_integer_tests.mm in Sources */ = {isa = PBXBuildFile; fileRef = B694A43B1EB846FB006C6887 /* yas_to_integer_tests.mm */; };
		B694A43D1EB846FB006C6887 /* yas_to_integer_tests.mm in Sources */ = {isa = PBXBuildFile; fileRef = B694A43B1EB846FB006C6887 /* yas_to_integer_tests.mm */; };
		B6A5CA4B1CAE191B00214DD6 /* yas_objc_ptr.mm in Sources */ = {isa = PBXBuildFile; fileRef = B6A5CA491CAE191B00214DD6 /* yas_objc_ptr.mm */; };
		B6A5CA4C1CAE191B00214DD6 /* yas_objc_ptr.mm in Sources */ = {isa = PBXBuildFile; fileRef = B6A5CA491CAE191B00214DD6 /* yas_objc_ptr.mm */; };
		B6AA83571E67B5E400120472 /* yas_to_string_tests.mm in Sources */ = {isa = PBXBuildFile; fileRef = B6AA83561E67B5E400120472 /* yas_to_string_tests.mm */; };
		B6AA83581E67B5E800120472 /* yas_to_string_tests.mm in Sources */ = {isa = PBXBuildFile; fileRef = B6AA83561E67B5E400120472 /* yas_to_string_tests.mm */; };
		B6B4EEED1EB8B622002CD9BE /* yas_to_floating_point_tests.mm in Sources */ = {isa = PBXBuildFile; fileRef = B6B4EEEC1EB8B622002CD9BE /* yas_to_floating_point_tests.mm */; };
		B6B4EEEE1EB8B622002CD9BE /* yas_to_floating_point_tests.mm in Sources */ = {isa = PBXBuildFile; fileRef = B6B4EEEC1EB8B622002CD9BE /* yas_to_floating_point_tests.mm */; };
		B6C62FA81D06E584001952EC /* yas_flagset_tests.mm in Sources */ = {isa = PBXBuildFile; fileRef = B6C62FA71D06E584001952EC /* yas_flagset_tests.mm */; };
		B6C62FA91D06E584001952EC /* yas_flagset_tests.mm in Sources */ = {isa = PBXBuildFile; fileRef = B6C62FA71D06E584001952EC /* yas_flagset_tests.mm */; };
		B6CA03D11CAD6E1600CC31FF /* yas_objc_ptr_tests.mm in Sources */ = {isa = PBXBuildFile; fileRef = B6CA03D01CAD6E1600CC31FF /* yas_objc_ptr_tests.mm */; };
		B6CA03D21CAD6E1600CC31FF /* yas_objc_ptr_tests.mm in Sources */ = {isa = PBXBuildFile; fileRef = B6CA03D01CAD6E1600CC31FF /* yas_objc_ptr_tests.mm */; };
		B6DF84811D8B814C00A2EE48 /* yas_cf_ref.cpp in Sources */ = {isa = PBXBuildFile; fileRef = B6DF847F1D8B814C00A2EE48 /* yas_cf_ref.cpp */; };
		B6DF84821D8B814C00A2EE48 /* yas_cf_ref.cpp in Sources */ = {isa = PBXBuildFile; fileRef = B6DF847F1D8B814C00A2EE48 /* yas_cf_ref.cpp */; };
		B6DF84851D8B81C800A2EE48 /* yas_cf_ref_tests.mm in Sources */ = {isa = PBXBuildFile; fileRef = B6DF84841D8B81C800A2EE48 /* yas_cf_ref_tests.mm */; };
		B6DF84861D8B81C800A2EE48 /* yas_cf_ref_tests.mm in Sources */ = {isa = PBXBuildFile; fileRef = B6DF84841D8B81C800A2EE48 /* yas_cf_ref_tests.mm */; };
		B6E745FA1C2EEEB700464402 /* yas_each_index_tests.mm in Sources */ = {isa = PBXBuildFile; fileRef = B6E745F91C2EEEB700464402 /* yas_each_index_tests.mm */; };
		B6E745FB1C2EEEB700464402 /* yas_each_index_tests.mm in Sources */ = {isa = PBXBuildFile; fileRef = B6E745F91C2EEEB700464402 /* yas_each_index_tests.mm */; };
		B6F58D1A1D67F1FE00807724 /* yas_delaying_caller.cpp in Sources */ = {isa = PBXBuildFile; fileRef = B6F58D181D67F1FE00807724 /* yas_delaying_caller.cpp */; };
		B6F58D1B1D67F1FE00807724 /* yas_delaying_caller.cpp in Sources */ = {isa = PBXBuildFile; fileRef = B6F58D181D67F1FE00807724 /* yas_delaying_caller.cpp */; };
		B6F58D1D1D680C5C00807724 /* yas_delaying_caller_tests.mm in Sources */ = {isa = PBXBuildFile; fileRef = B6F58D1C1D680C5C00807724 /* yas_delaying_caller_tests.mm */; };
		B6F58D1E1D680C5C00807724 /* yas_delaying_caller_tests.mm in Sources */ = {isa = PBXBuildFile; fileRef = B6F58D1C1D680C5C00807724 /* yas_delaying_caller_tests.mm */; };
/* End PBXBuildFile section */

/* Begin PBXFileReference section */
		B602AFDA1CE83D5F00309B3A /* yas_type_traits.h */ = {isa = PBXFileReference; fileEncoding = 4; lastKnownFileType = sourcecode.c.h; path = yas_type_traits.h; sourceTree = "<group>"; };
		B60477B71E1B31C000195A0F /* yas_fast_each_tests.mm */ = {isa = PBXFileReference; fileEncoding = 4; lastKnownFileType = sourcecode.cpp.objcpp; path = yas_fast_each_tests.mm; sourceTree = "<group>"; };
		B60AAA251C5DAFD30074C6FA /* yas_chain.cpp */ = {isa = PBXFileReference; fileEncoding = 4; lastKnownFileType = sourcecode.cpp.cpp; path = yas_chain.cpp; sourceTree = "<group>"; };
		B60AAA261C5DAFD30074C6FA /* yas_chain.h */ = {isa = PBXFileReference; fileEncoding = 4; lastKnownFileType = sourcecode.c.h; path = yas_chain.h; sourceTree = "<group>"; };
		B60AAA291C5DB6D60074C6FA /* yas_chain_tests.mm */ = {isa = PBXFileReference; fileEncoding = 4; lastKnownFileType = sourcecode.cpp.objcpp; path = yas_chain_tests.mm; sourceTree = "<group>"; };
		B60BE29E1E9A0DCB00841AD9 /* yas_property.cpp */ = {isa = PBXFileReference; fileEncoding = 4; lastKnownFileType = sourcecode.cpp.cpp; path = yas_property.cpp; sourceTree = "<group>"; };
		B60C5BD11C37F80100D7C886 /* yas_version.cpp */ = {isa = PBXFileReference; fileEncoding = 4; lastKnownFileType = sourcecode.cpp.cpp; path = yas_version.cpp; sourceTree = "<group>"; };
		B60C5BD21C37F80100D7C886 /* yas_version.h */ = {isa = PBXFileReference; fileEncoding = 4; lastKnownFileType = sourcecode.c.h; path = yas_version.h; sourceTree = "<group>"; };
		B60C5BD51C37FD2C00D7C886 /* yas_version_tests.mm */ = {isa = PBXFileReference; fileEncoding = 4; lastKnownFileType = sourcecode.cpp.objcpp; path = yas_version_tests.mm; sourceTree = "<group>"; };
		B610E9862065E35E004A46B5 /* yas_data.h */ = {isa = PBXFileReference; lastKnownFileType = sourcecode.c.h; path = yas_data.h; sourceTree = "<group>"; };
		B610E9892065E554004A46B5 /* yas_data_private.h */ = {isa = PBXFileReference; lastKnownFileType = sourcecode.c.h; path = yas_data_private.h; sourceTree = "<group>"; };
		B610E98A2065E8B5004A46B5 /* yas_data_tests.mm */ = {isa = PBXFileReference; lastKnownFileType = sourcecode.cpp.objcpp; path = yas_data_tests.mm; sourceTree = "<group>"; };
		B610E99520660AB3004A46B5 /* yas_data.cpp */ = {isa = PBXFileReference; lastKnownFileType = sourcecode.cpp.cpp; path = yas_data.cpp; sourceTree = "<group>"; };
		B610E99920661089004A46B5 /* Accelerate.framework */ = {isa = PBXFileReference; lastKnownFileType = wrapper.framework; name = Accelerate.framework; path = Platforms/iPhoneOS.platform/Developer/SDKs/iPhoneOS11.2.sdk/System/Library/Frameworks/Accelerate.framework; sourceTree = DEVELOPER_DIR; };
		B618895F1F3FFE3400AD3ED2 /* yas_state_machine_tests.mm */ = {isa = PBXFileReference; fileEncoding = 4; lastKnownFileType = sourcecode.cpp.objcpp; path = yas_state_machine_tests.mm; sourceTree = "<group>"; };
		B61889621F400C8F00AD3ED2 /* yas_state_machine_private.h */ = {isa = PBXFileReference; lastKnownFileType = sourcecode.c.h; path = yas_state_machine_private.h; sourceTree = "<group>"; };
		B61D4FAC20007E68001B8384 /* yas_any.cpp */ = {isa = PBXFileReference; lastKnownFileType = sourcecode.cpp.cpp; path = yas_any.cpp; sourceTree = "<group>"; };
		B61D4FAD20007E68001B8384 /* yas_any.h */ = {isa = PBXFileReference; lastKnownFileType = sourcecode.c.h; path = yas_any.h; sourceTree = "<group>"; };
		B61D4FB020007F36001B8384 /* yas_any_private.h */ = {isa = PBXFileReference; lastKnownFileType = sourcecode.c.h; path = yas_any_private.h; sourceTree = "<group>"; };
		B61D4FB120008567001B8384 /* yas_any_tests.mm */ = {isa = PBXFileReference; lastKnownFileType = sourcecode.cpp.objcpp; path = yas_any_tests.mm; sourceTree = "<group>"; };
		B62B540D205EAEDF00A300E5 /* yas_types_tests.mm */ = {isa = PBXFileReference; lastKnownFileType = sourcecode.cpp.objcpp; path = yas_types_tests.mm; sourceTree = "<group>"; };
		B637E6AF1C5E154B00C8D288 /* yas_chain_private.h */ = {isa = PBXFileReference; fileEncoding = 4; lastKnownFileType = sourcecode.c.h; path = yas_chain_private.h; sourceTree = "<group>"; };
		B637E6B21C5F807500C8D288 /* yas_unless.h */ = {isa = PBXFileReference; fileEncoding = 4; lastKnownFileType = sourcecode.c.h; path = yas_unless.h; sourceTree = "<group>"; };
		B637E6B61C5F832C00C8D288 /* yas_unless_tests.mm */ = {isa = PBXFileReference; fileEncoding = 4; lastKnownFileType = sourcecode.cpp.objcpp; path = yas_unless_tests.mm; sourceTree = "<group>"; };
		B63C48B21C393F7700B63598 /* yas_each_dictionary.cpp */ = {isa = PBXFileReference; fileEncoding = 4; lastKnownFileType = sourcecode.cpp.cpp; path = yas_each_dictionary.cpp; sourceTree = "<group>"; };
		B63C48B31C393F7700B63598 /* yas_each_dictionary.h */ = {isa = PBXFileReference; fileEncoding = 4; lastKnownFileType = sourcecode.c.h; path = yas_each_dictionary.h; sourceTree = "<group>"; };
		B63C48B61C3945AE00B63598 /* yas_each_dictionary_tests.mm */ = {isa = PBXFileReference; fileEncoding = 4; lastKnownFileType = sourcecode.cpp.objcpp; path = yas_each_dictionary_tests.mm; sourceTree = "<group>"; };
		B641BFAD1C2509FE00F742B4 /* yas_stl_utils.cpp */ = {isa = PBXFileReference; fileEncoding = 4; lastKnownFileType = sourcecode.cpp.cpp; path = yas_stl_utils.cpp; sourceTree = "<group>"; };
		B64617C11D1E7DA20051DFA2 /* yas_objc_cast.h */ = {isa = PBXFileReference; fileEncoding = 4; lastKnownFileType = sourcecode.c.h; path = yas_objc_cast.h; sourceTree = "<group>"; };
		B64617C31D1E7E7E0051DFA2 /* yas_objc_cast_tests.mm */ = {isa = PBXFileReference; fileEncoding = 4; lastKnownFileType = sourcecode.cpp.objcpp; path = yas_objc_cast_tests.mm; sourceTree = "<group>"; };
		B65BF9161C946F1600856B6A /* yas_protocol.cpp */ = {isa = PBXFileReference; fileEncoding = 4; lastKnownFileType = sourcecode.cpp.cpp; path = yas_protocol.cpp; sourceTree = "<group>"; };
		B65BF9171C946F1600856B6A /* yas_protocol.h */ = {isa = PBXFileReference; fileEncoding = 4; lastKnownFileType = sourcecode.c.h; path = yas_protocol.h; sourceTree = "<group>"; };
		B65BF91A1C94776800856B6A /* yas_protocol_private.h */ = {isa = PBXFileReference; lastKnownFileType = sourcecode.c.h; path = yas_protocol_private.h; sourceTree = "<group>"; };
		B65BF91B1C95072300856B6A /* yas_protocol_tests.mm */ = {isa = PBXFileReference; fileEncoding = 4; lastKnownFileType = sourcecode.cpp.objcpp; path = yas_protocol_tests.mm; sourceTree = "<group>"; };
		B66116CA1EA65F75000A048C /* yas_each_data.h */ = {isa = PBXFileReference; lastKnownFileType = sourcecode.c.h; path = yas_each_data.h; sourceTree = "<group>"; };
		B66116CB1EA65F7F000A048C /* yas_each_data_private.h */ = {isa = PBXFileReference; lastKnownFileType = sourcecode.c.h; path = yas_each_data_private.h; sourceTree = "<group>"; };
		B66116CC1EA6625A000A048C /* yas_each_data_tests.mm */ = {isa = PBXFileReference; fileEncoding = 4; lastKnownFileType = sourcecode.cpp.objcpp; path = yas_each_data_tests.mm; sourceTree = "<group>"; };
		B6626AA51C151E580038175B /* cpp_utils_test_mac.xctest */ = {isa = PBXFileReference; explicitFileType = wrapper.cfbundle; includeInIndex = 0; path = cpp_utils_test_mac.xctest; sourceTree = BUILT_PRODUCTS_DIR; };
		B6626AAA1C151E580038175B /* Info.plist */ = {isa = PBXFileReference; lastKnownFileType = text.plist.xml; path = Info.plist; sourceTree = "<group>"; };
		B6626AAF1C15B4230038175B /* yas_base.cpp */ = {isa = PBXFileReference; fileEncoding = 4; lastKnownFileType = sourcecode.cpp.cpp; path = yas_base.cpp; sourceTree = "<group>"; };
		B6626AB01C15B4230038175B /* yas_base.h */ = {isa = PBXFileReference; fileEncoding = 4; lastKnownFileType = sourcecode.c.h; path = yas_base.h; sourceTree = "<group>"; };
		B6626AB11C15B4230038175B /* yas_base_private.h */ = {isa = PBXFileReference; fileEncoding = 4; lastKnownFileType = sourcecode.c.h; path = yas_base_private.h; sourceTree = "<group>"; };
		B6626AB21C15B4230038175B /* yas_cf_utils.h */ = {isa = PBXFileReference; fileEncoding = 4; lastKnownFileType = sourcecode.c.h; path = yas_cf_utils.h; sourceTree = "<group>"; };
		B6626AB31C15B4230038175B /* yas_cf_utils.mm */ = {isa = PBXFileReference; fileEncoding = 4; lastKnownFileType = sourcecode.cpp.objcpp; path = yas_cf_utils.mm; sourceTree = "<group>"; };
		B6626AB41C15B4230038175B /* yas_cf_utils_private.h */ = {isa = PBXFileReference; fileEncoding = 4; lastKnownFileType = sourcecode.c.h; path = yas_cf_utils_private.h; sourceTree = "<group>"; };
		B6626AB51C15B4230038175B /* yas_exception.cpp */ = {isa = PBXFileReference; fileEncoding = 4; lastKnownFileType = sourcecode.cpp.cpp; path = yas_exception.cpp; sourceTree = "<group>"; };
		B6626AB61C15B4230038175B /* yas_exception.h */ = {isa = PBXFileReference; fileEncoding = 4; lastKnownFileType = sourcecode.c.h; path = yas_exception.h; sourceTree = "<group>"; };
		B6626AB71C15B4230038175B /* yas_flex_ptr.cpp */ = {isa = PBXFileReference; fileEncoding = 4; lastKnownFileType = sourcecode.cpp.cpp; path = yas_flex_ptr.cpp; sourceTree = "<group>"; };
		B6626AB81C15B4230038175B /* yas_flex_ptr.h */ = {isa = PBXFileReference; fileEncoding = 4; lastKnownFileType = sourcecode.c.h; path = yas_flex_ptr.h; sourceTree = "<group>"; };
		B6626AB91C15B4230038175B /* yas_observing.h */ = {isa = PBXFileReference; fileEncoding = 4; lastKnownFileType = sourcecode.c.h; path = yas_observing.h; sourceTree = "<group>"; };
		B6626ABA1C15B4230038175B /* yas_observing_private.h */ = {isa = PBXFileReference; fileEncoding = 4; lastKnownFileType = sourcecode.c.h; path = yas_observing_private.h; sourceTree = "<group>"; };
		B6626ABB1C15B4230038175B /* yas_operation.cpp */ = {isa = PBXFileReference; fileEncoding = 4; lastKnownFileType = sourcecode.cpp.cpp; path = yas_operation.cpp; sourceTree = "<group>"; };
		B6626ABC1C15B4230038175B /* yas_operation.h */ = {isa = PBXFileReference; fileEncoding = 4; lastKnownFileType = sourcecode.c.h; path = yas_operation.h; sourceTree = "<group>"; };
		B6626ABD1C15B4230038175B /* yas_property.h */ = {isa = PBXFileReference; fileEncoding = 4; lastKnownFileType = sourcecode.c.h; path = yas_property.h; sourceTree = "<group>"; };
		B6626ABE1C15B4230038175B /* yas_property_private.h */ = {isa = PBXFileReference; fileEncoding = 4; lastKnownFileType = sourcecode.c.h; path = yas_property_private.h; sourceTree = "<group>"; };
		B6626ABF1C15B4230038175B /* yas_result.h */ = {isa = PBXFileReference; fileEncoding = 4; lastKnownFileType = sourcecode.c.h; path = yas_result.h; sourceTree = "<group>"; };
		B6626AC01C15B4230038175B /* yas_result_private.h */ = {isa = PBXFileReference; fileEncoding = 4; lastKnownFileType = sourcecode.c.h; path = yas_result_private.h; sourceTree = "<group>"; };
		B6626AC11C15B4230038175B /* yas_stl_utils.h */ = {isa = PBXFileReference; fileEncoding = 4; lastKnownFileType = sourcecode.c.h; path = yas_stl_utils.h; sourceTree = "<group>"; };
		B6626AC21C15B4230038175B /* yas_stl_utils_private.h */ = {isa = PBXFileReference; fileEncoding = 4; lastKnownFileType = sourcecode.c.h; path = yas_stl_utils_private.h; sourceTree = "<group>"; };
		B6626AC81C15B47C0038175B /* yas_stl_utils_tests.mm */ = {isa = PBXFileReference; fileEncoding = 4; lastKnownFileType = sourcecode.cpp.objcpp; path = yas_stl_utils_tests.mm; sourceTree = "<group>"; };
		B6626AC91C15B47C0038175B /* yas_flex_pointer_tests.mm */ = {isa = PBXFileReference; fileEncoding = 4; lastKnownFileType = sourcecode.cpp.objcpp; path = yas_flex_pointer_tests.mm; sourceTree = "<group>"; };
		B6626ACA1C15B47C0038175B /* yas_observing_tests.mm */ = {isa = PBXFileReference; fileEncoding = 4; lastKnownFileType = sourcecode.cpp.objcpp; path = yas_observing_tests.mm; sourceTree = "<group>"; };
		B6626ACB1C15B47C0038175B /* yas_cf_tests.mm */ = {isa = PBXFileReference; fileEncoding = 4; lastKnownFileType = sourcecode.cpp.objcpp; path = yas_cf_tests.mm; sourceTree = "<group>"; };
		B6626ACC1C15B47C0038175B /* yas_result_tests.mm */ = {isa = PBXFileReference; fileEncoding = 4; lastKnownFileType = sourcecode.cpp.objcpp; path = yas_result_tests.mm; sourceTree = "<group>"; };
		B6626ACD1C15B47C0038175B /* yas_property_tests.mm */ = {isa = PBXFileReference; fileEncoding = 4; lastKnownFileType = sourcecode.cpp.objcpp; path = yas_property_tests.mm; sourceTree = "<group>"; };
		B6626ACE1C15B47C0038175B /* yas_base_tests.mm */ = {isa = PBXFileReference; fileEncoding = 4; lastKnownFileType = sourcecode.cpp.objcpp; path = yas_base_tests.mm; sourceTree = "<group>"; };
		B6626ACF1C15B47C0038175B /* yas_operation_tests.mm */ = {isa = PBXFileReference; fileEncoding = 4; lastKnownFileType = sourcecode.cpp.objcpp; path = yas_operation_tests.mm; sourceTree = "<group>"; };
		B6626AD81C15B6EC0038175B /* yas_types.h */ = {isa = PBXFileReference; fileEncoding = 4; lastKnownFileType = sourcecode.c.h; path = yas_types.h; sourceTree = "<group>"; };
		B6626ADD1C15B8EF0038175B /* cpp_utils_test_ios.xctest */ = {isa = PBXFileReference; explicitFileType = wrapper.cfbundle; includeInIndex = 0; path = cpp_utils_test_ios.xctest; sourceTree = BUILT_PRODUCTS_DIR; };
		B66848501D14DB3500547947 /* yas_to_bool.h */ = {isa = PBXFileReference; fileEncoding = 4; lastKnownFileType = sourcecode.c.h; path = yas_to_bool.h; sourceTree = "<group>"; };
		B66848511D14DBE200547947 /* yas_to_enum_tests.mm */ = {isa = PBXFileReference; fileEncoding = 4; lastKnownFileType = sourcecode.cpp.objcpp; path = yas_to_enum_tests.mm; sourceTree = "<group>"; };
		B66A4FB41F3BEDE300588657 /* yas_timer.mm */ = {isa = PBXFileReference; fileEncoding = 4; lastKnownFileType = sourcecode.cpp.objcpp; path = yas_timer.mm; sourceTree = "<group>"; };
		B66A4FB51F3BEDE300588657 /* yas_timer.h */ = {isa = PBXFileReference; fileEncoding = 4; lastKnownFileType = sourcecode.c.h; path = yas_timer.h; sourceTree = "<group>"; };
		B66A4FB81F3C759700588657 /* yas_timer_tests.mm */ = {isa = PBXFileReference; fileEncoding = 4; lastKnownFileType = sourcecode.cpp.objcpp; path = yas_timer_tests.mm; sourceTree = "<group>"; };
		B671F78D1E4223E200C8866B /* yas_boolean.cpp */ = {isa = PBXFileReference; fileEncoding = 4; lastKnownFileType = sourcecode.cpp.cpp; path = yas_boolean.cpp; sourceTree = "<group>"; };
		B671F78E1E4223E200C8866B /* yas_boolean.h */ = {isa = PBXFileReference; fileEncoding = 4; lastKnownFileType = sourcecode.c.h; path = yas_boolean.h; sourceTree = "<group>"; };
		B671F7911E42240400C8866B /* yas_boolean_tests.mm */ = {isa = PBXFileReference; fileEncoding = 4; lastKnownFileType = sourcecode.cpp.objcpp; path = yas_boolean_tests.mm; sourceTree = "<group>"; };
		B694A4381EB8432C006C6887 /* yas_to_integer.h */ = {isa = PBXFileReference; fileEncoding = 4; lastKnownFileType = sourcecode.c.h; path = yas_to_integer.h; sourceTree = "<group>"; };
		B694A43B1EB846FB006C6887 /* yas_to_integer_tests.mm */ = {isa = PBXFileReference; fileEncoding = 4; lastKnownFileType = sourcecode.cpp.objcpp; path = yas_to_integer_tests.mm; sourceTree = "<group>"; };
		B6A5CA441CAD7A2600214DD6 /* yas_objc_ptr_private.h */ = {isa = PBXFileReference; fileEncoding = 4; lastKnownFileType = sourcecode.c.h; path = yas_objc_ptr_private.h; sourceTree = "<group>"; };
		B6A5CA491CAE191B00214DD6 /* yas_objc_ptr.mm */ = {isa = PBXFileReference; fileEncoding = 4; lastKnownFileType = sourcecode.cpp.objcpp; path = yas_objc_ptr.mm; sourceTree = "<group>"; };
		B6AA83551E67B58500120472 /* yas_to_string.h */ = {isa = PBXFileReference; fileEncoding = 4; lastKnownFileType = sourcecode.c.h; path = yas_to_string.h; sourceTree = "<group>"; };
		B6AA83561E67B5E400120472 /* yas_to_string_tests.mm */ = {isa = PBXFileReference; fileEncoding = 4; lastKnownFileType = sourcecode.cpp.objcpp; path = yas_to_string_tests.mm; sourceTree = "<group>"; };
		B6B4EEEB1EB8B4B6002CD9BE /* yas_to_floating_point.h */ = {isa = PBXFileReference; fileEncoding = 4; lastKnownFileType = sourcecode.c.h; path = yas_to_floating_point.h; sourceTree = "<group>"; };
		B6B4EEEC1EB8B622002CD9BE /* yas_to_floating_point_tests.mm */ = {isa = PBXFileReference; fileEncoding = 4; lastKnownFileType = sourcecode.cpp.objcpp; path = yas_to_floating_point_tests.mm; sourceTree = "<group>"; };
		B6C62FA31D06E438001952EC /* yas_flagset_private.h */ = {isa = PBXFileReference; fileEncoding = 4; lastKnownFileType = sourcecode.c.h; path = yas_flagset_private.h; sourceTree = "<group>"; };
		B6C62FA41D06E438001952EC /* yas_flagset.h */ = {isa = PBXFileReference; fileEncoding = 4; lastKnownFileType = sourcecode.c.h; path = yas_flagset.h; sourceTree = "<group>"; };
		B6C62FA71D06E584001952EC /* yas_flagset_tests.mm */ = {isa = PBXFileReference; fileEncoding = 4; lastKnownFileType = sourcecode.cpp.objcpp; path = yas_flagset_tests.mm; sourceTree = "<group>"; };
		B6CA03CC1CAD644900CC31FF /* yas_objc_ptr.h */ = {isa = PBXFileReference; fileEncoding = 4; lastKnownFileType = sourcecode.c.h; path = yas_objc_ptr.h; sourceTree = "<group>"; };
		B6CA03D01CAD6E1600CC31FF /* yas_objc_ptr_tests.mm */ = {isa = PBXFileReference; fileEncoding = 4; lastKnownFileType = sourcecode.cpp.objcpp; path = yas_objc_ptr_tests.mm; sourceTree = "<group>"; };
		B6D05FB01F3FE0D500CBD84E /* yas_state_machine.h */ = {isa = PBXFileReference; fileEncoding = 4; lastKnownFileType = sourcecode.c.h; path = yas_state_machine.h; sourceTree = "<group>"; };
		B6D0DDE41C8164460086AA8E /* yas_operation_protocol.h */ = {isa = PBXFileReference; fileEncoding = 4; lastKnownFileType = sourcecode.c.h; path = yas_operation_protocol.h; sourceTree = "<group>"; };
		B6D1A9A51CAEA24E0003C6CF /* yas_objc_macros.h */ = {isa = PBXFileReference; fileEncoding = 4; lastKnownFileType = sourcecode.c.h; path = yas_objc_macros.h; sourceTree = "<group>"; };
		B6DF847F1D8B814C00A2EE48 /* yas_cf_ref.cpp */ = {isa = PBXFileReference; fileEncoding = 4; lastKnownFileType = sourcecode.cpp.cpp; path = yas_cf_ref.cpp; sourceTree = "<group>"; };
		B6DF84801D8B814C00A2EE48 /* yas_cf_ref.h */ = {isa = PBXFileReference; fileEncoding = 4; lastKnownFileType = sourcecode.c.h; path = yas_cf_ref.h; sourceTree = "<group>"; };
		B6DF84831D8B816200A2EE48 /* yas_cf_ref_private.h */ = {isa = PBXFileReference; fileEncoding = 4; lastKnownFileType = sourcecode.c.h; path = yas_cf_ref_private.h; sourceTree = "<group>"; };
		B6DF84841D8B81C800A2EE48 /* yas_cf_ref_tests.mm */ = {isa = PBXFileReference; fileEncoding = 4; lastKnownFileType = sourcecode.cpp.objcpp; path = yas_cf_ref_tests.mm; sourceTree = "<group>"; };
		B6E0CB3A1E17CB5E00329906 /* yas_fast_each.h */ = {isa = PBXFileReference; fileEncoding = 4; lastKnownFileType = sourcecode.c.h; path = yas_fast_each.h; sourceTree = "<group>"; };
		B6E0CB401E18A2B000329906 /* yas_fast_each_private.h */ = {isa = PBXFileReference; fileEncoding = 4; lastKnownFileType = sourcecode.c.h; path = yas_fast_each_private.h; sourceTree = "<group>"; };
		B6E745F61C2EE02B00464402 /* yas_each_index.h */ = {isa = PBXFileReference; fileEncoding = 4; lastKnownFileType = sourcecode.c.h; path = yas_each_index.h; sourceTree = "<group>"; };
		B6E745F91C2EEEB700464402 /* yas_each_index_tests.mm */ = {isa = PBXFileReference; fileEncoding = 4; lastKnownFileType = sourcecode.cpp.objcpp; path = yas_each_index_tests.mm; sourceTree = "<group>"; };
		B6E745FC1C2F823900464402 /* yas_each_index_private.h */ = {isa = PBXFileReference; fileEncoding = 4; lastKnownFileType = sourcecode.c.h; path = yas_each_index_private.h; sourceTree = "<group>"; };
		B6F58D181D67F1FE00807724 /* yas_delaying_caller.cpp */ = {isa = PBXFileReference; fileEncoding = 4; lastKnownFileType = sourcecode.cpp.cpp; path = yas_delaying_caller.cpp; sourceTree = "<group>"; };
		B6F58D191D67F1FE00807724 /* yas_delaying_caller.h */ = {isa = PBXFileReference; fileEncoding = 4; lastKnownFileType = sourcecode.c.h; path = yas_delaying_caller.h; sourceTree = "<group>"; };
		B6F58D1C1D680C5C00807724 /* yas_delaying_caller_tests.mm */ = {isa = PBXFileReference; fileEncoding = 4; lastKnownFileType = sourcecode.cpp.objcpp; path = yas_delaying_caller_tests.mm; sourceTree = "<group>"; };
/* End PBXFileReference section */

/* Begin PBXFrameworksBuildPhase section */
		B6626AA21C151E580038175B /* Frameworks */ = {
			isa = PBXFrameworksBuildPhase;
			buildActionMask = 2147483647;
			files = (
				B610E99B206614A0004A46B5 /* Accelerate.framework in Frameworks */,
			);
			runOnlyForDeploymentPostprocessing = 0;
		};
		B6626ADA1C15B8EF0038175B /* Frameworks */ = {
			isa = PBXFrameworksBuildPhase;
			buildActionMask = 2147483647;
			files = (
				B610E99A20661089004A46B5 /* Accelerate.framework in Frameworks */,
			);
			runOnlyForDeploymentPostprocessing = 0;
		};
/* End PBXFrameworksBuildPhase section */

/* Begin PBXGroup section */
		B610E99820661088004A46B5 /* Frameworks */ = {
			isa = PBXGroup;
			children = (
				B610E99920661089004A46B5 /* Accelerate.framework */,
			);
			name = Frameworks;
			sourceTree = "<group>";
		};
		B6626A9A1C151E380038175B = {
			isa = PBXGroup;
			children = (
				B6D1A9A11CAEA24E0003C6CF /* objc_utils */,
				B6626AAE1C15B4230038175B /* cpp_utils */,
				B6626AA71C151E580038175B /* cpp_utils_test */,
				B6626AA61C151E580038175B /* Products */,
				B610E99820661088004A46B5 /* Frameworks */,
			);
			sourceTree = "<group>";
		};
		B6626AA61C151E580038175B /* Products */ = {
			isa = PBXGroup;
			children = (
				B6626AA51C151E580038175B /* cpp_utils_test_mac.xctest */,
				B6626ADD1C15B8EF0038175B /* cpp_utils_test_ios.xctest */,
			);
			name = Products;
			sourceTree = "<group>";
		};
		B6626AA71C151E580038175B /* cpp_utils_test */ = {
			isa = PBXGroup;
			children = (
				B6626AAA1C151E580038175B /* Info.plist */,
				B6626ACE1C15B47C0038175B /* yas_base_tests.mm */,
				B671F7911E42240400C8866B /* yas_boolean_tests.mm */,
				B6DF84841D8B81C800A2EE48 /* yas_cf_ref_tests.mm */,
				B6626ACB1C15B47C0038175B /* yas_cf_tests.mm */,
				B60AAA291C5DB6D60074C6FA /* yas_chain_tests.mm */,
				B6F58D1C1D680C5C00807724 /* yas_delaying_caller_tests.mm */,
				B66116CC1EA6625A000A048C /* yas_each_data_tests.mm */,
				B63C48B61C3945AE00B63598 /* yas_each_dictionary_tests.mm */,
				B6E745F91C2EEEB700464402 /* yas_each_index_tests.mm */,
				B60477B71E1B31C000195A0F /* yas_fast_each_tests.mm */,
				B6C62FA71D06E584001952EC /* yas_flagset_tests.mm */,
				B6626AC91C15B47C0038175B /* yas_flex_pointer_tests.mm */,
				B64617C31D1E7E7E0051DFA2 /* yas_objc_cast_tests.mm */,
				B6CA03D01CAD6E1600CC31FF /* yas_objc_ptr_tests.mm */,
				B6626ACA1C15B47C0038175B /* yas_observing_tests.mm */,
				B6626ACF1C15B47C0038175B /* yas_operation_tests.mm */,
				B6626ACD1C15B47C0038175B /* yas_property_tests.mm */,
				B65BF91B1C95072300856B6A /* yas_protocol_tests.mm */,
				B6626ACC1C15B47C0038175B /* yas_result_tests.mm */,
				B6626AC81C15B47C0038175B /* yas_stl_utils_tests.mm */,
				B66848511D14DBE200547947 /* yas_to_enum_tests.mm */,
				B6AA83561E67B5E400120472 /* yas_to_string_tests.mm */,
				B637E6B61C5F832C00C8D288 /* yas_unless_tests.mm */,
				B60C5BD51C37FD2C00D7C886 /* yas_version_tests.mm */,
				B694A43B1EB846FB006C6887 /* yas_to_integer_tests.mm */,
				B6B4EEEC1EB8B622002CD9BE /* yas_to_floating_point_tests.mm */,
				B66A4FB81F3C759700588657 /* yas_timer_tests.mm */,
				B618895F1F3FFE3400AD3ED2 /* yas_state_machine_tests.mm */,
				B61D4FB120008567001B8384 /* yas_any_tests.mm */,
				B62B540D205EAEDF00A300E5 /* yas_types_tests.mm */,
				B610E98A2065E8B5004A46B5 /* yas_data_tests.mm */,
			);
			path = cpp_utils_test;
			sourceTree = "<group>";
		};
		B6626AAE1C15B4230038175B /* cpp_utils */ = {
			isa = PBXGroup;
			children = (
				B6626AB11C15B4230038175B /* yas_base_private.h */,
				B6626AAF1C15B4230038175B /* yas_base.cpp */,
				B6626AB01C15B4230038175B /* yas_base.h */,
				B671F78D1E4223E200C8866B /* yas_boolean.cpp */,
				B671F78E1E4223E200C8866B /* yas_boolean.h */,
				B6DF84831D8B816200A2EE48 /* yas_cf_ref_private.h */,
				B6DF847F1D8B814C00A2EE48 /* yas_cf_ref.cpp */,
				B6DF84801D8B814C00A2EE48 /* yas_cf_ref.h */,
				B6626AB41C15B4230038175B /* yas_cf_utils_private.h */,
				B6626AB21C15B4230038175B /* yas_cf_utils.h */,
				B6626AB31C15B4230038175B /* yas_cf_utils.mm */,
				B637E6AF1C5E154B00C8D288 /* yas_chain_private.h */,
				B60AAA251C5DAFD30074C6FA /* yas_chain.cpp */,
				B60AAA261C5DAFD30074C6FA /* yas_chain.h */,
				B6F58D181D67F1FE00807724 /* yas_delaying_caller.cpp */,
				B6F58D191D67F1FE00807724 /* yas_delaying_caller.h */,
				B66116CB1EA65F7F000A048C /* yas_each_data_private.h */,
				B66116CA1EA65F75000A048C /* yas_each_data.h */,
				B63C48B21C393F7700B63598 /* yas_each_dictionary.cpp */,
				B63C48B31C393F7700B63598 /* yas_each_dictionary.h */,
				B6E745FC1C2F823900464402 /* yas_each_index_private.h */,
				B6E745F61C2EE02B00464402 /* yas_each_index.h */,
				B6626AB51C15B4230038175B /* yas_exception.cpp */,
				B6626AB61C15B4230038175B /* yas_exception.h */,
				B6E0CB401E18A2B000329906 /* yas_fast_each_private.h */,
				B6E0CB3A1E17CB5E00329906 /* yas_fast_each.h */,
				B6C62FA31D06E438001952EC /* yas_flagset_private.h */,
				B6C62FA41D06E438001952EC /* yas_flagset.h */,
				B6626AB71C15B4230038175B /* yas_flex_ptr.cpp */,
				B6626AB81C15B4230038175B /* yas_flex_ptr.h */,
				B64617C11D1E7DA20051DFA2 /* yas_objc_cast.h */,
				B6A5CA441CAD7A2600214DD6 /* yas_objc_ptr_private.h */,
				B6CA03CC1CAD644900CC31FF /* yas_objc_ptr.h */,
				B6A5CA491CAE191B00214DD6 /* yas_objc_ptr.mm */,
				B6626ABA1C15B4230038175B /* yas_observing_private.h */,
				B6626AB91C15B4230038175B /* yas_observing.h */,
				B6D0DDE41C8164460086AA8E /* yas_operation_protocol.h */,
				B6626ABB1C15B4230038175B /* yas_operation.cpp */,
				B6626ABC1C15B4230038175B /* yas_operation.h */,
				B6626ABE1C15B4230038175B /* yas_property_private.h */,
				B60BE29E1E9A0DCB00841AD9 /* yas_property.cpp */,
				B6626ABD1C15B4230038175B /* yas_property.h */,
				B65BF91A1C94776800856B6A /* yas_protocol_private.h */,
				B65BF9161C946F1600856B6A /* yas_protocol.cpp */,
				B65BF9171C946F1600856B6A /* yas_protocol.h */,
				B6626AC01C15B4230038175B /* yas_result_private.h */,
				B6626ABF1C15B4230038175B /* yas_result.h */,
				B61889621F400C8F00AD3ED2 /* yas_state_machine_private.h */,
				B6D05FB01F3FE0D500CBD84E /* yas_state_machine.h */,
				B6626AC21C15B4230038175B /* yas_stl_utils_private.h */,
				B641BFAD1C2509FE00F742B4 /* yas_stl_utils.cpp */,
				B6626AC11C15B4230038175B /* yas_stl_utils.h */,
				B66A4FB51F3BEDE300588657 /* yas_timer.h */,
				B66A4FB41F3BEDE300588657 /* yas_timer.mm */,
				B66848501D14DB3500547947 /* yas_to_bool.h */,
				B6B4EEEB1EB8B4B6002CD9BE /* yas_to_floating_point.h */,
				B694A4381EB8432C006C6887 /* yas_to_integer.h */,
				B6AA83551E67B58500120472 /* yas_to_string.h */,
				B602AFDA1CE83D5F00309B3A /* yas_type_traits.h */,
				B6626AD81C15B6EC0038175B /* yas_types.h */,
				B637E6B21C5F807500C8D288 /* yas_unless.h */,
				B61D4FB020007F36001B8384 /* yas_any_private.h */,
				B61D4FAC20007E68001B8384 /* yas_any.cpp */,
				B61D4FAD20007E68001B8384 /* yas_any.h */,
				B60C5BD11C37F80100D7C886 /* yas_version.cpp */,
				B60C5BD21C37F80100D7C886 /* yas_version.h */,
				B610E9862065E35E004A46B5 /* yas_data.h */,
				B610E99520660AB3004A46B5 /* yas_data.cpp */,
				B610E9892065E554004A46B5 /* yas_data_private.h */,
			);
			name = cpp_utils;
			path = ../cpp_utils;
			sourceTree = "<group>";
		};
		B6D1A9A11CAEA24E0003C6CF /* objc_utils */ = {
			isa = PBXGroup;
			children = (
				B6D1A9A51CAEA24E0003C6CF /* yas_objc_macros.h */,
			);
			name = objc_utils;
			path = ../submodules/objc_utils/objc_utils;
			sourceTree = "<group>";
		};
/* End PBXGroup section */

/* Begin PBXNativeTarget section */
		B6626AA41C151E580038175B /* cpp_utils_test_mac */ = {
			isa = PBXNativeTarget;
			buildConfigurationList = B6626AAB1C151E580038175B /* Build configuration list for PBXNativeTarget "cpp_utils_test_mac" */;
			buildPhases = (
				B6626AA11C151E580038175B /* Sources */,
				B6626AA21C151E580038175B /* Frameworks */,
				B6626AA31C151E580038175B /* Resources */,
			);
			buildRules = (
			);
			dependencies = (
			);
			name = cpp_utils_test_mac;
			productName = cpp_utils_test;
			productReference = B6626AA51C151E580038175B /* cpp_utils_test_mac.xctest */;
			productType = "com.apple.product-type.bundle.unit-test";
		};
		B6626ADC1C15B8EF0038175B /* cpp_utils_test_ios */ = {
			isa = PBXNativeTarget;
			buildConfigurationList = B6626AE21C15B8EF0038175B /* Build configuration list for PBXNativeTarget "cpp_utils_test_ios" */;
			buildPhases = (
				B6626AD91C15B8EF0038175B /* Sources */,
				B6626ADA1C15B8EF0038175B /* Frameworks */,
				B6626ADB1C15B8EF0038175B /* Resources */,
			);
			buildRules = (
			);
			dependencies = (
			);
			name = cpp_utils_test_ios;
			productName = cpp_utils_test_ios;
			productReference = B6626ADD1C15B8EF0038175B /* cpp_utils_test_ios.xctest */;
			productType = "com.apple.product-type.bundle.unit-test";
		};
/* End PBXNativeTarget section */

/* Begin PBXProject section */
		B6626A9B1C151E380038175B /* Project object */ = {
			isa = PBXProject;
			attributes = {
				LastUpgradeCheck = 0930;
				TargetAttributes = {
					B6626AA41C151E580038175B = {
						CreatedOnToolsVersion = 7.1.1;
					};
					B6626ADC1C15B8EF0038175B = {
						CreatedOnToolsVersion = 7.1.1;
					};
				};
			};
			buildConfigurationList = B6626A9E1C151E380038175B /* Build configuration list for PBXProject "cpp_utils_test" */;
			compatibilityVersion = "Xcode 3.2";
			developmentRegion = English;
			hasScannedForEncodings = 0;
			knownRegions = (
				en,
			);
			mainGroup = B6626A9A1C151E380038175B;
			productRefGroup = B6626AA61C151E580038175B /* Products */;
			projectDirPath = "";
			projectRoot = "";
			targets = (
				B6626AA41C151E580038175B /* cpp_utils_test_mac */,
				B6626ADC1C15B8EF0038175B /* cpp_utils_test_ios */,
			);
		};
/* End PBXProject section */

/* Begin PBXResourcesBuildPhase section */
		B6626AA31C151E580038175B /* Resources */ = {
			isa = PBXResourcesBuildPhase;
			buildActionMask = 2147483647;
			files = (
			);
			runOnlyForDeploymentPostprocessing = 0;
		};
		B6626ADB1C15B8EF0038175B /* Resources */ = {
			isa = PBXResourcesBuildPhase;
			buildActionMask = 2147483647;
			files = (
			);
			runOnlyForDeploymentPostprocessing = 0;
		};
/* End PBXResourcesBuildPhase section */

/* Begin PBXSourcesBuildPhase section */
		B6626AA11C151E580038175B /* Sources */ = {
			isa = PBXSourcesBuildPhase;
			buildActionMask = 2147483647;
			files = (
				B65BF9181C946F1600856B6A /* yas_protocol.cpp in Sources */,
				B64617C41D1E7E7E0051DFA2 /* yas_objc_cast_tests.mm in Sources */,
				B63C48B41C393F7700B63598 /* yas_each_dictionary.cpp in Sources */,
				B6F58D1D1D680C5C00807724 /* yas_delaying_caller_tests.mm in Sources */,
				B6626AD61C15B47C0038175B /* yas_base_tests.mm in Sources */,
				B6DF84851D8B81C800A2EE48 /* yas_cf_ref_tests.mm in Sources */,
				B6C62FA81D06E584001952EC /* yas_flagset_tests.mm in Sources */,
				B6E745FA1C2EEEB700464402 /* yas_each_index_tests.mm in Sources */,
				B60C5BD31C37F80100D7C886 /* yas_version.cpp in Sources */,
				B6A5CA4B1CAE191B00214DD6 /* yas_objc_ptr.mm in Sources */,
				B63C48B71C3945AE00B63598 /* yas_each_dictionary_tests.mm in Sources */,
				B6626AC31C15B4230038175B /* yas_base.cpp in Sources */,
				B6626AC51C15B4230038175B /* yas_exception.cpp in Sources */,
				B6CA03D11CAD6E1600CC31FF /* yas_objc_ptr_tests.mm in Sources */,
				B6626AC61C15B4230038175B /* yas_flex_ptr.cpp in Sources */,
				B66116CD1EA6625A000A048C /* yas_each_data_tests.mm in Sources */,
				B61D4FAE20007E68001B8384 /* yas_any.cpp in Sources */,
				B6626AC71C15B4230038175B /* yas_operation.cpp in Sources */,
				B671F7921E42240400C8866B /* yas_boolean_tests.mm in Sources */,
				B671F78F1E4223E200C8866B /* yas_boolean.cpp in Sources */,
				B60AAA271C5DAFD30074C6FA /* yas_chain.cpp in Sources */,
				B60477B81E1B31C000195A0F /* yas_fast_each_tests.mm in Sources */,
				B60BE29F1E9A0DCB00841AD9 /* yas_property.cpp in Sources */,
				B6B4EEED1EB8B622002CD9BE /* yas_to_floating_point_tests.mm in Sources */,
				B6DF84811D8B814C00A2EE48 /* yas_cf_ref.cpp in Sources */,
				B6626AD71C15B47C0038175B /* yas_operation_tests.mm in Sources */,
				B6626AD51C15B47C0038175B /* yas_property_tests.mm in Sources */,
				B610E98B2065E8B5004A46B5 /* yas_data_tests.mm in Sources */,
				B6626AD31C15B47C0038175B /* yas_cf_tests.mm in Sources */,
				B6626AD21C15B47C0038175B /* yas_observing_tests.mm in Sources */,
				B65BF91C1C95072300856B6A /* yas_protocol_tests.mm in Sources */,
				B610E99620660AB3004A46B5 /* yas_data.cpp in Sources */,
				B62B540E205EAEDF00A300E5 /* yas_types_tests.mm in Sources */,
				B66848521D14DBE200547947 /* yas_to_enum_tests.mm in Sources */,
				B6AA83571E67B5E400120472 /* yas_to_string_tests.mm in Sources */,
				B6626AC41C15B4230038175B /* yas_cf_utils.mm in Sources */,
				B694A43C1EB846FB006C6887 /* yas_to_integer_tests.mm in Sources */,
				B6626AD41C15B47C0038175B /* yas_result_tests.mm in Sources */,
				B60C5BD61C37FD2C00D7C886 /* yas_version_tests.mm in Sources */,
				B6626AD01C15B47C0038175B /* yas_stl_utils_tests.mm in Sources */,
				B6F58D1A1D67F1FE00807724 /* yas_delaying_caller.cpp in Sources */,
				B6626AD11C15B47C0038175B /* yas_flex_pointer_tests.mm in Sources */,
				B641BFAE1C2509FE00F742B4 /* yas_stl_utils.cpp in Sources */,
				B66A4FB61F3BEDE300588657 /* yas_timer.mm in Sources */,
				B60AAA2A1C5DB6D60074C6FA /* yas_chain_tests.mm in Sources */,
				B637E6B71C5F832C00C8D288 /* yas_unless_tests.mm in Sources */,
				B61D4FB220008567001B8384 /* yas_any_tests.mm in Sources */,
				B61889601F3FFE3400AD3ED2 /* yas_state_machine_tests.mm in Sources */,
				B66A4FB91F3C759700588657 /* yas_timer_tests.mm in Sources */,
			);
			runOnlyForDeploymentPostprocessing = 0;
		};
		B6626AD91C15B8EF0038175B /* Sources */ = {
			isa = PBXSourcesBuildPhase;
			buildActionMask = 2147483647;
			files = (
				B65BF9191C946F1600856B6A /* yas_protocol.cpp in Sources */,
				B64617C51D1E7E7E0051DFA2 /* yas_objc_cast_tests.mm in Sources */,
				B63C48B51C393F7700B63598 /* yas_each_dictionary.cpp in Sources */,
				B6F58D1E1D680C5C00807724 /* yas_delaying_caller_tests.mm in Sources */,
				B6626AE91C15B92B0038175B /* yas_result_tests.mm in Sources */,
				B6DF84861D8B81C800A2EE48 /* yas_cf_ref_tests.mm in Sources */,
				B6C62FA91D06E584001952EC /* yas_flagset_tests.mm in Sources */,
				B6E745FB1C2EEEB700464402 /* yas_each_index_tests.mm in Sources */,
				B60C5BD41C37F80100D7C886 /* yas_version.cpp in Sources */,
				B6A5CA4C1CAE191B00214DD6 /* yas_objc_ptr.mm in Sources */,
				B63C48B81C3945AE00B63598 /* yas_each_dictionary_tests.mm in Sources */,
				B6626AF01C15B93B0038175B /* yas_flex_ptr.cpp in Sources */,
				B6626AED1C15B93B0038175B /* yas_base.cpp in Sources */,
				B6CA03D21CAD6E1600CC31FF /* yas_objc_ptr_tests.mm in Sources */,
				B6626AEE1C15B93B0038175B /* yas_cf_utils.mm in Sources */,
				B66116CE1EA6625A000A048C /* yas_each_data_tests.mm in Sources */,
				B61D4FAF20007E68001B8384 /* yas_any.cpp in Sources */,
				B6626AE61C15B92B0038175B /* yas_flex_pointer_tests.mm in Sources */,
				B671F7931E42240400C8866B /* yas_boolean_tests.mm in Sources */,
				B610E99720660AB3004A46B5 /* yas_data.cpp in Sources */,
				B671F7901E4223E200C8866B /* yas_boolean.cpp in Sources */,
				B60AAA281C5DAFD30074C6FA /* yas_chain.cpp in Sources */,
				B6DF84821D8B814C00A2EE48 /* yas_cf_ref.cpp in Sources */,
				B60BE2A01E9A0DD100841AD9 /* yas_property.cpp in Sources */,
				B6B4EEEE1EB8B622002CD9BE /* yas_to_floating_point_tests.mm in Sources */,
				B6626AE71C15B92B0038175B /* yas_observing_tests.mm in Sources */,
				B6626AEB1C15B92B0038175B /* yas_base_tests.mm in Sources */,
				B6626AE81C15B92B0038175B /* yas_cf_tests.mm in Sources */,
				B6626AEC1C15B92B0038175B /* yas_operation_tests.mm in Sources */,
				B60477B91E1B31CA00195A0F /* yas_fast_each_tests.mm in Sources */,
				B65BF91D1C95072300856B6A /* yas_protocol_tests.mm in Sources */,
				B66848531D14DBE200547947 /* yas_to_enum_tests.mm in Sources */,
				B6AA83581E67B5E800120472 /* yas_to_string_tests.mm in Sources */,
				B6626AEF1C15B93B0038175B /* yas_exception.cpp in Sources */,
				B694A43D1EB846FB006C6887 /* yas_to_integer_tests.mm in Sources */,
				B610E98C2065E8B5004A46B5 /* yas_data_tests.mm in Sources */,
				B6626AEA1C15B92B0038175B /* yas_property_tests.mm in Sources */,
				B60C5BD71C37FD2C00D7C886 /* yas_version_tests.mm in Sources */,
				B6626AE51C15B9270038175B /* yas_stl_utils_tests.mm in Sources */,
				B62B540F205EAEDF00A300E5 /* yas_types_tests.mm in Sources */,
				B6F58D1B1D67F1FE00807724 /* yas_delaying_caller.cpp in Sources */,
				B6626AF11C15B93B0038175B /* yas_operation.cpp in Sources */,
				B641BFAF1C2509FE00F742B4 /* yas_stl_utils.cpp in Sources */,
				B66A4FB71F3BEDE300588657 /* yas_timer.mm in Sources */,
				B60AAA2B1C5DB6D60074C6FA /* yas_chain_tests.mm in Sources */,
				B637E6B81C5F832C00C8D288 /* yas_unless_tests.mm in Sources */,
				B61889611F3FFE3800AD3ED2 /* yas_state_machine_tests.mm in Sources */,
				B66A4FBA1F3C759900588657 /* yas_timer_tests.mm in Sources */,
			);
			runOnlyForDeploymentPostprocessing = 0;
		};
/* End PBXSourcesBuildPhase section */

/* Begin XCBuildConfiguration section */
		B6626A9F1C151E380038175B /* Debug */ = {
			isa = XCBuildConfiguration;
			buildSettings = {
				CLANG_WARN_BLOCK_CAPTURE_AUTORELEASING = YES;
				CLANG_WARN_BOOL_CONVERSION = YES;
				CLANG_WARN_COMMA = YES;
				CLANG_WARN_CONSTANT_CONVERSION = YES;
				CLANG_WARN_DEPRECATED_OBJC_IMPLEMENTATIONS = YES;
				CLANG_WARN_EMPTY_BODY = YES;
				CLANG_WARN_ENUM_CONVERSION = YES;
				CLANG_WARN_INFINITE_RECURSION = YES;
				CLANG_WARN_INT_CONVERSION = YES;
				CLANG_WARN_NON_LITERAL_NULL_CONVERSION = YES;
				CLANG_WARN_OBJC_IMPLICIT_RETAIN_SELF = YES;
				CLANG_WARN_OBJC_LITERAL_CONVERSION = YES;
				CLANG_WARN_RANGE_LOOP_ANALYSIS = YES;
				CLANG_WARN_STRICT_PROTOTYPES = YES;
				CLANG_WARN_SUSPICIOUS_MOVE = YES;
				CLANG_WARN_UNREACHABLE_CODE = YES;
				CLANG_WARN__DUPLICATE_METHOD_MATCH = YES;
				ENABLE_STRICT_OBJC_MSGSEND = YES;
				ENABLE_TESTABILITY = YES;
				GCC_NO_COMMON_BLOCKS = YES;
				GCC_WARN_64_TO_32_BIT_CONVERSION = YES;
				GCC_WARN_ABOUT_RETURN_TYPE = YES;
				GCC_WARN_UNDECLARED_SELECTOR = YES;
				GCC_WARN_UNINITIALIZED_AUTOS = YES;
				GCC_WARN_UNUSED_FUNCTION = YES;
				GCC_WARN_UNUSED_VARIABLE = YES;
				ONLY_ACTIVE_ARCH = YES;
			};
			name = Debug;
		};
		B6626AA01C151E380038175B /* Release */ = {
			isa = XCBuildConfiguration;
			buildSettings = {
				CLANG_WARN_BLOCK_CAPTURE_AUTORELEASING = YES;
				CLANG_WARN_BOOL_CONVERSION = YES;
				CLANG_WARN_COMMA = YES;
				CLANG_WARN_CONSTANT_CONVERSION = YES;
				CLANG_WARN_DEPRECATED_OBJC_IMPLEMENTATIONS = YES;
				CLANG_WARN_EMPTY_BODY = YES;
				CLANG_WARN_ENUM_CONVERSION = YES;
				CLANG_WARN_INFINITE_RECURSION = YES;
				CLANG_WARN_INT_CONVERSION = YES;
				CLANG_WARN_NON_LITERAL_NULL_CONVERSION = YES;
				CLANG_WARN_OBJC_IMPLICIT_RETAIN_SELF = YES;
				CLANG_WARN_OBJC_LITERAL_CONVERSION = YES;
				CLANG_WARN_RANGE_LOOP_ANALYSIS = YES;
				CLANG_WARN_STRICT_PROTOTYPES = YES;
				CLANG_WARN_SUSPICIOUS_MOVE = YES;
				CLANG_WARN_UNREACHABLE_CODE = YES;
				CLANG_WARN__DUPLICATE_METHOD_MATCH = YES;
				ENABLE_STRICT_OBJC_MSGSEND = YES;
				GCC_NO_COMMON_BLOCKS = YES;
				GCC_WARN_64_TO_32_BIT_CONVERSION = YES;
				GCC_WARN_ABOUT_RETURN_TYPE = YES;
				GCC_WARN_UNDECLARED_SELECTOR = YES;
				GCC_WARN_UNINITIALIZED_AUTOS = YES;
				GCC_WARN_UNUSED_FUNCTION = YES;
				GCC_WARN_UNUSED_VARIABLE = YES;
			};
			name = Release;
		};
		B6626AAC1C151E580038175B /* Debug */ = {
			isa = XCBuildConfiguration;
			buildSettings = {
				ALWAYS_SEARCH_USER_PATHS = NO;
				CLANG_CXX_LANGUAGE_STANDARD = "gnu++17";
				CLANG_CXX_LIBRARY = "libc++";
				CLANG_ENABLE_MODULES = YES;
				CLANG_ENABLE_OBJC_WEAK = YES;
				CLANG_WARN_BOOL_CONVERSION = YES;
				CLANG_WARN_CONSTANT_CONVERSION = YES;
				CLANG_WARN_DIRECT_OBJC_ISA_USAGE = YES_ERROR;
				CLANG_WARN_EMPTY_BODY = YES;
				CLANG_WARN_ENUM_CONVERSION = YES;
				CLANG_WARN_INT_CONVERSION = YES;
				CLANG_WARN_OBJC_ROOT_CLASS = YES_ERROR;
				CLANG_WARN_UNREACHABLE_CODE = YES;
				CLANG_WARN__DUPLICATE_METHOD_MATCH = YES;
				CODE_SIGN_IDENTITY = "-";
				COMBINE_HIDPI_IMAGES = YES;
				COPY_PHASE_STRIP = NO;
				DEBUG_INFORMATION_FORMAT = dwarf;
				ENABLE_STRICT_OBJC_MSGSEND = YES;
				ENABLE_TESTABILITY = YES;
				GCC_C_LANGUAGE_STANDARD = gnu11;
				GCC_DYNAMIC_NO_PIC = NO;
				GCC_NO_COMMON_BLOCKS = YES;
				GCC_OPTIMIZATION_LEVEL = 0;
				GCC_PREPROCESSOR_DEFINITIONS = (
					"DEBUG=1",
					"$(inherited)",
				);
				GCC_WARN_64_TO_32_BIT_CONVERSION = YES;
				GCC_WARN_ABOUT_RETURN_TYPE = YES_ERROR;
				GCC_WARN_UNDECLARED_SELECTOR = YES;
				GCC_WARN_UNINITIALIZED_AUTOS = YES_AGGRESSIVE;
				GCC_WARN_UNUSED_FUNCTION = YES;
				GCC_WARN_UNUSED_VARIABLE = YES;
				INFOPLIST_FILE = cpp_utils_test/Info.plist;
				LD_RUNPATH_SEARCH_PATHS = "$(inherited) @executable_path/../Frameworks @loader_path/../Frameworks";
				MTL_ENABLE_DEBUG_INFO = YES;
				ONLY_ACTIVE_ARCH = YES;
				PRODUCT_BUNDLE_IDENTIFIER = "jp.objective-audio.cpp-utils-test";
				PRODUCT_NAME = "$(TARGET_NAME)";
				SDKROOT = macosx;
			};
			name = Debug;
		};
		B6626AAD1C151E580038175B /* Release */ = {
			isa = XCBuildConfiguration;
			buildSettings = {
				ALWAYS_SEARCH_USER_PATHS = NO;
				CLANG_CXX_LANGUAGE_STANDARD = "gnu++17";
				CLANG_CXX_LIBRARY = "libc++";
				CLANG_ENABLE_MODULES = YES;
				CLANG_ENABLE_OBJC_WEAK = YES;
				CLANG_WARN_BOOL_CONVERSION = YES;
				CLANG_WARN_CONSTANT_CONVERSION = YES;
				CLANG_WARN_DIRECT_OBJC_ISA_USAGE = YES_ERROR;
				CLANG_WARN_EMPTY_BODY = YES;
				CLANG_WARN_ENUM_CONVERSION = YES;
				CLANG_WARN_INT_CONVERSION = YES;
				CLANG_WARN_OBJC_ROOT_CLASS = YES_ERROR;
				CLANG_WARN_UNREACHABLE_CODE = YES;
				CLANG_WARN__DUPLICATE_METHOD_MATCH = YES;
				CODE_SIGN_IDENTITY = "-";
				COMBINE_HIDPI_IMAGES = YES;
				COPY_PHASE_STRIP = NO;
				DEBUG_INFORMATION_FORMAT = "dwarf-with-dsym";
				ENABLE_NS_ASSERTIONS = NO;
				ENABLE_STRICT_OBJC_MSGSEND = YES;
				GCC_C_LANGUAGE_STANDARD = gnu11;
				GCC_NO_COMMON_BLOCKS = YES;
				GCC_WARN_64_TO_32_BIT_CONVERSION = YES;
				GCC_WARN_ABOUT_RETURN_TYPE = YES_ERROR;
				GCC_WARN_UNDECLARED_SELECTOR = YES;
				GCC_WARN_UNINITIALIZED_AUTOS = YES_AGGRESSIVE;
				GCC_WARN_UNUSED_FUNCTION = YES;
				GCC_WARN_UNUSED_VARIABLE = YES;
				INFOPLIST_FILE = cpp_utils_test/Info.plist;
				LD_RUNPATH_SEARCH_PATHS = "$(inherited) @executable_path/../Frameworks @loader_path/../Frameworks";
				MTL_ENABLE_DEBUG_INFO = NO;
				PRODUCT_BUNDLE_IDENTIFIER = "jp.objective-audio.cpp-utils-test";
				PRODUCT_NAME = "$(TARGET_NAME)";
				SDKROOT = macosx;
			};
			name = Release;
		};
		B6626AE31C15B8EF0038175B /* Debug */ = {
			isa = XCBuildConfiguration;
			buildSettings = {
				ALWAYS_SEARCH_USER_PATHS = NO;
				CLANG_CXX_LANGUAGE_STANDARD = "gnu++17";
				CLANG_CXX_LIBRARY = "libc++";
				CLANG_ENABLE_MODULES = YES;
				CLANG_ENABLE_OBJC_WEAK = YES;
				CLANG_WARN_BOOL_CONVERSION = YES;
				CLANG_WARN_CONSTANT_CONVERSION = YES;
				CLANG_WARN_DIRECT_OBJC_ISA_USAGE = YES_ERROR;
				CLANG_WARN_EMPTY_BODY = YES;
				CLANG_WARN_ENUM_CONVERSION = YES;
				CLANG_WARN_INT_CONVERSION = YES;
				CLANG_WARN_OBJC_ROOT_CLASS = YES_ERROR;
				CLANG_WARN_UNREACHABLE_CODE = YES;
				CLANG_WARN__DUPLICATE_METHOD_MATCH = YES;
				"CODE_SIGN_IDENTITY[sdk=iphoneos*]" = "iPhone Developer";
				COPY_PHASE_STRIP = NO;
				DEBUG_INFORMATION_FORMAT = dwarf;
				ENABLE_STRICT_OBJC_MSGSEND = YES;
				ENABLE_TESTABILITY = YES;
				GCC_C_LANGUAGE_STANDARD = gnu11;
				GCC_DYNAMIC_NO_PIC = NO;
				GCC_NO_COMMON_BLOCKS = YES;
				GCC_OPTIMIZATION_LEVEL = 0;
				GCC_PREPROCESSOR_DEFINITIONS = (
					"DEBUG=1",
					"$(inherited)",
				);
				GCC_WARN_64_TO_32_BIT_CONVERSION = YES;
				GCC_WARN_ABOUT_RETURN_TYPE = YES_ERROR;
				GCC_WARN_UNDECLARED_SELECTOR = YES;
				GCC_WARN_UNINITIALIZED_AUTOS = YES_AGGRESSIVE;
				GCC_WARN_UNUSED_FUNCTION = YES;
				GCC_WARN_UNUSED_VARIABLE = YES;
				INFOPLIST_FILE = cpp_utils_test/Info.plist;
				LD_RUNPATH_SEARCH_PATHS = "$(inherited) @executable_path/Frameworks @loader_path/Frameworks";
				MTL_ENABLE_DEBUG_INFO = YES;
				ONLY_ACTIVE_ARCH = YES;
				PRODUCT_BUNDLE_IDENTIFIER = "jp.objective-audio.cpp-utils-test-ios";
				PRODUCT_NAME = "$(TARGET_NAME)";
				SDKROOT = iphoneos;
			};
			name = Debug;
		};
		B6626AE41C15B8EF0038175B /* Release */ = {
			isa = XCBuildConfiguration;
			buildSettings = {
				ALWAYS_SEARCH_USER_PATHS = NO;
				CLANG_CXX_LANGUAGE_STANDARD = "gnu++17";
				CLANG_CXX_LIBRARY = "libc++";
				CLANG_ENABLE_MODULES = YES;
				CLANG_ENABLE_OBJC_WEAK = YES;
				CLANG_WARN_BOOL_CONVERSION = YES;
				CLANG_WARN_CONSTANT_CONVERSION = YES;
				CLANG_WARN_DIRECT_OBJC_ISA_USAGE = YES_ERROR;
				CLANG_WARN_EMPTY_BODY = YES;
				CLANG_WARN_ENUM_CONVERSION = YES;
				CLANG_WARN_INT_CONVERSION = YES;
				CLANG_WARN_OBJC_ROOT_CLASS = YES_ERROR;
				CLANG_WARN_UNREACHABLE_CODE = YES;
				CLANG_WARN__DUPLICATE_METHOD_MATCH = YES;
				"CODE_SIGN_IDENTITY[sdk=iphoneos*]" = "iPhone Developer";
				COPY_PHASE_STRIP = NO;
				DEBUG_INFORMATION_FORMAT = "dwarf-with-dsym";
				ENABLE_NS_ASSERTIONS = NO;
				ENABLE_STRICT_OBJC_MSGSEND = YES;
				GCC_C_LANGUAGE_STANDARD = gnu11;
				GCC_NO_COMMON_BLOCKS = YES;
				GCC_WARN_64_TO_32_BIT_CONVERSION = YES;
				GCC_WARN_ABOUT_RETURN_TYPE = YES_ERROR;
				GCC_WARN_UNDECLARED_SELECTOR = YES;
				GCC_WARN_UNINITIALIZED_AUTOS = YES_AGGRESSIVE;
				GCC_WARN_UNUSED_FUNCTION = YES;
				GCC_WARN_UNUSED_VARIABLE = YES;
				INFOPLIST_FILE = cpp_utils_test/Info.plist;
				LD_RUNPATH_SEARCH_PATHS = "$(inherited) @executable_path/Frameworks @loader_path/Frameworks";
				MTL_ENABLE_DEBUG_INFO = NO;
				PRODUCT_BUNDLE_IDENTIFIER = "jp.objective-audio.cpp-utils-test-ios";
				PRODUCT_NAME = "$(TARGET_NAME)";
				SDKROOT = iphoneos;
				VALIDATE_PRODUCT = YES;
			};
			name = Release;
		};
/* End XCBuildConfiguration section */

/* Begin XCConfigurationList section */
		B6626A9E1C151E380038175B /* Build configuration list for PBXProject "cpp_utils_test" */ = {
			isa = XCConfigurationList;
			buildConfigurations = (
				B6626A9F1C151E380038175B /* Debug */,
				B6626AA01C151E380038175B /* Release */,
			);
			defaultConfigurationIsVisible = 0;
			defaultConfigurationName = Release;
		};
		B6626AAB1C151E580038175B /* Build configuration list for PBXNativeTarget "cpp_utils_test_mac" */ = {
			isa = XCConfigurationList;
			buildConfigurations = (
				B6626AAC1C151E580038175B /* Debug */,
				B6626AAD1C151E580038175B /* Release */,
			);
			defaultConfigurationIsVisible = 0;
			defaultConfigurationName = Release;
		};
		B6626AE21C15B8EF0038175B /* Build configuration list for PBXNativeTarget "cpp_utils_test_ios" */ = {
			isa = XCConfigurationList;
			buildConfigurations = (
				B6626AE31C15B8EF0038175B /* Debug */,
				B6626AE41C15B8EF0038175B /* Release */,
			);
			defaultConfigurationIsVisible = 0;
			defaultConfigurationName = Release;
		};
/* End XCConfigurationList section */
	};
	rootObject = B6626A9B1C151E380038175B /* Project object */;
}
